
Microsoft Visual Studio Solution File, Format Version 12.00
# Visual Studio 2013
VisualStudioVersion = 12.0.40629.0
MinimumVisualStudioVersion = 10.0.40219.1
Project("{FAE04EC0-301F-11D3-BF4B-00C04F79EFBC}") = "Infovision.Data", "Infovision.Data\Infovision.Data.csproj", "{A98784BB-1E90-4FC6-949D-D2CFADCC45CD}"
	ProjectSection(ProjectDependencies) = postProject
		{A8C06C97-4B48-4531-A69E-E9CCAF1A9471} = {A8C06C97-4B48-4531-A69E-E9CCAF1A9471}
	EndProjectSection
EndProject
Project("{FAE04EC0-301F-11D3-BF4B-00C04F79EFBC}") = "Infovision.Utils", "Infovision.Utils\Infovision.Utils.csproj", "{A8C06C97-4B48-4531-A69E-E9CCAF1A9471}"
EndProject
Project("{FAE04EC0-301F-11D3-BF4B-00C04F79EFBC}") = "Infovision.Datamining.Roughset", "Infovision.Datamining.RoughSet\Infovision.Datamining.Roughset.csproj", "{2D23E210-FFB7-46EF-AD27-18B5DE007EE3}"
	ProjectSection(ProjectDependencies) = postProject
		{82E1F95C-4559-44AB-9114-42E78DA331A1} = {82E1F95C-4559-44AB-9114-42E78DA331A1}
	EndProjectSection
EndProject
Project("{2150E333-8FDC-42A3-9474-1A3956D46DE8}") = "Solution Items", "Solution Items", "{782E2AE5-62EB-4A45-9F48-7131603041FA}"
	ProjectSection(SolutionItems) = preProject
		DebugCommandLines.txt = DebugCommandLines.txt
		Infovision.FxCop = Infovision.FxCop
		Infovision.nunit = Infovision.nunit
		Infovision.pfx = Infovision.pfx
		Performance1.psess = Performance1.psess
		Performance2.psess = Performance2.psess
		runme.bat = runme.bat
		TODO.txt = TODO.txt
	EndProjectSection
EndProject
Project("{FAE04EC0-301F-11D3-BF4B-00C04F79EFBC}") = "Infovision.Datamining", "Infovision.Datamining\Infovision.Datamining.csproj", "{82E1F95C-4559-44AB-9114-42E78DA331A1}"
EndProject
Project("{FAE04EC0-301F-11D3-BF4B-00C04F79EFBC}") = "Infovision.Data.UnitTests", "Infovision.Data.UnitTests\Infovision.Data.UnitTests.csproj", "{5D273260-69B2-49ED-8B82-21E0BC9D0778}"
EndProject
Project("{FAE04EC0-301F-11D3-BF4B-00C04F79EFBC}") = "Infovision.Datamining.Roughset.UnitTests", "Infovision.Datamining.Roughset.UnitTests\Infovision.Datamining.Roughset.UnitTests.csproj", "{520A0AD7-41EA-4779-9142-3BC13868168D}"
EndProject
Project("{FAE04EC0-301F-11D3-BF4B-00C04F79EFBC}") = "Infovision.TestAssembly", "Infovision.TestAssembly\Infovision.TestAssembly.csproj", "{9DDFE474-0A4C-492C-82B2-C0A850217774}"
EndProject
Project("{FAE04EC0-301F-11D3-BF4B-00C04F79EFBC}") = "Infovision.Utils.UnitTests", "Infovision.Utils.UnitTests\Infovision.Utils.UnitTests.csproj", "{EA325EEA-CB1E-4517-974B-7205C8420198}"
	ProjectSection(ProjectDependencies) = postProject
		{A8C06C97-4B48-4531-A69E-E9CCAF1A9471} = {A8C06C97-4B48-4531-A69E-E9CCAF1A9471}
	EndProjectSection
EndProject
Project("{FAE04EC0-301F-11D3-BF4B-00C04F79EFBC}") = "Infovision.MRI", "Infovision.MRI\Infovision.MRI.csproj", "{3E09373E-33C7-4119-9FC9-068A141668E1}"
	ProjectSection(ProjectDependencies) = postProject
		{A8C06C97-4B48-4531-A69E-E9CCAF1A9471} = {A8C06C97-4B48-4531-A69E-E9CCAF1A9471}
	EndProjectSection
EndProject
Project("{FAE04EC0-301F-11D3-BF4B-00C04F79EFBC}") = "Infovision.MRI.UnitTests", "Infovision.MRI.UnitTests\Infovision.MRI.UnitTests.csproj", "{C58CB0F1-E7D4-4445-8414-CA9662E24E4E}"
	ProjectSection(ProjectDependencies) = postProject
		{3E09373E-33C7-4119-9FC9-068A141668E1} = {3E09373E-33C7-4119-9FC9-068A141668E1}
	EndProjectSection
EndProject
Project("{FAE04EC0-301F-11D3-BF4B-00C04F79EFBC}") = "Infovision.MRI.UI", "infovision.MRIFeatureExtractor\Infovision.MRI.UI.csproj", "{7B6ECA13-1C53-4F4F-9EB5-877D5A7E6356}"
	ProjectSection(ProjectDependencies) = postProject
		{CE1A029C-63C1-4B26-BAD9-C62D64DC089E} = {CE1A029C-63C1-4B26-BAD9-C62D64DC089E}
	EndProjectSection
EndProject
Project("{FAE04EC0-301F-11D3-BF4B-00C04F79EFBC}") = "Infovision.MRI.DAL", "Infovision.MRI.DAL\Infovision.MRI.DAL.csproj", "{CE1A029C-63C1-4B26-BAD9-C62D64DC089E}"
	ProjectSection(ProjectDependencies) = postProject
		{3E09373E-33C7-4119-9FC9-068A141668E1} = {3E09373E-33C7-4119-9FC9-068A141668E1}
	EndProjectSection
EndProject
Project("{2150E333-8FDC-42A3-9474-1A3956D46DE8}") = ".nuget", ".nuget", "{79AD8C8D-3C0F-4BCA-9818-3A82E444564D}"
	ProjectSection(SolutionItems) = preProject
		.nuget\NuGet.Config = .nuget\NuGet.Config
	EndProjectSection
EndProject
Project("{FAE04EC0-301F-11D3-BF4B-00C04F79EFBC}") = "Infovision.Datamining.Experimenter", "Infovision.Datamining.Experimenter\Infovision.Datamining.Experimenter.csproj", "{BDCA67F1-8B38-4F12-9149-D93D7C23CB26}"
EndProject
Project("{FAE04EC0-301F-11D3-BF4B-00C04F79EFBC}") = "Infovision.Datamining.Experimenter.Test", "Infovision.Datamining.Experimenter.Test\Infovision.Datamining.Experimenter.Test.csproj", "{D4C765AF-AC85-472D-9549-5D682015A124}"
EndProject
Project("{2150E333-8FDC-42A3-9474-1A3956D46DE8}") = "Unit Tests", "Unit Tests", "{2C5EBDCB-D9AA-4A5B-B6DF-E52974B8BD2C}"
EndProject
Project("{FAE04EC0-301F-11D3-BF4B-00C04F79EFBC}") = "Infovision.Datamining.Tests", "Infovision.Datamining.Tests\Infovision.Datamining.Tests.csproj", "{C32F57FC-32D0-4853-8145-2645A559BF6B}"
EndProject
Project("{FAE04EC0-301F-11D3-BF4B-00C04F79EFBC}") = "Infovision.Math", "Infovision.Math\Infovision.Math.csproj", "{DB7629E7-BB5C-4197-89D3-A9EB0E5D4E0A}"
EndProject
Project("{2150E333-8FDC-42A3-9474-1A3956D46DE8}") = "external", "external", "{5EFB5109-C1EE-4DC6-ACB9-4C16C129D796}"
EndProject
Project("{2150E333-8FDC-42A3-9474-1A3956D46DE8}") = "IntervalTreeLib", "IntervalTreeLib", "{3B9034D2-15EB-48E7-A5EC-46351458B117}"
	ProjectSection(SolutionItems) = preProject
		external\IntervalTreeLib\IntervalTreeLib.dll = external\IntervalTreeLib\IntervalTreeLib.dll
		external\IntervalTreeLib\IntervalTreeLib.pdb = external\IntervalTreeLib\IntervalTreeLib.pdb
		external\IntervalTreeLib\PowerCollections.dll = external\IntervalTreeLib\PowerCollections.dll
		external\IntervalTreeLib\PowerCollections.pdb = external\IntervalTreeLib\PowerCollections.pdb
	EndProjectSection
EndProject
Project("{2150E333-8FDC-42A3-9474-1A3956D46DE8}") = "MRI", "MRI", "{C18F4048-EE40-400A-9283-3F419EB04BF2}"
EndProject
Project("{2150E333-8FDC-42A3-9474-1A3956D46DE8}") = "SimpleITKx64", "SimpleITKx64", "{640ABD90-29B0-4CEF-99B5-68B0FA9FAC09}"
	ProjectSection(SolutionItems) = preProject
		external\SimpleITK\SimpleITK-0.9.1-CSharp-win64-x64\ITK-4.8-NOTICE = external\SimpleITK\SimpleITK-0.9.1-CSharp-win64-x64\ITK-4.8-NOTICE
		external\SimpleITK\SimpleITK-0.9.1-CSharp-win64-x64\ITK-4.8-README.txt = external\SimpleITK\SimpleITK-0.9.1-CSharp-win64-x64\ITK-4.8-README.txt
		external\SimpleITK\SimpleITK-0.9.1-CSharp-win64-x64\LICENSE = external\SimpleITK\SimpleITK-0.9.1-CSharp-win64-x64\LICENSE
		external\SimpleITK\SimpleITK-0.9.1-CSharp-win64-x64\NOTICE = external\SimpleITK\SimpleITK-0.9.1-CSharp-win64-x64\NOTICE
		external\SimpleITK\SimpleITK-0.9.1-CSharp-win64-x64\Readme.md = external\SimpleITK\SimpleITK-0.9.1-CSharp-win64-x64\Readme.md
		external\SimpleITK\SimpleITK-0.9.1-CSharp-win64-x64\SimpleITKCSharpManaged.dll = external\SimpleITK\SimpleITK-0.9.1-CSharp-win64-x64\SimpleITKCSharpManaged.dll
		external\SimpleITK\SimpleITK-0.9.1-CSharp-win64-x64\SimpleITKCSharpNative.dll = external\SimpleITK\SimpleITK-0.9.1-CSharp-win64-x64\SimpleITKCSharpNative.dll
	EndProjectSection
EndProject
Project("{2150E333-8FDC-42A3-9474-1A3956D46DE8}") = "GenericParsing", "GenericParsing", "{150B212C-FB52-4A96-8A5C-9B00477875C6}"
	ProjectSection(SolutionItems) = preProject
		external\GenericParsing\GenericParser.xml = external\GenericParsing\GenericParser.xml
		external\GenericParsing\GenericParsing.chm = external\GenericParsing\GenericParsing.chm
		external\GenericParsing\GenericParsing.dll = external\GenericParsing\GenericParsing.dll
	EndProjectSection
EndProject
Project("{2150E333-8FDC-42A3-9474-1A3956D46DE8}") = "skmDataStructures", "skmDataStructures", "{40F3E529-C9BC-4C90-BC5B-EFB93E93E3D3}"
	ProjectSection(SolutionItems) = preProject
		external\skmDataStructures\skmDataStructures.dll = external\skmDataStructures\skmDataStructures.dll
		external\skmDataStructures\skmDataStructures.pdb = external\skmDataStructures\skmDataStructures.pdb
	EndProjectSection
EndProject
Project("{2150E333-8FDC-42A3-9474-1A3956D46DE8}") = "SimpleITKx86", "SimpleITKx86", "{E0FD0250-8740-4501-BDCB-13AED3D208CE}"
	ProjectSection(SolutionItems) = preProject
		external\SimpleITK\SimpleITK-0.9.1-CSharp-win32-x86\ITK-4.8-NOTICE = external\SimpleITK\SimpleITK-0.9.1-CSharp-win32-x86\ITK-4.8-NOTICE
		external\SimpleITK\SimpleITK-0.9.1-CSharp-win32-x86\ITK-4.8-README.txt = external\SimpleITK\SimpleITK-0.9.1-CSharp-win32-x86\ITK-4.8-README.txt
		external\SimpleITK\SimpleITK-0.9.1-CSharp-win32-x86\LICENSE = external\SimpleITK\SimpleITK-0.9.1-CSharp-win32-x86\LICENSE
		external\SimpleITK\SimpleITK-0.9.1-CSharp-win32-x86\NOTICE = external\SimpleITK\SimpleITK-0.9.1-CSharp-win32-x86\NOTICE
		external\SimpleITK\SimpleITK-0.9.1-CSharp-win32-x86\Readme.md = external\SimpleITK\SimpleITK-0.9.1-CSharp-win32-x86\Readme.md
		external\SimpleITK\SimpleITK-0.9.1-CSharp-win32-x86\SimpleITKCSharpManaged.dll = external\SimpleITK\SimpleITK-0.9.1-CSharp-win32-x86\SimpleITKCSharpManaged.dll
		external\SimpleITK\SimpleITK-0.9.1-CSharp-win32-x86\SimpleITKCSharpNative.dll = external\SimpleITK\SimpleITK-0.9.1-CSharp-win32-x86\SimpleITKCSharpNative.dll
	EndProjectSection
EndProject
Project("{2150E333-8FDC-42A3-9474-1A3956D46DE8}") = "Unit Tests", "Unit Tests", "{F198125A-8AA1-4258-9545-6C6C50EAD439}"
EndProject
Project("{FAE04EC0-301F-11D3-BF4B-00C04F79EFBC}") = "Infovision.Math.Tests", "Infovision.Math.Tests\Infovision.Math.Tests.csproj", "{4AEA9ACD-3C74-4B59-8628-99C708A2F4BD}"
EndProject
Project("{2150E333-8FDC-42A3-9474-1A3956D46DE8}") = "Applications", "Applications", "{DC06D7E3-73A5-415B-8937-E66C64AD7C05}"
EndProject
Project("{FAE04EC0-301F-11D3-BF4B-00C04F79EFBC}") = "ApproxReductBoosting", "ApproxReductBoosting\ApproxReductBoosting.csproj", "{9C213D37-3249-453F-BA30-460255EA955D}"
EndProject
Project("{FAE04EC0-301F-11D3-BF4B-00C04F79EFBC}") = "ApproxReductBoostingCV", "ApproxReductBoostingCV\ApproxReductBoostingCV.csproj", "{9FE417F8-022C-40E7-9574-BA7014339B6D}"
EndProject
Project("{FAE04EC0-301F-11D3-BF4B-00C04F79EFBC}") = "Infovision.Statistics", "Infovision.Statistics\Infovision.Statistics.csproj", "{D26B9D87-E914-44BE-9381-73460214B7E4}"
EndProject
Project("{2150E333-8FDC-42A3-9474-1A3956D46DE8}") = "MiscUtil", "MiscUtil", "{56A080A0-CDFF-4888-AC1E-B40F0438929D}"
	ProjectSection(SolutionItems) = preProject
		external\MiscUtil\MiscUtil.dll = external\MiscUtil\MiscUtil.dll
	EndProjectSection
EndProject
Project("{FAE04EC0-301F-11D3-BF4B-00C04F79EFBC}") = "ExceptionRulesTest", "ExceptionRulesTest\ExceptionRulesTest.csproj", "{3E2A2F70-2A98-4645-86AA-B3D8C5D35D58}"
EndProject
Project("{FAE04EC0-301F-11D3-BF4B-00C04F79EFBC}") = "DisesorTest", "DisesorTest\DisesorTest.csproj", "{5579F5EC-3490-4C36-B2C1-BED348951F06}"
EndProject
Project("{FAE04EC0-301F-11D3-BF4B-00C04F79EFBC}") = "DisesorTuning", "DisesorTuning\DisesorTuning.csproj", "{0541F780-7CF5-4DFA-AF3A-7F05005CDEFD}"
EndProject
Project("{FAE04EC0-301F-11D3-BF4B-00C04F79EFBC}") = "ExceptionRulesTiming", "ExceptionRulesTiming\ExceptionRulesTiming.csproj", "{67AF087D-606E-44F4-9396-74BF2AB160E2}"
EndProject
Project("{FAE04EC0-301F-11D3-BF4B-00C04F79EFBC}") = "VotingVsRuleInduction", "VotingVsRuleInduction\VotingVsRuleInduction.csproj", "{1DBAA0AA-A210-44F2-AFD5-BC4E219BC40F}"
EndProject
Project("{FAE04EC0-301F-11D3-BF4B-00C04F79EFBC}") = "DermoReducts", "DermoReducts\DermoReducts.csproj", "{BEA130EC-3920-42F3-AD18-A72231881DBD}"
EndProject
Project("{FAE04EC0-301F-11D3-BF4B-00C04F79EFBC}") = "MajorityGeneralizedDecisionTest", "MajorityGeneralizedDecisionTest\MajorityGeneralizedDecisionTest.csproj", "{D460989F-C801-44DA-B74F-E5187D99F446}"
EndProject
Project("{FAE04EC0-301F-11D3-BF4B-00C04F79EFBC}") = "LoadSQLRoughsetDB", "LoadSQLRoughsetDB\LoadSQLRoughsetDB.csproj", "{387979CB-4468-4EDD-A6CD-38E3303CFC92}"
EndProject
Global
	GlobalSection(TeamFoundationVersionControl) = preSolution
		SccNumberOfProjects = 29
		SccEnterpriseProvider = {4CA58AB2-18FA-4F8D-95D4-32DDF27D184C}
		SccTeamFoundationServer = https://infovision.visualstudio.com/defaultcollection
		SccLocalPath0 = .
		SccProjectUniqueName1 = Infovision.Data.UnitTests\\Infovision.Data.UnitTests.csproj
		SccProjectTopLevelParentUniqueName1 = Infovision.sln
		SccProjectName1 = Infovision.Data.UnitTests
		SccLocalPath1 = Infovision.Data.UnitTests
		SccProjectUniqueName2 = Infovision.Data\\Infovision.Data.csproj
		SccProjectName2 = Infovision.Data
		SccLocalPath2 = Infovision.Data
		SccProjectUniqueName3 = Infovision.Datamining.Roughset.UnitTests\\Infovision.Datamining.Roughset.UnitTests.csproj
		SccProjectTopLevelParentUniqueName3 = Infovision.sln
		SccProjectName3 = Infovision.Datamining.Roughset.UnitTests
		SccLocalPath3 = Infovision.Datamining.Roughset.UnitTests
		SccProjectUniqueName4 = Infovision.Datamining.RoughSet\\Infovision.Datamining.Roughset.csproj
		SccProjectName4 = Infovision.Datamining.RoughSet
		SccLocalPath4 = Infovision.Datamining.RoughSet
		SccProjectUniqueName5 = Infovision.Datamining\\Infovision.Datamining.csproj
		SccProjectName5 = Infovision.Datamining
		SccLocalPath5 = Infovision.Datamining
		SccProjectUniqueName6 = Infovision.MRI.DAL\\Infovision.MRI.DAL.csproj
		SccProjectTopLevelParentUniqueName6 = Infovision.sln
		SccProjectName6 = Infovision.MRI.DAL
		SccLocalPath6 = Infovision.MRI.DAL
		SccProjectUniqueName7 = Infovision.MRI.UnitTests\\Infovision.MRI.UnitTests.csproj
		SccProjectTopLevelParentUniqueName7 = Infovision.sln
		SccProjectName7 = Infovision.MRI.UnitTests
		SccLocalPath7 = Infovision.MRI.UnitTests
		SccProjectUniqueName8 = Infovision.MRI\\Infovision.MRI.csproj
		SccProjectTopLevelParentUniqueName8 = Infovision.sln
		SccProjectName8 = Infovision.MRI
		SccLocalPath8 = Infovision.MRI
		SccProjectUniqueName9 = infovision.MRIFeatureExtractor\\Infovision.MRI.UI.csproj
		SccProjectTopLevelParentUniqueName9 = Infovision.sln
		SccProjectName9 = infovision.MRIFeatureExtractor
		SccLocalPath9 = infovision.MRIFeatureExtractor
		SccProjectUniqueName10 = Infovision.TestAssembly\\Infovision.TestAssembly.csproj
		SccProjectTopLevelParentUniqueName10 = Infovision.sln
		SccProjectName10 = Infovision.TestAssembly
		SccLocalPath10 = Infovision.TestAssembly
		SccProjectUniqueName11 = Infovision.Utils.UnitTests\\Infovision.Utils.UnitTests.csproj
		SccProjectTopLevelParentUniqueName11 = Infovision.sln
		SccProjectName11 = Infovision.Utils.UnitTests
		SccLocalPath11 = Infovision.Utils.UnitTests
		SccProjectUniqueName12 = Infovision.Utils\\Infovision.Utils.csproj
		SccProjectName12 = Infovision.Utils
		SccLocalPath12 = Infovision.Utils
		SccProjectUniqueName13 = Infovision.Datamining.Experimenter\\Infovision.Datamining.Experimenter.csproj
		SccProjectName13 = Infovision.Datamining.Experimenter
		SccLocalPath13 = Infovision.Datamining.Experimenter
		SccProjectUniqueName14 = Infovision.Datamining.Experimenter.Test\\Infovision.Datamining.Experimenter.Test.csproj
		SccProjectTopLevelParentUniqueName14 = Infovision.sln
		SccProjectName14 = Infovision.Datamining.Experimenter.Test
		SccLocalPath14 = Infovision.Datamining.Experimenter.Test
		SccProjectUniqueName15 = Infovision.Datamining.Tests\\Infovision.Datamining.Tests.csproj
		SccProjectTopLevelParentUniqueName15 = Infovision.sln
		SccProjectName15 = Infovision.Datamining.Tests
		SccLocalPath15 = Infovision.Datamining.Tests
		SccProjectUniqueName16 = Infovision.Math\\Infovision.Math.csproj
		SccProjectName16 = Infovision.Math
		SccLocalPath16 = Infovision.Math
		SccProjectUniqueName17 = Infovision.Math.Tests\\Infovision.Math.Tests.csproj
		SccProjectTopLevelParentUniqueName17 = Infovision.sln
		SccProjectName17 = Infovision.Math.Tests
		SccLocalPath17 = Infovision.Math.Tests
		SccProjectUniqueName18 = ApproxReductBoosting\\ApproxReductBoosting.csproj
		SccProjectTopLevelParentUniqueName18 = Infovision.sln
		SccProjectName18 = ApproxReductBoosting
		SccLocalPath18 = ApproxReductBoosting
		SccProjectUniqueName19 = ApproxReductBoostingCV\\ApproxReductBoostingCV.csproj
		SccProjectTopLevelParentUniqueName19 = Infovision.sln
		SccProjectName19 = ApproxReductBoostingCV
		SccLocalPath19 = ApproxReductBoostingCV
		SccProjectUniqueName20 = Infovision.Statistics\\Infovision.Statistics.csproj
		SccProjectName20 = Infovision.Statistics
		SccLocalPath20 = Infovision.Statistics
		SccProjectUniqueName21 = ExceptionRulesTest\\ExceptionRulesTest.csproj
		SccProjectTopLevelParentUniqueName21 = Infovision.sln
		SccProjectName21 = ExceptionRulesTest
		SccLocalPath21 = ExceptionRulesTest
		SccProjectUniqueName22 = DisesorTest\\DisesorTest.csproj
		SccProjectTopLevelParentUniqueName22 = Infovision.sln
		SccProjectName22 = DisesorTest
		SccLocalPath22 = DisesorTest
		SccProjectUniqueName23 = DisesorTuning\\DisesorTuning.csproj
		SccProjectTopLevelParentUniqueName23 = Infovision.sln
		SccProjectName23 = DisesorTuning
		SccLocalPath23 = DisesorTuning
		SccProjectUniqueName24 = ExceptionRulesTiming\\ExceptionRulesTiming.csproj
		SccProjectTopLevelParentUniqueName24 = Infovision.sln
		SccProjectName24 = ExceptionRulesTiming
		SccLocalPath24 = ExceptionRulesTiming
		SccProjectUniqueName25 = VotingVsRuleInduction\\VotingVsRuleInduction.csproj
		SccProjectTopLevelParentUniqueName25 = Infovision.sln
		SccProjectName25 = VotingVsRuleInduction
		SccLocalPath25 = VotingVsRuleInduction
		SccProjectUniqueName26 = DermoReducts\\DermoReducts.csproj
		SccProjectTopLevelParentUniqueName26 = Infovision.sln
		SccProjectName26 = DermoReducts
		SccLocalPath26 = DermoReducts
		SccProjectUniqueName27 = MajorityGeneralizedDecisionTest\\MajorityGeneralizedDecisionTest.csproj
		SccProjectTopLevelParentUniqueName27 = Infovision.sln
		SccProjectName27 = MajorityGeneralizedDecisionTest
		SccLocalPath27 = MajorityGeneralizedDecisionTest
		SccProjectUniqueName28 = LoadSQLRoughsetDB\\LoadSQLRoughsetDB.csproj
		SccProjectTopLevelParentUniqueName28 = Infovision.sln
		SccProjectName28 = LoadSQLRoughsetDB
		SccLocalPath28 = LoadSQLRoughsetDB
	EndGlobalSection
	GlobalSection(SolutionConfigurationPlatforms) = preSolution
		Debug|Any CPU = Debug|Any CPU
		Debug|Mixed Platforms = Debug|Mixed Platforms
		Debug|Win32 = Debug|Win32
		Debug|x64 = Debug|x64
		Debug|x86 = Debug|x86
		Release|Any CPU = Release|Any CPU
		Release|Mixed Platforms = Release|Mixed Platforms
		Release|Win32 = Release|Win32
		Release|x64 = Release|x64
		Release|x86 = Release|x86
	EndGlobalSection
	GlobalSection(ProjectConfigurationPlatforms) = postSolution
		{A98784BB-1E90-4FC6-949D-D2CFADCC45CD}.Debug|Any CPU.ActiveCfg = Debug|Any CPU
		{A98784BB-1E90-4FC6-949D-D2CFADCC45CD}.Debug|Any CPU.Build.0 = Debug|Any CPU
		{A98784BB-1E90-4FC6-949D-D2CFADCC45CD}.Debug|Mixed Platforms.ActiveCfg = Debug|Any CPU
		{A98784BB-1E90-4FC6-949D-D2CFADCC45CD}.Debug|Mixed Platforms.Build.0 = Debug|Any CPU
		{A98784BB-1E90-4FC6-949D-D2CFADCC45CD}.Debug|Win32.ActiveCfg = Debug|Any CPU
		{A98784BB-1E90-4FC6-949D-D2CFADCC45CD}.Debug|x64.ActiveCfg = Debug|x64
		{A98784BB-1E90-4FC6-949D-D2CFADCC45CD}.Debug|x64.Build.0 = Debug|x64
		{A98784BB-1E90-4FC6-949D-D2CFADCC45CD}.Debug|x86.ActiveCfg = Debug|Any CPU
		{A98784BB-1E90-4FC6-949D-D2CFADCC45CD}.Release|Any CPU.ActiveCfg = Release|Any CPU
		{A98784BB-1E90-4FC6-949D-D2CFADCC45CD}.Release|Any CPU.Build.0 = Release|Any CPU
		{A98784BB-1E90-4FC6-949D-D2CFADCC45CD}.Release|Mixed Platforms.ActiveCfg = Release|Any CPU
		{A98784BB-1E90-4FC6-949D-D2CFADCC45CD}.Release|Mixed Platforms.Build.0 = Release|Any CPU
		{A98784BB-1E90-4FC6-949D-D2CFADCC45CD}.Release|Win32.ActiveCfg = Release|Any CPU
		{A98784BB-1E90-4FC6-949D-D2CFADCC45CD}.Release|x64.ActiveCfg = Release|x64
		{A98784BB-1E90-4FC6-949D-D2CFADCC45CD}.Release|x64.Build.0 = Release|x64
		{A98784BB-1E90-4FC6-949D-D2CFADCC45CD}.Release|x86.ActiveCfg = Release|Any CPU
		{A8C06C97-4B48-4531-A69E-E9CCAF1A9471}.Debug|Any CPU.ActiveCfg = Debug|Any CPU
		{A8C06C97-4B48-4531-A69E-E9CCAF1A9471}.Debug|Any CPU.Build.0 = Debug|Any CPU
		{A8C06C97-4B48-4531-A69E-E9CCAF1A9471}.Debug|Mixed Platforms.ActiveCfg = Debug|Any CPU
		{A8C06C97-4B48-4531-A69E-E9CCAF1A9471}.Debug|Mixed Platforms.Build.0 = Debug|Any CPU
		{A8C06C97-4B48-4531-A69E-E9CCAF1A9471}.Debug|Win32.ActiveCfg = Debug|Any CPU
		{A8C06C97-4B48-4531-A69E-E9CCAF1A9471}.Debug|x64.ActiveCfg = Debug|x64
		{A8C06C97-4B48-4531-A69E-E9CCAF1A9471}.Debug|x64.Build.0 = Debug|x64
		{A8C06C97-4B48-4531-A69E-E9CCAF1A9471}.Debug|x86.ActiveCfg = Debug|Any CPU
		{A8C06C97-4B48-4531-A69E-E9CCAF1A9471}.Release|Any CPU.ActiveCfg = Release|Any CPU
		{A8C06C97-4B48-4531-A69E-E9CCAF1A9471}.Release|Any CPU.Build.0 = Release|Any CPU
		{A8C06C97-4B48-4531-A69E-E9CCAF1A9471}.Release|Mixed Platforms.ActiveCfg = Release|Any CPU
		{A8C06C97-4B48-4531-A69E-E9CCAF1A9471}.Release|Mixed Platforms.Build.0 = Release|Any CPU
		{A8C06C97-4B48-4531-A69E-E9CCAF1A9471}.Release|Win32.ActiveCfg = Release|Any CPU
		{A8C06C97-4B48-4531-A69E-E9CCAF1A9471}.Release|x64.ActiveCfg = Release|x64
		{A8C06C97-4B48-4531-A69E-E9CCAF1A9471}.Release|x64.Build.0 = Release|x64
		{A8C06C97-4B48-4531-A69E-E9CCAF1A9471}.Release|x86.ActiveCfg = Release|Any CPU
		{2D23E210-FFB7-46EF-AD27-18B5DE007EE3}.Debug|Any CPU.ActiveCfg = Debug|Any CPU
		{2D23E210-FFB7-46EF-AD27-18B5DE007EE3}.Debug|Any CPU.Build.0 = Debug|Any CPU
		{2D23E210-FFB7-46EF-AD27-18B5DE007EE3}.Debug|Mixed Platforms.ActiveCfg = Debug|Any CPU
		{2D23E210-FFB7-46EF-AD27-18B5DE007EE3}.Debug|Mixed Platforms.Build.0 = Debug|Any CPU
		{2D23E210-FFB7-46EF-AD27-18B5DE007EE3}.Debug|Win32.ActiveCfg = Debug|Any CPU
		{2D23E210-FFB7-46EF-AD27-18B5DE007EE3}.Debug|x64.ActiveCfg = Debug|x64
		{2D23E210-FFB7-46EF-AD27-18B5DE007EE3}.Debug|x64.Build.0 = Debug|x64
		{2D23E210-FFB7-46EF-AD27-18B5DE007EE3}.Debug|x86.ActiveCfg = Debug|Any CPU
		{2D23E210-FFB7-46EF-AD27-18B5DE007EE3}.Release|Any CPU.ActiveCfg = Release|Any CPU
		{2D23E210-FFB7-46EF-AD27-18B5DE007EE3}.Release|Any CPU.Build.0 = Release|Any CPU
		{2D23E210-FFB7-46EF-AD27-18B5DE007EE3}.Release|Mixed Platforms.ActiveCfg = Release|Any CPU
		{2D23E210-FFB7-46EF-AD27-18B5DE007EE3}.Release|Mixed Platforms.Build.0 = Release|Any CPU
		{2D23E210-FFB7-46EF-AD27-18B5DE007EE3}.Release|Win32.ActiveCfg = Release|Any CPU
		{2D23E210-FFB7-46EF-AD27-18B5DE007EE3}.Release|x64.ActiveCfg = Release|x64
		{2D23E210-FFB7-46EF-AD27-18B5DE007EE3}.Release|x64.Build.0 = Release|x64
		{2D23E210-FFB7-46EF-AD27-18B5DE007EE3}.Release|x86.ActiveCfg = Release|Any CPU
		{82E1F95C-4559-44AB-9114-42E78DA331A1}.Debug|Any CPU.ActiveCfg = Debug|Any CPU
		{82E1F95C-4559-44AB-9114-42E78DA331A1}.Debug|Any CPU.Build.0 = Debug|Any CPU
		{82E1F95C-4559-44AB-9114-42E78DA331A1}.Debug|Mixed Platforms.ActiveCfg = Debug|Any CPU
		{82E1F95C-4559-44AB-9114-42E78DA331A1}.Debug|Mixed Platforms.Build.0 = Debug|Any CPU
		{82E1F95C-4559-44AB-9114-42E78DA331A1}.Debug|Win32.ActiveCfg = Debug|Any CPU
		{82E1F95C-4559-44AB-9114-42E78DA331A1}.Debug|x64.ActiveCfg = Debug|x64
		{82E1F95C-4559-44AB-9114-42E78DA331A1}.Debug|x64.Build.0 = Debug|x64
		{82E1F95C-4559-44AB-9114-42E78DA331A1}.Debug|x86.ActiveCfg = Debug|Any CPU
		{82E1F95C-4559-44AB-9114-42E78DA331A1}.Release|Any CPU.ActiveCfg = Release|Any CPU
		{82E1F95C-4559-44AB-9114-42E78DA331A1}.Release|Any CPU.Build.0 = Release|Any CPU
		{82E1F95C-4559-44AB-9114-42E78DA331A1}.Release|Mixed Platforms.ActiveCfg = Release|Any CPU
		{82E1F95C-4559-44AB-9114-42E78DA331A1}.Release|Mixed Platforms.Build.0 = Release|Any CPU
		{82E1F95C-4559-44AB-9114-42E78DA331A1}.Release|Win32.ActiveCfg = Release|Any CPU
		{82E1F95C-4559-44AB-9114-42E78DA331A1}.Release|x64.ActiveCfg = Release|x64
		{82E1F95C-4559-44AB-9114-42E78DA331A1}.Release|x64.Build.0 = Release|x64
		{82E1F95C-4559-44AB-9114-42E78DA331A1}.Release|x86.ActiveCfg = Release|Any CPU
		{5D273260-69B2-49ED-8B82-21E0BC9D0778}.Debug|Any CPU.ActiveCfg = Debug|Any CPU
		{5D273260-69B2-49ED-8B82-21E0BC9D0778}.Debug|Any CPU.Build.0 = Debug|Any CPU
		{5D273260-69B2-49ED-8B82-21E0BC9D0778}.Debug|Mixed Platforms.ActiveCfg = Debug|Any CPU
		{5D273260-69B2-49ED-8B82-21E0BC9D0778}.Debug|Mixed Platforms.Build.0 = Debug|Any CPU
		{5D273260-69B2-49ED-8B82-21E0BC9D0778}.Debug|Win32.ActiveCfg = Debug|Any CPU
		{5D273260-69B2-49ED-8B82-21E0BC9D0778}.Debug|x64.ActiveCfg = Debug|x64
		{5D273260-69B2-49ED-8B82-21E0BC9D0778}.Debug|x64.Build.0 = Debug|x64
		{5D273260-69B2-49ED-8B82-21E0BC9D0778}.Debug|x86.ActiveCfg = Debug|Any CPU
		{5D273260-69B2-49ED-8B82-21E0BC9D0778}.Release|Any CPU.ActiveCfg = Release|Any CPU
		{5D273260-69B2-49ED-8B82-21E0BC9D0778}.Release|Any CPU.Build.0 = Release|Any CPU
		{5D273260-69B2-49ED-8B82-21E0BC9D0778}.Release|Mixed Platforms.ActiveCfg = Release|Any CPU
		{5D273260-69B2-49ED-8B82-21E0BC9D0778}.Release|Mixed Platforms.Build.0 = Release|Any CPU
		{5D273260-69B2-49ED-8B82-21E0BC9D0778}.Release|Win32.ActiveCfg = Release|Any CPU
		{5D273260-69B2-49ED-8B82-21E0BC9D0778}.Release|x64.ActiveCfg = Release|x64
		{5D273260-69B2-49ED-8B82-21E0BC9D0778}.Release|x64.Build.0 = Release|x64
		{5D273260-69B2-49ED-8B82-21E0BC9D0778}.Release|x86.ActiveCfg = Release|Any CPU
		{520A0AD7-41EA-4779-9142-3BC13868168D}.Debug|Any CPU.ActiveCfg = Debug|Any CPU
		{520A0AD7-41EA-4779-9142-3BC13868168D}.Debug|Any CPU.Build.0 = Debug|Any CPU
		{520A0AD7-41EA-4779-9142-3BC13868168D}.Debug|Mixed Platforms.ActiveCfg = Debug|Any CPU
		{520A0AD7-41EA-4779-9142-3BC13868168D}.Debug|Mixed Platforms.Build.0 = Debug|Any CPU
		{520A0AD7-41EA-4779-9142-3BC13868168D}.Debug|Win32.ActiveCfg = Debug|Any CPU
		{520A0AD7-41EA-4779-9142-3BC13868168D}.Debug|x64.ActiveCfg = Debug|x64
		{520A0AD7-41EA-4779-9142-3BC13868168D}.Debug|x64.Build.0 = Debug|x64
		{520A0AD7-41EA-4779-9142-3BC13868168D}.Debug|x86.ActiveCfg = Debug|Any CPU
		{520A0AD7-41EA-4779-9142-3BC13868168D}.Release|Any CPU.ActiveCfg = Release|Any CPU
		{520A0AD7-41EA-4779-9142-3BC13868168D}.Release|Any CPU.Build.0 = Release|Any CPU
		{520A0AD7-41EA-4779-9142-3BC13868168D}.Release|Mixed Platforms.ActiveCfg = Release|Any CPU
		{520A0AD7-41EA-4779-9142-3BC13868168D}.Release|Mixed Platforms.Build.0 = Release|Any CPU
		{520A0AD7-41EA-4779-9142-3BC13868168D}.Release|Win32.ActiveCfg = Release|Any CPU
		{520A0AD7-41EA-4779-9142-3BC13868168D}.Release|x64.ActiveCfg = Release|x64
		{520A0AD7-41EA-4779-9142-3BC13868168D}.Release|x64.Build.0 = Release|x64
		{520A0AD7-41EA-4779-9142-3BC13868168D}.Release|x86.ActiveCfg = Release|Any CPU
		{9DDFE474-0A4C-492C-82B2-C0A850217774}.Debug|Any CPU.ActiveCfg = Debug|Any CPU
		{9DDFE474-0A4C-492C-82B2-C0A850217774}.Debug|Any CPU.Build.0 = Debug|Any CPU
		{9DDFE474-0A4C-492C-82B2-C0A850217774}.Debug|Mixed Platforms.ActiveCfg = Debug|Any CPU
		{9DDFE474-0A4C-492C-82B2-C0A850217774}.Debug|Mixed Platforms.Build.0 = Debug|Any CPU
		{9DDFE474-0A4C-492C-82B2-C0A850217774}.Debug|Win32.ActiveCfg = Debug|Any CPU
		{9DDFE474-0A4C-492C-82B2-C0A850217774}.Debug|x64.ActiveCfg = Debug|x64
		{9DDFE474-0A4C-492C-82B2-C0A850217774}.Debug|x64.Build.0 = Debug|x64
		{9DDFE474-0A4C-492C-82B2-C0A850217774}.Debug|x86.ActiveCfg = Debug|Any CPU
		{9DDFE474-0A4C-492C-82B2-C0A850217774}.Release|Any CPU.ActiveCfg = Release|Any CPU
		{9DDFE474-0A4C-492C-82B2-C0A850217774}.Release|Any CPU.Build.0 = Release|Any CPU
		{9DDFE474-0A4C-492C-82B2-C0A850217774}.Release|Mixed Platforms.ActiveCfg = Release|Any CPU
		{9DDFE474-0A4C-492C-82B2-C0A850217774}.Release|Mixed Platforms.Build.0 = Release|Any CPU
		{9DDFE474-0A4C-492C-82B2-C0A850217774}.Release|Win32.ActiveCfg = Release|Any CPU
		{9DDFE474-0A4C-492C-82B2-C0A850217774}.Release|x64.ActiveCfg = Release|x64
		{9DDFE474-0A4C-492C-82B2-C0A850217774}.Release|x64.Build.0 = Release|x64
		{9DDFE474-0A4C-492C-82B2-C0A850217774}.Release|x86.ActiveCfg = Release|Any CPU
		{EA325EEA-CB1E-4517-974B-7205C8420198}.Debug|Any CPU.ActiveCfg = Debug|Any CPU
		{EA325EEA-CB1E-4517-974B-7205C8420198}.Debug|Any CPU.Build.0 = Debug|Any CPU
		{EA325EEA-CB1E-4517-974B-7205C8420198}.Debug|Mixed Platforms.ActiveCfg = Debug|Any CPU
		{EA325EEA-CB1E-4517-974B-7205C8420198}.Debug|Mixed Platforms.Build.0 = Debug|Any CPU
		{EA325EEA-CB1E-4517-974B-7205C8420198}.Debug|Win32.ActiveCfg = Debug|Any CPU
		{EA325EEA-CB1E-4517-974B-7205C8420198}.Debug|x64.ActiveCfg = Debug|x64
		{EA325EEA-CB1E-4517-974B-7205C8420198}.Debug|x64.Build.0 = Debug|x64
		{EA325EEA-CB1E-4517-974B-7205C8420198}.Debug|x86.ActiveCfg = Debug|Any CPU
		{EA325EEA-CB1E-4517-974B-7205C8420198}.Release|Any CPU.ActiveCfg = Release|Any CPU
		{EA325EEA-CB1E-4517-974B-7205C8420198}.Release|Any CPU.Build.0 = Release|Any CPU
		{EA325EEA-CB1E-4517-974B-7205C8420198}.Release|Mixed Platforms.ActiveCfg = Release|Any CPU
		{EA325EEA-CB1E-4517-974B-7205C8420198}.Release|Mixed Platforms.Build.0 = Release|Any CPU
		{EA325EEA-CB1E-4517-974B-7205C8420198}.Release|Win32.ActiveCfg = Release|Any CPU
		{EA325EEA-CB1E-4517-974B-7205C8420198}.Release|x64.ActiveCfg = Release|x64
		{EA325EEA-CB1E-4517-974B-7205C8420198}.Release|x64.Build.0 = Release|x64
		{EA325EEA-CB1E-4517-974B-7205C8420198}.Release|x86.ActiveCfg = Release|Any CPU
		{3E09373E-33C7-4119-9FC9-068A141668E1}.Debug|Any CPU.ActiveCfg = Debug|Any CPU
		{3E09373E-33C7-4119-9FC9-068A141668E1}.Debug|Any CPU.Build.0 = Debug|Any CPU
		{3E09373E-33C7-4119-9FC9-068A141668E1}.Debug|Mixed Platforms.ActiveCfg = Debug|Any CPU
		{3E09373E-33C7-4119-9FC9-068A141668E1}.Debug|Win32.ActiveCfg = Debug|Any CPU
		{3E09373E-33C7-4119-9FC9-068A141668E1}.Debug|x64.ActiveCfg = Debug|x64
		{3E09373E-33C7-4119-9FC9-068A141668E1}.Debug|x64.Build.0 = Debug|x64
		{3E09373E-33C7-4119-9FC9-068A141668E1}.Debug|x86.ActiveCfg = Debug|Any CPU
		{3E09373E-33C7-4119-9FC9-068A141668E1}.Release|Any CPU.ActiveCfg = Release|Any CPU
		{3E09373E-33C7-4119-9FC9-068A141668E1}.Release|Any CPU.Build.0 = Release|Any CPU
		{3E09373E-33C7-4119-9FC9-068A141668E1}.Release|Mixed Platforms.ActiveCfg = Release|Any CPU
		{3E09373E-33C7-4119-9FC9-068A141668E1}.Release|Win32.ActiveCfg = Release|Any CPU
		{3E09373E-33C7-4119-9FC9-068A141668E1}.Release|x64.ActiveCfg = Release|x64
		{3E09373E-33C7-4119-9FC9-068A141668E1}.Release|x64.Build.0 = Release|x64
		{3E09373E-33C7-4119-9FC9-068A141668E1}.Release|x86.ActiveCfg = Release|Any CPU
		{C58CB0F1-E7D4-4445-8414-CA9662E24E4E}.Debug|Any CPU.ActiveCfg = Debug|Any CPU
		{C58CB0F1-E7D4-4445-8414-CA9662E24E4E}.Debug|Any CPU.Build.0 = Debug|Any CPU
		{C58CB0F1-E7D4-4445-8414-CA9662E24E4E}.Debug|Mixed Platforms.ActiveCfg = Debug|Any CPU
		{C58CB0F1-E7D4-4445-8414-CA9662E24E4E}.Debug|Win32.ActiveCfg = Debug|Any CPU
		{C58CB0F1-E7D4-4445-8414-CA9662E24E4E}.Debug|x64.ActiveCfg = Debug|x64
		{C58CB0F1-E7D4-4445-8414-CA9662E24E4E}.Debug|x64.Build.0 = Debug|x64
		{C58CB0F1-E7D4-4445-8414-CA9662E24E4E}.Debug|x86.ActiveCfg = Debug|Any CPU
		{C58CB0F1-E7D4-4445-8414-CA9662E24E4E}.Release|Any CPU.ActiveCfg = Release|Any CPU
		{C58CB0F1-E7D4-4445-8414-CA9662E24E4E}.Release|Any CPU.Build.0 = Release|Any CPU
		{C58CB0F1-E7D4-4445-8414-CA9662E24E4E}.Release|Mixed Platforms.ActiveCfg = Release|Any CPU
		{C58CB0F1-E7D4-4445-8414-CA9662E24E4E}.Release|Win32.ActiveCfg = Release|Any CPU
		{C58CB0F1-E7D4-4445-8414-CA9662E24E4E}.Release|x64.ActiveCfg = Release|x64
		{C58CB0F1-E7D4-4445-8414-CA9662E24E4E}.Release|x64.Build.0 = Release|x64
		{C58CB0F1-E7D4-4445-8414-CA9662E24E4E}.Release|x86.ActiveCfg = Release|Any CPU
		{7B6ECA13-1C53-4F4F-9EB5-877D5A7E6356}.Debug|Any CPU.ActiveCfg = Debug|Any CPU
		{7B6ECA13-1C53-4F4F-9EB5-877D5A7E6356}.Debug|Mixed Platforms.ActiveCfg = Debug|Any CPU
		{7B6ECA13-1C53-4F4F-9EB5-877D5A7E6356}.Debug|Win32.ActiveCfg = Debug|Any CPU
		{7B6ECA13-1C53-4F4F-9EB5-877D5A7E6356}.Debug|x64.ActiveCfg = Debug|x64
		{7B6ECA13-1C53-4F4F-9EB5-877D5A7E6356}.Debug|x86.ActiveCfg = Debug|Any CPU
		{7B6ECA13-1C53-4F4F-9EB5-877D5A7E6356}.Release|Any CPU.ActiveCfg = Release|Any CPU
		{7B6ECA13-1C53-4F4F-9EB5-877D5A7E6356}.Release|Mixed Platforms.ActiveCfg = Release|Any CPU
		{7B6ECA13-1C53-4F4F-9EB5-877D5A7E6356}.Release|Win32.ActiveCfg = Release|Any CPU
		{7B6ECA13-1C53-4F4F-9EB5-877D5A7E6356}.Release|x64.ActiveCfg = Release|x64
		{7B6ECA13-1C53-4F4F-9EB5-877D5A7E6356}.Release|x86.ActiveCfg = Release|Any CPU
		{CE1A029C-63C1-4B26-BAD9-C62D64DC089E}.Debug|Any CPU.ActiveCfg = Debug|Any CPU
		{CE1A029C-63C1-4B26-BAD9-C62D64DC089E}.Debug|Mixed Platforms.ActiveCfg = Debug|Any CPU
		{CE1A029C-63C1-4B26-BAD9-C62D64DC089E}.Debug|Win32.ActiveCfg = Debug|Any CPU
		{CE1A029C-63C1-4B26-BAD9-C62D64DC089E}.Debug|x64.ActiveCfg = Debug|x64
		{CE1A029C-63C1-4B26-BAD9-C62D64DC089E}.Debug|x86.ActiveCfg = Debug|Any CPU
		{CE1A029C-63C1-4B26-BAD9-C62D64DC089E}.Release|Any CPU.ActiveCfg = Release|Any CPU
		{CE1A029C-63C1-4B26-BAD9-C62D64DC089E}.Release|Mixed Platforms.ActiveCfg = Release|Any CPU
		{CE1A029C-63C1-4B26-BAD9-C62D64DC089E}.Release|Win32.ActiveCfg = Release|Any CPU
		{CE1A029C-63C1-4B26-BAD9-C62D64DC089E}.Release|x64.ActiveCfg = Release|x64
		{CE1A029C-63C1-4B26-BAD9-C62D64DC089E}.Release|x86.ActiveCfg = Release|Any CPU
		{BDCA67F1-8B38-4F12-9149-D93D7C23CB26}.Debug|Any CPU.ActiveCfg = Debug|Any CPU
		{BDCA67F1-8B38-4F12-9149-D93D7C23CB26}.Debug|Any CPU.Build.0 = Debug|Any CPU
		{BDCA67F1-8B38-4F12-9149-D93D7C23CB26}.Debug|Mixed Platforms.ActiveCfg = Debug|Any CPU
		{BDCA67F1-8B38-4F12-9149-D93D7C23CB26}.Debug|Mixed Platforms.Build.0 = Debug|Any CPU
		{BDCA67F1-8B38-4F12-9149-D93D7C23CB26}.Debug|Win32.ActiveCfg = Debug|Any CPU
		{BDCA67F1-8B38-4F12-9149-D93D7C23CB26}.Debug|x64.ActiveCfg = Debug|x64
		{BDCA67F1-8B38-4F12-9149-D93D7C23CB26}.Debug|x64.Build.0 = Debug|x64
		{BDCA67F1-8B38-4F12-9149-D93D7C23CB26}.Debug|x86.ActiveCfg = Debug|Any CPU
		{BDCA67F1-8B38-4F12-9149-D93D7C23CB26}.Release|Any CPU.ActiveCfg = Release|Any CPU
		{BDCA67F1-8B38-4F12-9149-D93D7C23CB26}.Release|Any CPU.Build.0 = Release|Any CPU
		{BDCA67F1-8B38-4F12-9149-D93D7C23CB26}.Release|Mixed Platforms.ActiveCfg = Release|Any CPU
		{BDCA67F1-8B38-4F12-9149-D93D7C23CB26}.Release|Mixed Platforms.Build.0 = Release|Any CPU
		{BDCA67F1-8B38-4F12-9149-D93D7C23CB26}.Release|Win32.ActiveCfg = Release|Any CPU
		{BDCA67F1-8B38-4F12-9149-D93D7C23CB26}.Release|x64.ActiveCfg = Release|x64
		{BDCA67F1-8B38-4F12-9149-D93D7C23CB26}.Release|x64.Build.0 = Release|x64
		{BDCA67F1-8B38-4F12-9149-D93D7C23CB26}.Release|x86.ActiveCfg = Release|Any CPU
		{D4C765AF-AC85-472D-9549-5D682015A124}.Debug|Any CPU.ActiveCfg = Debug|Any CPU
		{D4C765AF-AC85-472D-9549-5D682015A124}.Debug|Any CPU.Build.0 = Debug|Any CPU
		{D4C765AF-AC85-472D-9549-5D682015A124}.Debug|Mixed Platforms.ActiveCfg = Debug|Any CPU
		{D4C765AF-AC85-472D-9549-5D682015A124}.Debug|Mixed Platforms.Build.0 = Debug|Any CPU
		{D4C765AF-AC85-472D-9549-5D682015A124}.Debug|Win32.ActiveCfg = Debug|Any CPU
		{D4C765AF-AC85-472D-9549-5D682015A124}.Debug|x64.ActiveCfg = Debug|x64
		{D4C765AF-AC85-472D-9549-5D682015A124}.Debug|x64.Build.0 = Debug|x64
		{D4C765AF-AC85-472D-9549-5D682015A124}.Debug|x86.ActiveCfg = Debug|Any CPU
		{D4C765AF-AC85-472D-9549-5D682015A124}.Release|Any CPU.ActiveCfg = Release|Any CPU
		{D4C765AF-AC85-472D-9549-5D682015A124}.Release|Any CPU.Build.0 = Release|Any CPU
		{D4C765AF-AC85-472D-9549-5D682015A124}.Release|Mixed Platforms.ActiveCfg = Release|Any CPU
		{D4C765AF-AC85-472D-9549-5D682015A124}.Release|Mixed Platforms.Build.0 = Release|Any CPU
		{D4C765AF-AC85-472D-9549-5D682015A124}.Release|Win32.ActiveCfg = Release|Any CPU
		{D4C765AF-AC85-472D-9549-5D682015A124}.Release|x64.ActiveCfg = Release|x64
		{D4C765AF-AC85-472D-9549-5D682015A124}.Release|x64.Build.0 = Release|x64
		{D4C765AF-AC85-472D-9549-5D682015A124}.Release|x86.ActiveCfg = Release|Any CPU
		{C32F57FC-32D0-4853-8145-2645A559BF6B}.Debug|Any CPU.ActiveCfg = Debug|Any CPU
		{C32F57FC-32D0-4853-8145-2645A559BF6B}.Debug|Any CPU.Build.0 = Debug|Any CPU
		{C32F57FC-32D0-4853-8145-2645A559BF6B}.Debug|Mixed Platforms.ActiveCfg = Debug|Any CPU
		{C32F57FC-32D0-4853-8145-2645A559BF6B}.Debug|Mixed Platforms.Build.0 = Debug|Any CPU
		{C32F57FC-32D0-4853-8145-2645A559BF6B}.Debug|Win32.ActiveCfg = Debug|Any CPU
		{C32F57FC-32D0-4853-8145-2645A559BF6B}.Debug|x64.ActiveCfg = Debug|x64
		{C32F57FC-32D0-4853-8145-2645A559BF6B}.Debug|x86.ActiveCfg = Debug|Any CPU
		{C32F57FC-32D0-4853-8145-2645A559BF6B}.Release|Any CPU.ActiveCfg = Release|Any CPU
		{C32F57FC-32D0-4853-8145-2645A559BF6B}.Release|Any CPU.Build.0 = Release|Any CPU
		{C32F57FC-32D0-4853-8145-2645A559BF6B}.Release|Mixed Platforms.ActiveCfg = Release|Any CPU
		{C32F57FC-32D0-4853-8145-2645A559BF6B}.Release|Mixed Platforms.Build.0 = Release|Any CPU
		{C32F57FC-32D0-4853-8145-2645A559BF6B}.Release|Win32.ActiveCfg = Release|Any CPU
		{C32F57FC-32D0-4853-8145-2645A559BF6B}.Release|x64.ActiveCfg = Release|x64
		{C32F57FC-32D0-4853-8145-2645A559BF6B}.Release|x86.ActiveCfg = Release|Any CPU
		{DB7629E7-BB5C-4197-89D3-A9EB0E5D4E0A}.Debug|Any CPU.ActiveCfg = Debug|Any CPU
		{DB7629E7-BB5C-4197-89D3-A9EB0E5D4E0A}.Debug|Any CPU.Build.0 = Debug|Any CPU
		{DB7629E7-BB5C-4197-89D3-A9EB0E5D4E0A}.Debug|Mixed Platforms.ActiveCfg = Debug|Any CPU
		{DB7629E7-BB5C-4197-89D3-A9EB0E5D4E0A}.Debug|Mixed Platforms.Build.0 = Debug|Any CPU
		{DB7629E7-BB5C-4197-89D3-A9EB0E5D4E0A}.Debug|Win32.ActiveCfg = Debug|Any CPU
		{DB7629E7-BB5C-4197-89D3-A9EB0E5D4E0A}.Debug|x64.ActiveCfg = Debug|x64
		{DB7629E7-BB5C-4197-89D3-A9EB0E5D4E0A}.Debug|x64.Build.0 = Debug|x64
		{DB7629E7-BB5C-4197-89D3-A9EB0E5D4E0A}.Debug|x86.ActiveCfg = Debug|Any CPU
		{DB7629E7-BB5C-4197-89D3-A9EB0E5D4E0A}.Release|Any CPU.ActiveCfg = Release|Any CPU
		{DB7629E7-BB5C-4197-89D3-A9EB0E5D4E0A}.Release|Any CPU.Build.0 = Release|Any CPU
		{DB7629E7-BB5C-4197-89D3-A9EB0E5D4E0A}.Release|Mixed Platforms.ActiveCfg = Release|Any CPU
		{DB7629E7-BB5C-4197-89D3-A9EB0E5D4E0A}.Release|Mixed Platforms.Build.0 = Release|Any CPU
		{DB7629E7-BB5C-4197-89D3-A9EB0E5D4E0A}.Release|Win32.ActiveCfg = Release|Any CPU
		{DB7629E7-BB5C-4197-89D3-A9EB0E5D4E0A}.Release|x64.ActiveCfg = Release|x64
		{DB7629E7-BB5C-4197-89D3-A9EB0E5D4E0A}.Release|x64.Build.0 = Release|x64
		{DB7629E7-BB5C-4197-89D3-A9EB0E5D4E0A}.Release|x86.ActiveCfg = Release|Any CPU
		{4AEA9ACD-3C74-4B59-8628-99C708A2F4BD}.Debug|Any CPU.ActiveCfg = Debug|Any CPU
		{4AEA9ACD-3C74-4B59-8628-99C708A2F4BD}.Debug|Any CPU.Build.0 = Debug|Any CPU
		{4AEA9ACD-3C74-4B59-8628-99C708A2F4BD}.Debug|Mixed Platforms.ActiveCfg = Debug|Any CPU
		{4AEA9ACD-3C74-4B59-8628-99C708A2F4BD}.Debug|Mixed Platforms.Build.0 = Debug|Any CPU
		{4AEA9ACD-3C74-4B59-8628-99C708A2F4BD}.Debug|Win32.ActiveCfg = Debug|Any CPU
		{4AEA9ACD-3C74-4B59-8628-99C708A2F4BD}.Debug|x64.ActiveCfg = Debug|x64
		{4AEA9ACD-3C74-4B59-8628-99C708A2F4BD}.Debug|x64.Build.0 = Debug|x64
		{4AEA9ACD-3C74-4B59-8628-99C708A2F4BD}.Debug|x86.ActiveCfg = Debug|Any CPU
		{4AEA9ACD-3C74-4B59-8628-99C708A2F4BD}.Release|Any CPU.ActiveCfg = Release|Any CPU
		{4AEA9ACD-3C74-4B59-8628-99C708A2F4BD}.Release|Any CPU.Build.0 = Release|Any CPU
		{4AEA9ACD-3C74-4B59-8628-99C708A2F4BD}.Release|Mixed Platforms.ActiveCfg = Release|Any CPU
		{4AEA9ACD-3C74-4B59-8628-99C708A2F4BD}.Release|Mixed Platforms.Build.0 = Release|Any CPU
		{4AEA9ACD-3C74-4B59-8628-99C708A2F4BD}.Release|Win32.ActiveCfg = Release|Any CPU
		{4AEA9ACD-3C74-4B59-8628-99C708A2F4BD}.Release|x64.ActiveCfg = Release|x64
		{4AEA9ACD-3C74-4B59-8628-99C708A2F4BD}.Release|x64.Build.0 = Release|x64
		{4AEA9ACD-3C74-4B59-8628-99C708A2F4BD}.Release|x86.ActiveCfg = Release|Any CPU
		{9C213D37-3249-453F-BA30-460255EA955D}.Debug|Any CPU.ActiveCfg = Debug|Any CPU
		{9C213D37-3249-453F-BA30-460255EA955D}.Debug|Any CPU.Build.0 = Debug|Any CPU
		{9C213D37-3249-453F-BA30-460255EA955D}.Debug|Mixed Platforms.ActiveCfg = Debug|Any CPU
		{9C213D37-3249-453F-BA30-460255EA955D}.Debug|Mixed Platforms.Build.0 = Debug|Any CPU
		{9C213D37-3249-453F-BA30-460255EA955D}.Debug|Win32.ActiveCfg = Debug|Any CPU
		{9C213D37-3249-453F-BA30-460255EA955D}.Debug|x64.ActiveCfg = Debug|x64
		{9C213D37-3249-453F-BA30-460255EA955D}.Debug|x64.Build.0 = Debug|x64
		{9C213D37-3249-453F-BA30-460255EA955D}.Debug|x86.ActiveCfg = Debug|Any CPU
		{9C213D37-3249-453F-BA30-460255EA955D}.Release|Any CPU.ActiveCfg = Release|Any CPU
		{9C213D37-3249-453F-BA30-460255EA955D}.Release|Any CPU.Build.0 = Release|Any CPU
		{9C213D37-3249-453F-BA30-460255EA955D}.Release|Mixed Platforms.ActiveCfg = Release|Any CPU
		{9C213D37-3249-453F-BA30-460255EA955D}.Release|Mixed Platforms.Build.0 = Release|Any CPU
		{9C213D37-3249-453F-BA30-460255EA955D}.Release|Win32.ActiveCfg = Release|Any CPU
		{9C213D37-3249-453F-BA30-460255EA955D}.Release|x64.ActiveCfg = Release|x64
		{9C213D37-3249-453F-BA30-460255EA955D}.Release|x64.Build.0 = Release|x64
		{9C213D37-3249-453F-BA30-460255EA955D}.Release|x86.ActiveCfg = Release|Any CPU
		{9FE417F8-022C-40E7-9574-BA7014339B6D}.Debug|Any CPU.ActiveCfg = Debug|Any CPU
		{9FE417F8-022C-40E7-9574-BA7014339B6D}.Debug|Any CPU.Build.0 = Debug|Any CPU
		{9FE417F8-022C-40E7-9574-BA7014339B6D}.Debug|Mixed Platforms.ActiveCfg = Debug|Any CPU
		{9FE417F8-022C-40E7-9574-BA7014339B6D}.Debug|Mixed Platforms.Build.0 = Debug|Any CPU
		{9FE417F8-022C-40E7-9574-BA7014339B6D}.Debug|Win32.ActiveCfg = Debug|Any CPU
		{9FE417F8-022C-40E7-9574-BA7014339B6D}.Debug|x64.ActiveCfg = Debug|x64
		{9FE417F8-022C-40E7-9574-BA7014339B6D}.Debug|x64.Build.0 = Debug|x64
		{9FE417F8-022C-40E7-9574-BA7014339B6D}.Debug|x86.ActiveCfg = Debug|Any CPU
		{9FE417F8-022C-40E7-9574-BA7014339B6D}.Release|Any CPU.ActiveCfg = Release|Any CPU
		{9FE417F8-022C-40E7-9574-BA7014339B6D}.Release|Any CPU.Build.0 = Release|Any CPU
		{9FE417F8-022C-40E7-9574-BA7014339B6D}.Release|Mixed Platforms.ActiveCfg = Release|Any CPU
		{9FE417F8-022C-40E7-9574-BA7014339B6D}.Release|Mixed Platforms.Build.0 = Release|Any CPU
		{9FE417F8-022C-40E7-9574-BA7014339B6D}.Release|Win32.ActiveCfg = Release|Any CPU
		{9FE417F8-022C-40E7-9574-BA7014339B6D}.Release|x64.ActiveCfg = Release|x64
		{9FE417F8-022C-40E7-9574-BA7014339B6D}.Release|x64.Build.0 = Release|x64
		{9FE417F8-022C-40E7-9574-BA7014339B6D}.Release|x86.ActiveCfg = Release|Any CPU
		{D26B9D87-E914-44BE-9381-73460214B7E4}.Debug|Any CPU.ActiveCfg = Debug|Any CPU
		{D26B9D87-E914-44BE-9381-73460214B7E4}.Debug|Any CPU.Build.0 = Debug|Any CPU
		{D26B9D87-E914-44BE-9381-73460214B7E4}.Debug|Mixed Platforms.ActiveCfg = Debug|Any CPU
		{D26B9D87-E914-44BE-9381-73460214B7E4}.Debug|Mixed Platforms.Build.0 = Debug|Any CPU
		{D26B9D87-E914-44BE-9381-73460214B7E4}.Debug|Win32.ActiveCfg = Debug|Any CPU
		{D26B9D87-E914-44BE-9381-73460214B7E4}.Debug|x64.ActiveCfg = Debug|x64
		{D26B9D87-E914-44BE-9381-73460214B7E4}.Debug|x64.Build.0 = Debug|x64
		{D26B9D87-E914-44BE-9381-73460214B7E4}.Debug|x86.ActiveCfg = Debug|Any CPU
		{D26B9D87-E914-44BE-9381-73460214B7E4}.Release|Any CPU.ActiveCfg = Release|Any CPU
		{D26B9D87-E914-44BE-9381-73460214B7E4}.Release|Any CPU.Build.0 = Release|Any CPU
		{D26B9D87-E914-44BE-9381-73460214B7E4}.Release|Mixed Platforms.ActiveCfg = Release|Any CPU
		{D26B9D87-E914-44BE-9381-73460214B7E4}.Release|Mixed Platforms.Build.0 = Release|Any CPU
		{D26B9D87-E914-44BE-9381-73460214B7E4}.Release|Win32.ActiveCfg = Release|Any CPU
		{D26B9D87-E914-44BE-9381-73460214B7E4}.Release|x64.ActiveCfg = Release|x64
		{D26B9D87-E914-44BE-9381-73460214B7E4}.Release|x64.Build.0 = Release|x64
		{D26B9D87-E914-44BE-9381-73460214B7E4}.Release|x86.ActiveCfg = Release|Any CPU
		{3E2A2F70-2A98-4645-86AA-B3D8C5D35D58}.Debug|Any CPU.ActiveCfg = Debug|Any CPU
		{3E2A2F70-2A98-4645-86AA-B3D8C5D35D58}.Debug|Any CPU.Build.0 = Debug|Any CPU
		{3E2A2F70-2A98-4645-86AA-B3D8C5D35D58}.Debug|Mixed Platforms.ActiveCfg = Debug|Any CPU
		{3E2A2F70-2A98-4645-86AA-B3D8C5D35D58}.Debug|Mixed Platforms.Build.0 = Debug|Any CPU
		{3E2A2F70-2A98-4645-86AA-B3D8C5D35D58}.Debug|Win32.ActiveCfg = Debug|Any CPU
		{3E2A2F70-2A98-4645-86AA-B3D8C5D35D58}.Debug|x64.ActiveCfg = Debug|x64
		{3E2A2F70-2A98-4645-86AA-B3D8C5D35D58}.Debug|x64.Build.0 = Debug|x64
		{3E2A2F70-2A98-4645-86AA-B3D8C5D35D58}.Debug|x86.ActiveCfg = Debug|Any CPU
		{3E2A2F70-2A98-4645-86AA-B3D8C5D35D58}.Release|Any CPU.ActiveCfg = Release|Any CPU
		{3E2A2F70-2A98-4645-86AA-B3D8C5D35D58}.Release|Any CPU.Build.0 = Release|Any CPU
		{3E2A2F70-2A98-4645-86AA-B3D8C5D35D58}.Release|Mixed Platforms.ActiveCfg = Release|Any CPU
		{3E2A2F70-2A98-4645-86AA-B3D8C5D35D58}.Release|Mixed Platforms.Build.0 = Release|Any CPU
		{3E2A2F70-2A98-4645-86AA-B3D8C5D35D58}.Release|Win32.ActiveCfg = Release|Any CPU
		{3E2A2F70-2A98-4645-86AA-B3D8C5D35D58}.Release|x64.ActiveCfg = Release|x64
		{3E2A2F70-2A98-4645-86AA-B3D8C5D35D58}.Release|x64.Build.0 = Release|x64
		{3E2A2F70-2A98-4645-86AA-B3D8C5D35D58}.Release|x86.ActiveCfg = Release|Any CPU
		{5579F5EC-3490-4C36-B2C1-BED348951F06}.Debug|Any CPU.ActiveCfg = Debug|Any CPU
		{5579F5EC-3490-4C36-B2C1-BED348951F06}.Debug|Any CPU.Build.0 = Debug|Any CPU
		{5579F5EC-3490-4C36-B2C1-BED348951F06}.Debug|Mixed Platforms.ActiveCfg = Debug|Any CPU
		{5579F5EC-3490-4C36-B2C1-BED348951F06}.Debug|Mixed Platforms.Build.0 = Debug|Any CPU
		{5579F5EC-3490-4C36-B2C1-BED348951F06}.Debug|Win32.ActiveCfg = Debug|Any CPU
		{5579F5EC-3490-4C36-B2C1-BED348951F06}.Debug|x64.ActiveCfg = Debug|x64
		{5579F5EC-3490-4C36-B2C1-BED348951F06}.Debug|x64.Build.0 = Debug|x64
		{5579F5EC-3490-4C36-B2C1-BED348951F06}.Debug|x86.ActiveCfg = Debug|Any CPU
		{5579F5EC-3490-4C36-B2C1-BED348951F06}.Release|Any CPU.ActiveCfg = Release|Any CPU
		{5579F5EC-3490-4C36-B2C1-BED348951F06}.Release|Any CPU.Build.0 = Release|Any CPU
		{5579F5EC-3490-4C36-B2C1-BED348951F06}.Release|Mixed Platforms.ActiveCfg = Release|Any CPU
		{5579F5EC-3490-4C36-B2C1-BED348951F06}.Release|Mixed Platforms.Build.0 = Release|Any CPU
		{5579F5EC-3490-4C36-B2C1-BED348951F06}.Release|Win32.ActiveCfg = Release|Any CPU
		{5579F5EC-3490-4C36-B2C1-BED348951F06}.Release|x64.ActiveCfg = Release|x64
		{5579F5EC-3490-4C36-B2C1-BED348951F06}.Release|x64.Build.0 = Release|x64
		{5579F5EC-3490-4C36-B2C1-BED348951F06}.Release|x86.ActiveCfg = Release|Any CPU
		{0541F780-7CF5-4DFA-AF3A-7F05005CDEFD}.Debug|Any CPU.ActiveCfg = Debug|Any CPU
		{0541F780-7CF5-4DFA-AF3A-7F05005CDEFD}.Debug|Any CPU.Build.0 = Debug|Any CPU
		{0541F780-7CF5-4DFA-AF3A-7F05005CDEFD}.Debug|Mixed Platforms.ActiveCfg = Debug|Any CPU
		{0541F780-7CF5-4DFA-AF3A-7F05005CDEFD}.Debug|Mixed Platforms.Build.0 = Debug|Any CPU
		{0541F780-7CF5-4DFA-AF3A-7F05005CDEFD}.Debug|Win32.ActiveCfg = Debug|Any CPU
		{0541F780-7CF5-4DFA-AF3A-7F05005CDEFD}.Debug|x64.ActiveCfg = Debug|x64
		{0541F780-7CF5-4DFA-AF3A-7F05005CDEFD}.Debug|x64.Build.0 = Debug|x64
		{0541F780-7CF5-4DFA-AF3A-7F05005CDEFD}.Debug|x86.ActiveCfg = Debug|Any CPU
		{0541F780-7CF5-4DFA-AF3A-7F05005CDEFD}.Release|Any CPU.ActiveCfg = Release|Any CPU
		{0541F780-7CF5-4DFA-AF3A-7F05005CDEFD}.Release|Any CPU.Build.0 = Release|Any CPU
		{0541F780-7CF5-4DFA-AF3A-7F05005CDEFD}.Release|Mixed Platforms.ActiveCfg = Release|Any CPU
		{0541F780-7CF5-4DFA-AF3A-7F05005CDEFD}.Release|Mixed Platforms.Build.0 = Release|Any CPU
		{0541F780-7CF5-4DFA-AF3A-7F05005CDEFD}.Release|Win32.ActiveCfg = Release|Any CPU
		{0541F780-7CF5-4DFA-AF3A-7F05005CDEFD}.Release|x64.ActiveCfg = Release|x64
		{0541F780-7CF5-4DFA-AF3A-7F05005CDEFD}.Release|x64.Build.0 = Release|x64
		{0541F780-7CF5-4DFA-AF3A-7F05005CDEFD}.Release|x86.ActiveCfg = Release|Any CPU
		{67AF087D-606E-44F4-9396-74BF2AB160E2}.Debug|Any CPU.ActiveCfg = Debug|Any CPU
		{67AF087D-606E-44F4-9396-74BF2AB160E2}.Debug|Any CPU.Build.0 = Debug|Any CPU
		{67AF087D-606E-44F4-9396-74BF2AB160E2}.Debug|Mixed Platforms.ActiveCfg = Debug|Any CPU
		{67AF087D-606E-44F4-9396-74BF2AB160E2}.Debug|Mixed Platforms.Build.0 = Debug|Any CPU
		{67AF087D-606E-44F4-9396-74BF2AB160E2}.Debug|Win32.ActiveCfg = Debug|Any CPU
		{67AF087D-606E-44F4-9396-74BF2AB160E2}.Debug|x64.ActiveCfg = Debug|x64
		{67AF087D-606E-44F4-9396-74BF2AB160E2}.Debug|x64.Build.0 = Debug|x64
		{67AF087D-606E-44F4-9396-74BF2AB160E2}.Debug|x86.ActiveCfg = Debug|Any CPU
		{67AF087D-606E-44F4-9396-74BF2AB160E2}.Release|Any CPU.ActiveCfg = Release|Any CPU
		{67AF087D-606E-44F4-9396-74BF2AB160E2}.Release|Any CPU.Build.0 = Release|Any CPU
		{67AF087D-606E-44F4-9396-74BF2AB160E2}.Release|Mixed Platforms.ActiveCfg = Release|Any CPU
		{67AF087D-606E-44F4-9396-74BF2AB160E2}.Release|Mixed Platforms.Build.0 = Release|Any CPU
		{67AF087D-606E-44F4-9396-74BF2AB160E2}.Release|Win32.ActiveCfg = Release|Any CPU
		{67AF087D-606E-44F4-9396-74BF2AB160E2}.Release|x64.ActiveCfg = Release|x64
		{67AF087D-606E-44F4-9396-74BF2AB160E2}.Release|x64.Build.0 = Release|x64
		{67AF087D-606E-44F4-9396-74BF2AB160E2}.Release|x86.ActiveCfg = Release|Any CPU
		{1DBAA0AA-A210-44F2-AFD5-BC4E219BC40F}.Debug|Any CPU.ActiveCfg = Debug|Any CPU
		{1DBAA0AA-A210-44F2-AFD5-BC4E219BC40F}.Debug|Any CPU.Build.0 = Debug|Any CPU
		{1DBAA0AA-A210-44F2-AFD5-BC4E219BC40F}.Debug|Mixed Platforms.ActiveCfg = Debug|Any CPU
		{1DBAA0AA-A210-44F2-AFD5-BC4E219BC40F}.Debug|Mixed Platforms.Build.0 = Debug|Any CPU
		{1DBAA0AA-A210-44F2-AFD5-BC4E219BC40F}.Debug|Win32.ActiveCfg = Debug|Any CPU
		{1DBAA0AA-A210-44F2-AFD5-BC4E219BC40F}.Debug|x64.ActiveCfg = Debug|x64
		{1DBAA0AA-A210-44F2-AFD5-BC4E219BC40F}.Debug|x64.Build.0 = Debug|x64
		{1DBAA0AA-A210-44F2-AFD5-BC4E219BC40F}.Debug|x86.ActiveCfg = Debug|Any CPU
		{1DBAA0AA-A210-44F2-AFD5-BC4E219BC40F}.Release|Any CPU.ActiveCfg = Release|Any CPU
		{1DBAA0AA-A210-44F2-AFD5-BC4E219BC40F}.Release|Any CPU.Build.0 = Release|Any CPU
		{1DBAA0AA-A210-44F2-AFD5-BC4E219BC40F}.Release|Mixed Platforms.ActiveCfg = Release|Any CPU
		{1DBAA0AA-A210-44F2-AFD5-BC4E219BC40F}.Release|Mixed Platforms.Build.0 = Release|Any CPU
		{1DBAA0AA-A210-44F2-AFD5-BC4E219BC40F}.Release|Win32.ActiveCfg = Release|Any CPU
		{1DBAA0AA-A210-44F2-AFD5-BC4E219BC40F}.Release|x64.ActiveCfg = Release|x64
		{1DBAA0AA-A210-44F2-AFD5-BC4E219BC40F}.Release|x64.Build.0 = Release|x64
		{1DBAA0AA-A210-44F2-AFD5-BC4E219BC40F}.Release|x86.ActiveCfg = Release|Any CPU
		{BEA130EC-3920-42F3-AD18-A72231881DBD}.Debug|Any CPU.ActiveCfg = Debug|Any CPU
		{BEA130EC-3920-42F3-AD18-A72231881DBD}.Debug|Any CPU.Build.0 = Debug|Any CPU
		{BEA130EC-3920-42F3-AD18-A72231881DBD}.Debug|Mixed Platforms.ActiveCfg = Debug|Any CPU
		{BEA130EC-3920-42F3-AD18-A72231881DBD}.Debug|Mixed Platforms.Build.0 = Debug|Any CPU
		{BEA130EC-3920-42F3-AD18-A72231881DBD}.Debug|Win32.ActiveCfg = Debug|Any CPU
		{BEA130EC-3920-42F3-AD18-A72231881DBD}.Debug|x64.ActiveCfg = Debug|x64
		{BEA130EC-3920-42F3-AD18-A72231881DBD}.Debug|x64.Build.0 = Debug|x64
		{BEA130EC-3920-42F3-AD18-A72231881DBD}.Debug|x86.ActiveCfg = Debug|Any CPU
		{BEA130EC-3920-42F3-AD18-A72231881DBD}.Release|Any CPU.ActiveCfg = Release|Any CPU
		{BEA130EC-3920-42F3-AD18-A72231881DBD}.Release|Any CPU.Build.0 = Release|Any CPU
		{BEA130EC-3920-42F3-AD18-A72231881DBD}.Release|Mixed Platforms.ActiveCfg = Release|Any CPU
		{BEA130EC-3920-42F3-AD18-A72231881DBD}.Release|Mixed Platforms.Build.0 = Release|Any CPU
		{BEA130EC-3920-42F3-AD18-A72231881DBD}.Release|Win32.ActiveCfg = Release|Any CPU
		{BEA130EC-3920-42F3-AD18-A72231881DBD}.Release|x64.ActiveCfg = Release|x64
		{BEA130EC-3920-42F3-AD18-A72231881DBD}.Release|x64.Build.0 = Release|x64
		{BEA130EC-3920-42F3-AD18-A72231881DBD}.Release|x86.ActiveCfg = Release|Any CPU
		{D460989F-C801-44DA-B74F-E5187D99F446}.Debug|Any CPU.ActiveCfg = Debug|Any CPU
		{D460989F-C801-44DA-B74F-E5187D99F446}.Debug|Any CPU.Build.0 = Debug|Any CPU
		{D460989F-C801-44DA-B74F-E5187D99F446}.Debug|Mixed Platforms.ActiveCfg = Debug|Any CPU
		{D460989F-C801-44DA-B74F-E5187D99F446}.Debug|Mixed Platforms.Build.0 = Debug|Any CPU
		{D460989F-C801-44DA-B74F-E5187D99F446}.Debug|Win32.ActiveCfg = Debug|Any CPU
		{D460989F-C801-44DA-B74F-E5187D99F446}.Debug|x64.ActiveCfg = Debug|x64
		{D460989F-C801-44DA-B74F-E5187D99F446}.Debug|x64.Build.0 = Debug|x64
		{D460989F-C801-44DA-B74F-E5187D99F446}.Debug|x86.ActiveCfg = Debug|Any CPU
		{D460989F-C801-44DA-B74F-E5187D99F446}.Release|Any CPU.ActiveCfg = Release|Any CPU
		{D460989F-C801-44DA-B74F-E5187D99F446}.Release|Any CPU.Build.0 = Release|Any CPU
		{D460989F-C801-44DA-B74F-E5187D99F446}.Release|Mixed Platforms.ActiveCfg = Release|Any CPU
		{D460989F-C801-44DA-B74F-E5187D99F446}.Release|Mixed Platforms.Build.0 = Release|Any CPU
		{D460989F-C801-44DA-B74F-E5187D99F446}.Release|Win32.ActiveCfg = Release|Any CPU
		{D460989F-C801-44DA-B74F-E5187D99F446}.Release|x64.ActiveCfg = Release|x64
		{D460989F-C801-44DA-B74F-E5187D99F446}.Release|x64.Build.0 = Release|x64
		{D460989F-C801-44DA-B74F-E5187D99F446}.Release|x86.ActiveCfg = Release|Any CPU
		{387979CB-4468-4EDD-A6CD-38E3303CFC92}.Debug|Any CPU.ActiveCfg = Debug|Any CPU
		{387979CB-4468-4EDD-A6CD-38E3303CFC92}.Debug|Any CPU.Build.0 = Debug|Any CPU
		{387979CB-4468-4EDD-A6CD-38E3303CFC92}.Debug|Mixed Platforms.ActiveCfg = Debug|Any CPU
		{387979CB-4468-4EDD-A6CD-38E3303CFC92}.Debug|Mixed Platforms.Build.0 = Debug|Any CPU
		{387979CB-4468-4EDD-A6CD-38E3303CFC92}.Debug|Win32.ActiveCfg = Debug|Any CPU
		{387979CB-4468-4EDD-A6CD-38E3303CFC92}.Debug|x64.ActiveCfg = Debug|x64
		{387979CB-4468-4EDD-A6CD-38E3303CFC92}.Debug|x64.Build.0 = Debug|x64
		{387979CB-4468-4EDD-A6CD-38E3303CFC92}.Debug|x86.ActiveCfg = Debug|Any CPU
		{387979CB-4468-4EDD-A6CD-38E3303CFC92}.Release|Any CPU.ActiveCfg = Release|Any CPU
		{387979CB-4468-4EDD-A6CD-38E3303CFC92}.Release|Any CPU.Build.0 = Release|Any CPU
		{387979CB-4468-4EDD-A6CD-38E3303CFC92}.Release|Mixed Platforms.ActiveCfg = Release|Any CPU
		{387979CB-4468-4EDD-A6CD-38E3303CFC92}.Release|Mixed Platforms.Build.0 = Release|Any CPU
		{387979CB-4468-4EDD-A6CD-38E3303CFC92}.Release|Win32.ActiveCfg = Release|Any CPU
		{387979CB-4468-4EDD-A6CD-38E3303CFC92}.Release|x64.ActiveCfg = Release|x64
		{387979CB-4468-4EDD-A6CD-38E3303CFC92}.Release|x64.Build.0 = Release|x64
		{387979CB-4468-4EDD-A6CD-38E3303CFC92}.Release|x86.ActiveCfg = Release|Any CPU
	EndGlobalSection
	GlobalSection(SolutionProperties) = preSolution
		HideSolutionNode = FALSE
	EndGlobalSection
	GlobalSection(NestedProjects) = preSolution
		{5D273260-69B2-49ED-8B82-21E0BC9D0778} = {2C5EBDCB-D9AA-4A5B-B6DF-E52974B8BD2C}
		{520A0AD7-41EA-4779-9142-3BC13868168D} = {2C5EBDCB-D9AA-4A5B-B6DF-E52974B8BD2C}
		{9DDFE474-0A4C-492C-82B2-C0A850217774} = {2C5EBDCB-D9AA-4A5B-B6DF-E52974B8BD2C}
		{EA325EEA-CB1E-4517-974B-7205C8420198} = {2C5EBDCB-D9AA-4A5B-B6DF-E52974B8BD2C}
		{3E09373E-33C7-4119-9FC9-068A141668E1} = {C18F4048-EE40-400A-9283-3F419EB04BF2}
		{C58CB0F1-E7D4-4445-8414-CA9662E24E4E} = {F198125A-8AA1-4258-9545-6C6C50EAD439}
		{7B6ECA13-1C53-4F4F-9EB5-877D5A7E6356} = {C18F4048-EE40-400A-9283-3F419EB04BF2}
		{CE1A029C-63C1-4B26-BAD9-C62D64DC089E} = {C18F4048-EE40-400A-9283-3F419EB04BF2}
		{D4C765AF-AC85-472D-9549-5D682015A124} = {2C5EBDCB-D9AA-4A5B-B6DF-E52974B8BD2C}
		{C32F57FC-32D0-4853-8145-2645A559BF6B} = {2C5EBDCB-D9AA-4A5B-B6DF-E52974B8BD2C}
		{3B9034D2-15EB-48E7-A5EC-46351458B117} = {5EFB5109-C1EE-4DC6-ACB9-4C16C129D796}
		{640ABD90-29B0-4CEF-99B5-68B0FA9FAC09} = {5EFB5109-C1EE-4DC6-ACB9-4C16C129D796}
		{150B212C-FB52-4A96-8A5C-9B00477875C6} = {5EFB5109-C1EE-4DC6-ACB9-4C16C129D796}
		{40F3E529-C9BC-4C90-BC5B-EFB93E93E3D3} = {5EFB5109-C1EE-4DC6-ACB9-4C16C129D796}
		{E0FD0250-8740-4501-BDCB-13AED3D208CE} = {5EFB5109-C1EE-4DC6-ACB9-4C16C129D796}
		{F198125A-8AA1-4258-9545-6C6C50EAD439} = {C18F4048-EE40-400A-9283-3F419EB04BF2}
		{4AEA9ACD-3C74-4B59-8628-99C708A2F4BD} = {2C5EBDCB-D9AA-4A5B-B6DF-E52974B8BD2C}
		{9C213D37-3249-453F-BA30-460255EA955D} = {DC06D7E3-73A5-415B-8937-E66C64AD7C05}
		{9FE417F8-022C-40E7-9574-BA7014339B6D} = {DC06D7E3-73A5-415B-8937-E66C64AD7C05}
		{56A080A0-CDFF-4888-AC1E-B40F0438929D} = {5EFB5109-C1EE-4DC6-ACB9-4C16C129D796}
		{3E2A2F70-2A98-4645-86AA-B3D8C5D35D58} = {DC06D7E3-73A5-415B-8937-E66C64AD7C05}
		{5579F5EC-3490-4C36-B2C1-BED348951F06} = {DC06D7E3-73A5-415B-8937-E66C64AD7C05}
		{0541F780-7CF5-4DFA-AF3A-7F05005CDEFD} = {DC06D7E3-73A5-415B-8937-E66C64AD7C05}
		{67AF087D-606E-44F4-9396-74BF2AB160E2} = {DC06D7E3-73A5-415B-8937-E66C64AD7C05}
		{1DBAA0AA-A210-44F2-AFD5-BC4E219BC40F} = {DC06D7E3-73A5-415B-8937-E66C64AD7C05}
		{BEA130EC-3920-42F3-AD18-A72231881DBD} = {DC06D7E3-73A5-415B-8937-E66C64AD7C05}
		{D460989F-C801-44DA-B74F-E5187D99F446} = {DC06D7E3-73A5-415B-8937-E66C64AD7C05}
		{387979CB-4468-4EDD-A6CD-38E3303CFC92} = {DC06D7E3-73A5-415B-8937-E66C64AD7C05}
	EndGlobalSection
	GlobalSection(Performance) = preSolution
		HasPerformanceSessions = true
	EndGlobalSection
EndGlobal
