
Microsoft Visual Studio Solution File, Format Version 12.00
# Visual Studio 14
VisualStudioVersion = 14.0.25420.1
MinimumVisualStudioVersion = 10.0.40219.1
Project("{FAE04EC0-301F-11D3-BF4B-00C04F79EFBC}") = "NRough.Data", "NRough.Data\NRough.Data.csproj", "{A98784BB-1E90-4FC6-949D-D2CFADCC45CD}"
	ProjectSection(ProjectDependencies) = postProject
		{A8C06C97-4B48-4531-A69E-E9CCAF1A9471} = {A8C06C97-4B48-4531-A69E-E9CCAF1A9471}
		{DB7629E7-BB5C-4197-89D3-A9EB0E5D4E0A} = {DB7629E7-BB5C-4197-89D3-A9EB0E5D4E0A}
	EndProjectSection
EndProject
Project("{FAE04EC0-301F-11D3-BF4B-00C04F79EFBC}") = "NRough.Core", "NRough.Core\NRough.Core.csproj", "{A8C06C97-4B48-4531-A69E-E9CCAF1A9471}"
EndProject
Project("{2150E333-8FDC-42A3-9474-1A3956D46DE8}") = "Solution Items", "Solution Items", "{782E2AE5-62EB-4A45-9F48-7131603041FA}"
	ProjectSection(SolutionItems) = preProject
		License.txt = License.txt
		NRough.FxCop = NRough.FxCop
		NRough.nunit = NRough.nunit
		NRough.pfx = NRough.pfx
	EndProjectSection
EndProject
Project("{FAE04EC0-301F-11D3-BF4B-00C04F79EFBC}") = "NRough.MachineLearning", "NRough.MachineLearning\NRough.MachineLearning.csproj", "{82E1F95C-4559-44AB-9114-42E78DA331A1}"
	ProjectSection(ProjectDependencies) = postProject
		{A8C06C97-4B48-4531-A69E-E9CCAF1A9471} = {A8C06C97-4B48-4531-A69E-E9CCAF1A9471}
		{A98784BB-1E90-4FC6-949D-D2CFADCC45CD} = {A98784BB-1E90-4FC6-949D-D2CFADCC45CD}
		{DB7629E7-BB5C-4197-89D3-A9EB0E5D4E0A} = {DB7629E7-BB5C-4197-89D3-A9EB0E5D4E0A}
	EndProjectSection
EndProject
Project("{FAE04EC0-301F-11D3-BF4B-00C04F79EFBC}") = "NRough.Tests.Data", "NRough.Tests.Data\NRough.Tests.Data.csproj", "{5D273260-69B2-49ED-8B82-21E0BC9D0778}"
	ProjectSection(ProjectDependencies) = postProject
		{82E1F95C-4559-44AB-9114-42E78DA331A1} = {82E1F95C-4559-44AB-9114-42E78DA331A1}
		{A8C06C97-4B48-4531-A69E-E9CCAF1A9471} = {A8C06C97-4B48-4531-A69E-E9CCAF1A9471}
		{A98784BB-1E90-4FC6-949D-D2CFADCC45CD} = {A98784BB-1E90-4FC6-949D-D2CFADCC45CD}
	EndProjectSection
EndProject
Project("{FAE04EC0-301F-11D3-BF4B-00C04F79EFBC}") = "NRough.Tests.TestAssembly", "Infovision.TestAssembly\NRough.Tests.TestAssembly.csproj", "{9DDFE474-0A4C-492C-82B2-C0A850217774}"
EndProject
Project("{FAE04EC0-301F-11D3-BF4B-00C04F79EFBC}") = "NRough.Tests.Core", "NRough.Tests.Core\NRough.Tests.Core.csproj", "{EA325EEA-CB1E-4517-974B-7205C8420198}"
	ProjectSection(ProjectDependencies) = postProject
		{A8C06C97-4B48-4531-A69E-E9CCAF1A9471} = {A8C06C97-4B48-4531-A69E-E9CCAF1A9471}
	EndProjectSection
EndProject
Project("{FAE04EC0-301F-11D3-BF4B-00C04F79EFBC}") = "NRough.MRI", "Infovision.MRI\NRough.MRI.csproj", "{3E09373E-33C7-4119-9FC9-068A141668E1}"
	ProjectSection(ProjectDependencies) = postProject
		{A8C06C97-4B48-4531-A69E-E9CCAF1A9471} = {A8C06C97-4B48-4531-A69E-E9CCAF1A9471}
		{BDCA67F1-8B38-4F12-9149-D93D7C23CB26} = {BDCA67F1-8B38-4F12-9149-D93D7C23CB26}
	EndProjectSection
EndProject
Project("{FAE04EC0-301F-11D3-BF4B-00C04F79EFBC}") = "NRough.MRI.Tests", "Infovision.MRI.UnitTests\NRough.MRI.Tests.csproj", "{C58CB0F1-E7D4-4445-8414-CA9662E24E4E}"
	ProjectSection(ProjectDependencies) = postProject
		{3E09373E-33C7-4119-9FC9-068A141668E1} = {3E09373E-33C7-4119-9FC9-068A141668E1}
	EndProjectSection
EndProject
Project("{FAE04EC0-301F-11D3-BF4B-00C04F79EFBC}") = "NRough.MRI.UI", "infovision.MRIFeatureExtractor\NRough.MRI.UI.csproj", "{7B6ECA13-1C53-4F4F-9EB5-877D5A7E6356}"
	ProjectSection(ProjectDependencies) = postProject
		{CE1A029C-63C1-4B26-BAD9-C62D64DC089E} = {CE1A029C-63C1-4B26-BAD9-C62D64DC089E}
	EndProjectSection
EndProject
Project("{FAE04EC0-301F-11D3-BF4B-00C04F79EFBC}") = "NRough.MRI.DAL", "Infovision.MRI.DAL\NRough.MRI.DAL.csproj", "{CE1A029C-63C1-4B26-BAD9-C62D64DC089E}"
	ProjectSection(ProjectDependencies) = postProject
		{3E09373E-33C7-4119-9FC9-068A141668E1} = {3E09373E-33C7-4119-9FC9-068A141668E1}
	EndProjectSection
EndProject
Project("{2150E333-8FDC-42A3-9474-1A3956D46DE8}") = ".nuget", ".nuget", "{79AD8C8D-3C0F-4BCA-9818-3A82E444564D}"
	ProjectSection(SolutionItems) = preProject
		.nuget\NuGet.Config = .nuget\NuGet.Config
	EndProjectSection
EndProject
Project("{FAE04EC0-301F-11D3-BF4B-00C04F79EFBC}") = "NRough.MachineLearning.Experimenter", "Infovision.Datamining.Experimenter\NRough.MachineLearning.Experimenter.csproj", "{BDCA67F1-8B38-4F12-9149-D93D7C23CB26}"
EndProject
Project("{FAE04EC0-301F-11D3-BF4B-00C04F79EFBC}") = "NRough.Tests.MachineLearning.Experimenter", "Infovision.Datamining.Experimenter.Test\NRough.Tests.MachineLearning.Experimenter.csproj", "{D4C765AF-AC85-472D-9549-5D682015A124}"
EndProject
Project("{2150E333-8FDC-42A3-9474-1A3956D46DE8}") = "Tests", "Tests", "{2C5EBDCB-D9AA-4A5B-B6DF-E52974B8BD2C}"
EndProject
Project("{FAE04EC0-301F-11D3-BF4B-00C04F79EFBC}") = "NRough.Tests.MachineLearning", "NRough.Tests.MachineLearning\NRough.Tests.MachineLearning.csproj", "{C32F57FC-32D0-4853-8145-2645A559BF6B}"
	ProjectSection(ProjectDependencies) = postProject
		{9DDFE474-0A4C-492C-82B2-C0A850217774} = {9DDFE474-0A4C-492C-82B2-C0A850217774}
	EndProjectSection
EndProject
Project("{FAE04EC0-301F-11D3-BF4B-00C04F79EFBC}") = "NRough.Math", "NRough.Math\NRough.Math.csproj", "{DB7629E7-BB5C-4197-89D3-A9EB0E5D4E0A}"
EndProject
Project("{2150E333-8FDC-42A3-9474-1A3956D46DE8}") = "external", "external", "{5EFB5109-C1EE-4DC6-ACB9-4C16C129D796}"
EndProject
Project("{2150E333-8FDC-42A3-9474-1A3956D46DE8}") = "IntervalTreeLib", "IntervalTreeLib", "{3B9034D2-15EB-48E7-A5EC-46351458B117}"
	ProjectSection(SolutionItems) = preProject
		external\IntervalTreeLib\IntervalTreeLib.dll = external\IntervalTreeLib\IntervalTreeLib.dll
		external\IntervalTreeLib\IntervalTreeLib.pdb = external\IntervalTreeLib\IntervalTreeLib.pdb
		external\IntervalTreeLib\PowerCollections.dll = external\IntervalTreeLib\PowerCollections.dll
		external\IntervalTreeLib\PowerCollections.pdb = external\IntervalTreeLib\PowerCollections.pdb
	EndProjectSection
EndProject
Project("{2150E333-8FDC-42A3-9474-1A3956D46DE8}") = "MRI", "MRI", "{C18F4048-EE40-400A-9283-3F419EB04BF2}"
EndProject
Project("{2150E333-8FDC-42A3-9474-1A3956D46DE8}") = "SimpleITKx64", "SimpleITKx64", "{640ABD90-29B0-4CEF-99B5-68B0FA9FAC09}"
	ProjectSection(SolutionItems) = preProject
		external\SimpleITK\SimpleITK-0.9.1-CSharp-win64-x64\ITK-4.8-NOTICE = external\SimpleITK\SimpleITK-0.9.1-CSharp-win64-x64\ITK-4.8-NOTICE
		external\SimpleITK\SimpleITK-0.9.1-CSharp-win64-x64\ITK-4.8-README.txt = external\SimpleITK\SimpleITK-0.9.1-CSharp-win64-x64\ITK-4.8-README.txt
		external\SimpleITK\SimpleITK-0.9.1-CSharp-win64-x64\LICENSE = external\SimpleITK\SimpleITK-0.9.1-CSharp-win64-x64\LICENSE
		external\SimpleITK\SimpleITK-0.9.1-CSharp-win64-x64\NOTICE = external\SimpleITK\SimpleITK-0.9.1-CSharp-win64-x64\NOTICE
		external\SimpleITK\SimpleITK-0.9.1-CSharp-win64-x64\Readme.md = external\SimpleITK\SimpleITK-0.9.1-CSharp-win64-x64\Readme.md
		external\SimpleITK\SimpleITK-0.9.1-CSharp-win64-x64\SimpleITKCSharpManaged.dll = external\SimpleITK\SimpleITK-0.9.1-CSharp-win64-x64\SimpleITKCSharpManaged.dll
		external\SimpleITK\SimpleITK-0.9.1-CSharp-win64-x64\SimpleITKCSharpNative.dll = external\SimpleITK\SimpleITK-0.9.1-CSharp-win64-x64\SimpleITKCSharpNative.dll
	EndProjectSection
EndProject
Project("{2150E333-8FDC-42A3-9474-1A3956D46DE8}") = "GenericParsing", "GenericParsing", "{150B212C-FB52-4A96-8A5C-9B00477875C6}"
	ProjectSection(SolutionItems) = preProject
		external\GenericParsing\GenericParser.xml = external\GenericParsing\GenericParser.xml
		external\GenericParsing\GenericParsing.bak = external\GenericParsing\GenericParsing.bak
		external\GenericParsing\GenericParsing.chm = external\GenericParsing\GenericParsing.chm
		external\GenericParsing\GenericParsing.dll = external\GenericParsing\GenericParsing.dll
	EndProjectSection
EndProject
Project("{2150E333-8FDC-42A3-9474-1A3956D46DE8}") = "skmDataStructures", "skmDataStructures", "{40F3E529-C9BC-4C90-BC5B-EFB93E93E3D3}"
	ProjectSection(SolutionItems) = preProject
		external\skmDataStructures\skmDataStructures.dll = external\skmDataStructures\skmDataStructures.dll
		external\skmDataStructures\skmDataStructures.pdb = external\skmDataStructures\skmDataStructures.pdb
	EndProjectSection
EndProject
Project("{2150E333-8FDC-42A3-9474-1A3956D46DE8}") = "SimpleITKx86", "SimpleITKx86", "{E0FD0250-8740-4501-BDCB-13AED3D208CE}"
	ProjectSection(SolutionItems) = preProject
		external\SimpleITK\SimpleITK-0.9.1-CSharp-win32-x86\ITK-4.8-NOTICE = external\SimpleITK\SimpleITK-0.9.1-CSharp-win32-x86\ITK-4.8-NOTICE
		external\SimpleITK\SimpleITK-0.9.1-CSharp-win32-x86\ITK-4.8-README.txt = external\SimpleITK\SimpleITK-0.9.1-CSharp-win32-x86\ITK-4.8-README.txt
		external\SimpleITK\SimpleITK-0.9.1-CSharp-win32-x86\LICENSE = external\SimpleITK\SimpleITK-0.9.1-CSharp-win32-x86\LICENSE
		external\SimpleITK\SimpleITK-0.9.1-CSharp-win32-x86\NOTICE = external\SimpleITK\SimpleITK-0.9.1-CSharp-win32-x86\NOTICE
		external\SimpleITK\SimpleITK-0.9.1-CSharp-win32-x86\Readme.md = external\SimpleITK\SimpleITK-0.9.1-CSharp-win32-x86\Readme.md
		external\SimpleITK\SimpleITK-0.9.1-CSharp-win32-x86\SimpleITKCSharpManaged.dll = external\SimpleITK\SimpleITK-0.9.1-CSharp-win32-x86\SimpleITKCSharpManaged.dll
		external\SimpleITK\SimpleITK-0.9.1-CSharp-win32-x86\SimpleITKCSharpNative.dll = external\SimpleITK\SimpleITK-0.9.1-CSharp-win32-x86\SimpleITKCSharpNative.dll
	EndProjectSection
EndProject
Project("{2150E333-8FDC-42A3-9474-1A3956D46DE8}") = "Unit Tests", "Unit Tests", "{F198125A-8AA1-4258-9545-6C6C50EAD439}"
EndProject
Project("{FAE04EC0-301F-11D3-BF4B-00C04F79EFBC}") = "NRough.Tests.Math", "NRough.Tests.Math\NRough.Tests.Math.csproj", "{4AEA9ACD-3C74-4B59-8628-99C708A2F4BD}"
EndProject
Project("{2150E333-8FDC-42A3-9474-1A3956D46DE8}") = "Applications", "Applications", "{DC06D7E3-73A5-415B-8937-E66C64AD7C05}"
EndProject
Project("{FAE04EC0-301F-11D3-BF4B-00C04F79EFBC}") = "ApproxReductBoosting", "ApproxReductBoosting\ApproxReductBoosting.csproj", "{9C213D37-3249-453F-BA30-460255EA955D}"
	ProjectSection(ProjectDependencies) = postProject
		{82E1F95C-4559-44AB-9114-42E78DA331A1} = {82E1F95C-4559-44AB-9114-42E78DA331A1}
		{A8C06C97-4B48-4531-A69E-E9CCAF1A9471} = {A8C06C97-4B48-4531-A69E-E9CCAF1A9471}
		{A98784BB-1E90-4FC6-949D-D2CFADCC45CD} = {A98784BB-1E90-4FC6-949D-D2CFADCC45CD}
		{BDCA67F1-8B38-4F12-9149-D93D7C23CB26} = {BDCA67F1-8B38-4F12-9149-D93D7C23CB26}
	EndProjectSection
EndProject
Project("{FAE04EC0-301F-11D3-BF4B-00C04F79EFBC}") = "ApproxReductBoostingCV", "ApproxReductBoostingCV\ApproxReductBoostingCV.csproj", "{9FE417F8-022C-40E7-9574-BA7014339B6D}"
	ProjectSection(ProjectDependencies) = postProject
		{82E1F95C-4559-44AB-9114-42E78DA331A1} = {82E1F95C-4559-44AB-9114-42E78DA331A1}
		{A8C06C97-4B48-4531-A69E-E9CCAF1A9471} = {A8C06C97-4B48-4531-A69E-E9CCAF1A9471}
		{A98784BB-1E90-4FC6-949D-D2CFADCC45CD} = {A98784BB-1E90-4FC6-949D-D2CFADCC45CD}
		{BDCA67F1-8B38-4F12-9149-D93D7C23CB26} = {BDCA67F1-8B38-4F12-9149-D93D7C23CB26}
	EndProjectSection
EndProject
Project("{2150E333-8FDC-42A3-9474-1A3956D46DE8}") = "MiscUtil", "MiscUtil", "{56A080A0-CDFF-4888-AC1E-B40F0438929D}"
	ProjectSection(SolutionItems) = preProject
		external\MiscUtil\MiscUtil.dll = external\MiscUtil\MiscUtil.dll
	EndProjectSection
EndProject
Project("{FAE04EC0-301F-11D3-BF4B-00C04F79EFBC}") = "ExceptionRulesTest", "ExceptionRulesTest\ExceptionRulesTest.csproj", "{3E2A2F70-2A98-4645-86AA-B3D8C5D35D58}"
EndProject
Project("{FAE04EC0-301F-11D3-BF4B-00C04F79EFBC}") = "DisesorTest", "DisesorTest\DisesorTest.csproj", "{5579F5EC-3490-4C36-B2C1-BED348951F06}"
	ProjectSection(ProjectDependencies) = postProject
		{82E1F95C-4559-44AB-9114-42E78DA331A1} = {82E1F95C-4559-44AB-9114-42E78DA331A1}
		{A8C06C97-4B48-4531-A69E-E9CCAF1A9471} = {A8C06C97-4B48-4531-A69E-E9CCAF1A9471}
		{A98784BB-1E90-4FC6-949D-D2CFADCC45CD} = {A98784BB-1E90-4FC6-949D-D2CFADCC45CD}
		{DB7629E7-BB5C-4197-89D3-A9EB0E5D4E0A} = {DB7629E7-BB5C-4197-89D3-A9EB0E5D4E0A}
		{BDCA67F1-8B38-4F12-9149-D93D7C23CB26} = {BDCA67F1-8B38-4F12-9149-D93D7C23CB26}
	EndProjectSection
EndProject
Project("{FAE04EC0-301F-11D3-BF4B-00C04F79EFBC}") = "DisesorTuning", "DisesorTuning\DisesorTuning.csproj", "{0541F780-7CF5-4DFA-AF3A-7F05005CDEFD}"
	ProjectSection(ProjectDependencies) = postProject
		{82E1F95C-4559-44AB-9114-42E78DA331A1} = {82E1F95C-4559-44AB-9114-42E78DA331A1}
		{A8C06C97-4B48-4531-A69E-E9CCAF1A9471} = {A8C06C97-4B48-4531-A69E-E9CCAF1A9471}
		{A98784BB-1E90-4FC6-949D-D2CFADCC45CD} = {A98784BB-1E90-4FC6-949D-D2CFADCC45CD}
		{DB7629E7-BB5C-4197-89D3-A9EB0E5D4E0A} = {DB7629E7-BB5C-4197-89D3-A9EB0E5D4E0A}
		{BDCA67F1-8B38-4F12-9149-D93D7C23CB26} = {BDCA67F1-8B38-4F12-9149-D93D7C23CB26}
	EndProjectSection
EndProject
Project("{FAE04EC0-301F-11D3-BF4B-00C04F79EFBC}") = "ExceptionRulesTiming", "ExceptionRulesTiming\ExceptionRulesTiming.csproj", "{67AF087D-606E-44F4-9396-74BF2AB160E2}"
	ProjectSection(ProjectDependencies) = postProject
		{82E1F95C-4559-44AB-9114-42E78DA331A1} = {82E1F95C-4559-44AB-9114-42E78DA331A1}
		{A8C06C97-4B48-4531-A69E-E9CCAF1A9471} = {A8C06C97-4B48-4531-A69E-E9CCAF1A9471}
		{A98784BB-1E90-4FC6-949D-D2CFADCC45CD} = {A98784BB-1E90-4FC6-949D-D2CFADCC45CD}
	EndProjectSection
EndProject
Project("{FAE04EC0-301F-11D3-BF4B-00C04F79EFBC}") = "VotingVsRuleInduction", "VotingVsRuleInduction\VotingVsRuleInduction.csproj", "{1DBAA0AA-A210-44F2-AFD5-BC4E219BC40F}"
EndProject
Project("{FAE04EC0-301F-11D3-BF4B-00C04F79EFBC}") = "DermoReducts", "DermoReducts\DermoReducts.csproj", "{BEA130EC-3920-42F3-AD18-A72231881DBD}"
	ProjectSection(ProjectDependencies) = postProject
		{82E1F95C-4559-44AB-9114-42E78DA331A1} = {82E1F95C-4559-44AB-9114-42E78DA331A1}
		{A8C06C97-4B48-4531-A69E-E9CCAF1A9471} = {A8C06C97-4B48-4531-A69E-E9CCAF1A9471}
		{A98784BB-1E90-4FC6-949D-D2CFADCC45CD} = {A98784BB-1E90-4FC6-949D-D2CFADCC45CD}
		{BDCA67F1-8B38-4F12-9149-D93D7C23CB26} = {BDCA67F1-8B38-4F12-9149-D93D7C23CB26}
	EndProjectSection
EndProject
Project("{FAE04EC0-301F-11D3-BF4B-00C04F79EFBC}") = "MajorityGeneralizedDecisionTest", "MajorityGeneralizedDecisionTest\MajorityGeneralizedDecisionTest.csproj", "{D460989F-C801-44DA-B74F-E5187D99F446}"
	ProjectSection(ProjectDependencies) = postProject
		{82E1F95C-4559-44AB-9114-42E78DA331A1} = {82E1F95C-4559-44AB-9114-42E78DA331A1}
		{A98784BB-1E90-4FC6-949D-D2CFADCC45CD} = {A98784BB-1E90-4FC6-949D-D2CFADCC45CD}
	EndProjectSection
EndProject
Project("{FAE04EC0-301F-11D3-BF4B-00C04F79EFBC}") = "LoadSQLRoughsetDB", "LoadSQLRoughsetDB\LoadSQLRoughsetDB.csproj", "{387979CB-4468-4EDD-A6CD-38E3303CFC92}"
EndProject
Project("{2150E333-8FDC-42A3-9474-1A3956D46DE8}") = "OLAP", "OLAP", "{2579FDB4-410B-488A-986A-FCD52A161761}"
EndProject
Project("{00D1A9C2-B5F0-4AF3-8072-F6C62B433612}") = "RoughDB", "RoughDB\RoughDB.sqlproj", "{36B5C6E2-7E39-4144-9A59-F43ABB4B2463}"
EndProject
Project("{FAE04EC0-301F-11D3-BF4B-00C04F79EFBC}") = "MRIExceptions", "MRIExceptions\MRIExceptions.csproj", "{6BBF1A65-3D72-4F26-807B-82689E2AA90E}"
	ProjectSection(ProjectDependencies) = postProject
		{82E1F95C-4559-44AB-9114-42E78DA331A1} = {82E1F95C-4559-44AB-9114-42E78DA331A1}
		{A98784BB-1E90-4FC6-949D-D2CFADCC45CD} = {A98784BB-1E90-4FC6-949D-D2CFADCC45CD}
	EndProjectSection
EndProject
Project("{FAE04EC0-301F-11D3-BF4B-00C04F79EFBC}") = "DecisionForestTest", "DecisionForestTest\DecisionForestTest.csproj", "{49B766A1-58E9-4943-A597-1572C4A30030}"
EndProject
Project("{FAE04EC0-301F-11D3-BF4B-00C04F79EFBC}") = "NRough.UnitTest.Runner", "Infovision.UnitTest.Runner\NRough.UnitTest.Runner.csproj", "{44513510-2207-420A-AA54-3BC1E0D122F3}"
EndProject
Global
	GlobalSection(SolutionConfigurationPlatforms) = preSolution
		Debug|Any CPU = Debug|Any CPU
		Debug|Mixed Platforms = Debug|Mixed Platforms
		Debug|Win32 = Debug|Win32
		Debug|x64 = Debug|x64
		Debug|x86 = Debug|x86
		Development|Any CPU = Development|Any CPU
		Development|Mixed Platforms = Development|Mixed Platforms
		Development|Win32 = Development|Win32
		Development|x64 = Development|x64
		Development|x86 = Development|x86
		Release|Any CPU = Release|Any CPU
		Release|Mixed Platforms = Release|Mixed Platforms
		Release|Win32 = Release|Win32
		Release|x64 = Release|x64
		Release|x86 = Release|x86
	EndGlobalSection
	GlobalSection(ProjectConfigurationPlatforms) = postSolution
		{A98784BB-1E90-4FC6-949D-D2CFADCC45CD}.Debug|Any CPU.ActiveCfg = Debug|Any CPU
		{A98784BB-1E90-4FC6-949D-D2CFADCC45CD}.Debug|Any CPU.Build.0 = Debug|Any CPU
		{A98784BB-1E90-4FC6-949D-D2CFADCC45CD}.Debug|Mixed Platforms.ActiveCfg = Debug|Any CPU
		{A98784BB-1E90-4FC6-949D-D2CFADCC45CD}.Debug|Mixed Platforms.Build.0 = Debug|Any CPU
		{A98784BB-1E90-4FC6-949D-D2CFADCC45CD}.Debug|Win32.ActiveCfg = Debug|Any CPU
		{A98784BB-1E90-4FC6-949D-D2CFADCC45CD}.Debug|x64.ActiveCfg = Debug|x64
		{A98784BB-1E90-4FC6-949D-D2CFADCC45CD}.Debug|x64.Build.0 = Debug|x64
		{A98784BB-1E90-4FC6-949D-D2CFADCC45CD}.Debug|x86.ActiveCfg = Debug|Any CPU
		{A98784BB-1E90-4FC6-949D-D2CFADCC45CD}.Development|Any CPU.ActiveCfg = Debug|Any CPU
		{A98784BB-1E90-4FC6-949D-D2CFADCC45CD}.Development|Any CPU.Build.0 = Debug|Any CPU
		{A98784BB-1E90-4FC6-949D-D2CFADCC45CD}.Development|Mixed Platforms.ActiveCfg = Debug|Any CPU
		{A98784BB-1E90-4FC6-949D-D2CFADCC45CD}.Development|Mixed Platforms.Build.0 = Debug|Any CPU
		{A98784BB-1E90-4FC6-949D-D2CFADCC45CD}.Development|Win32.ActiveCfg = Debug|Any CPU
		{A98784BB-1E90-4FC6-949D-D2CFADCC45CD}.Development|x64.ActiveCfg = Debug|x64
		{A98784BB-1E90-4FC6-949D-D2CFADCC45CD}.Development|x64.Build.0 = Debug|x64
		{A98784BB-1E90-4FC6-949D-D2CFADCC45CD}.Development|x86.ActiveCfg = Debug|Any CPU
		{A98784BB-1E90-4FC6-949D-D2CFADCC45CD}.Release|Any CPU.ActiveCfg = Release|Any CPU
		{A98784BB-1E90-4FC6-949D-D2CFADCC45CD}.Release|Any CPU.Build.0 = Release|Any CPU
		{A98784BB-1E90-4FC6-949D-D2CFADCC45CD}.Release|Mixed Platforms.ActiveCfg = Release|Any CPU
		{A98784BB-1E90-4FC6-949D-D2CFADCC45CD}.Release|Mixed Platforms.Build.0 = Release|Any CPU
		{A98784BB-1E90-4FC6-949D-D2CFADCC45CD}.Release|Win32.ActiveCfg = Release|Any CPU
		{A98784BB-1E90-4FC6-949D-D2CFADCC45CD}.Release|x64.ActiveCfg = Release|x64
		{A98784BB-1E90-4FC6-949D-D2CFADCC45CD}.Release|x64.Build.0 = Release|x64
		{A98784BB-1E90-4FC6-949D-D2CFADCC45CD}.Release|x86.ActiveCfg = Release|Any CPU
		{A8C06C97-4B48-4531-A69E-E9CCAF1A9471}.Debug|Any CPU.ActiveCfg = Debug|Any CPU
		{A8C06C97-4B48-4531-A69E-E9CCAF1A9471}.Debug|Any CPU.Build.0 = Debug|Any CPU
		{A8C06C97-4B48-4531-A69E-E9CCAF1A9471}.Debug|Mixed Platforms.ActiveCfg = Debug|Any CPU
		{A8C06C97-4B48-4531-A69E-E9CCAF1A9471}.Debug|Mixed Platforms.Build.0 = Debug|Any CPU
		{A8C06C97-4B48-4531-A69E-E9CCAF1A9471}.Debug|Win32.ActiveCfg = Debug|Any CPU
		{A8C06C97-4B48-4531-A69E-E9CCAF1A9471}.Debug|x64.ActiveCfg = Debug|x64
		{A8C06C97-4B48-4531-A69E-E9CCAF1A9471}.Debug|x64.Build.0 = Debug|x64
		{A8C06C97-4B48-4531-A69E-E9CCAF1A9471}.Debug|x86.ActiveCfg = Debug|Any CPU
		{A8C06C97-4B48-4531-A69E-E9CCAF1A9471}.Development|Any CPU.ActiveCfg = Debug|Any CPU
		{A8C06C97-4B48-4531-A69E-E9CCAF1A9471}.Development|Any CPU.Build.0 = Debug|Any CPU
		{A8C06C97-4B48-4531-A69E-E9CCAF1A9471}.Development|Mixed Platforms.ActiveCfg = Debug|Any CPU
		{A8C06C97-4B48-4531-A69E-E9CCAF1A9471}.Development|Mixed Platforms.Build.0 = Debug|Any CPU
		{A8C06C97-4B48-4531-A69E-E9CCAF1A9471}.Development|Win32.ActiveCfg = Debug|Any CPU
		{A8C06C97-4B48-4531-A69E-E9CCAF1A9471}.Development|x64.ActiveCfg = Debug|x64
		{A8C06C97-4B48-4531-A69E-E9CCAF1A9471}.Development|x64.Build.0 = Debug|x64
		{A8C06C97-4B48-4531-A69E-E9CCAF1A9471}.Development|x86.ActiveCfg = Debug|Any CPU
		{A8C06C97-4B48-4531-A69E-E9CCAF1A9471}.Release|Any CPU.ActiveCfg = Release|Any CPU
		{A8C06C97-4B48-4531-A69E-E9CCAF1A9471}.Release|Any CPU.Build.0 = Release|Any CPU
		{A8C06C97-4B48-4531-A69E-E9CCAF1A9471}.Release|Mixed Platforms.ActiveCfg = Release|Any CPU
		{A8C06C97-4B48-4531-A69E-E9CCAF1A9471}.Release|Mixed Platforms.Build.0 = Release|Any CPU
		{A8C06C97-4B48-4531-A69E-E9CCAF1A9471}.Release|Win32.ActiveCfg = Release|Any CPU
		{A8C06C97-4B48-4531-A69E-E9CCAF1A9471}.Release|x64.ActiveCfg = Release|x64
		{A8C06C97-4B48-4531-A69E-E9CCAF1A9471}.Release|x64.Build.0 = Release|x64
		{A8C06C97-4B48-4531-A69E-E9CCAF1A9471}.Release|x86.ActiveCfg = Release|Any CPU
		{82E1F95C-4559-44AB-9114-42E78DA331A1}.Debug|Any CPU.ActiveCfg = Debug|Any CPU
		{82E1F95C-4559-44AB-9114-42E78DA331A1}.Debug|Any CPU.Build.0 = Debug|Any CPU
		{82E1F95C-4559-44AB-9114-42E78DA331A1}.Debug|Mixed Platforms.ActiveCfg = Debug|Any CPU
		{82E1F95C-4559-44AB-9114-42E78DA331A1}.Debug|Mixed Platforms.Build.0 = Debug|Any CPU
		{82E1F95C-4559-44AB-9114-42E78DA331A1}.Debug|Win32.ActiveCfg = Debug|Any CPU
		{82E1F95C-4559-44AB-9114-42E78DA331A1}.Debug|x64.ActiveCfg = Debug|x64
		{82E1F95C-4559-44AB-9114-42E78DA331A1}.Debug|x64.Build.0 = Debug|x64
		{82E1F95C-4559-44AB-9114-42E78DA331A1}.Debug|x86.ActiveCfg = Debug|Any CPU
		{82E1F95C-4559-44AB-9114-42E78DA331A1}.Development|Any CPU.ActiveCfg = Debug|Any CPU
		{82E1F95C-4559-44AB-9114-42E78DA331A1}.Development|Any CPU.Build.0 = Debug|Any CPU
		{82E1F95C-4559-44AB-9114-42E78DA331A1}.Development|Mixed Platforms.ActiveCfg = Debug|Any CPU
		{82E1F95C-4559-44AB-9114-42E78DA331A1}.Development|Mixed Platforms.Build.0 = Debug|Any CPU
		{82E1F95C-4559-44AB-9114-42E78DA331A1}.Development|Win32.ActiveCfg = Debug|Any CPU
		{82E1F95C-4559-44AB-9114-42E78DA331A1}.Development|x64.ActiveCfg = Debug|x64
		{82E1F95C-4559-44AB-9114-42E78DA331A1}.Development|x64.Build.0 = Debug|x64
		{82E1F95C-4559-44AB-9114-42E78DA331A1}.Development|x86.ActiveCfg = Debug|Any CPU
		{82E1F95C-4559-44AB-9114-42E78DA331A1}.Release|Any CPU.ActiveCfg = Release|Any CPU
		{82E1F95C-4559-44AB-9114-42E78DA331A1}.Release|Any CPU.Build.0 = Release|Any CPU
		{82E1F95C-4559-44AB-9114-42E78DA331A1}.Release|Mixed Platforms.ActiveCfg = Release|Any CPU
		{82E1F95C-4559-44AB-9114-42E78DA331A1}.Release|Mixed Platforms.Build.0 = Release|Any CPU
		{82E1F95C-4559-44AB-9114-42E78DA331A1}.Release|Win32.ActiveCfg = Release|Any CPU
		{82E1F95C-4559-44AB-9114-42E78DA331A1}.Release|x64.ActiveCfg = Release|x64
		{82E1F95C-4559-44AB-9114-42E78DA331A1}.Release|x64.Build.0 = Release|x64
		{82E1F95C-4559-44AB-9114-42E78DA331A1}.Release|x86.ActiveCfg = Release|Any CPU
		{5D273260-69B2-49ED-8B82-21E0BC9D0778}.Debug|Any CPU.ActiveCfg = Debug|Any CPU
		{5D273260-69B2-49ED-8B82-21E0BC9D0778}.Debug|Any CPU.Build.0 = Debug|Any CPU
		{5D273260-69B2-49ED-8B82-21E0BC9D0778}.Debug|Mixed Platforms.ActiveCfg = Debug|Any CPU
		{5D273260-69B2-49ED-8B82-21E0BC9D0778}.Debug|Mixed Platforms.Build.0 = Debug|Any CPU
		{5D273260-69B2-49ED-8B82-21E0BC9D0778}.Debug|Win32.ActiveCfg = Debug|Any CPU
		{5D273260-69B2-49ED-8B82-21E0BC9D0778}.Debug|x64.ActiveCfg = Debug|x64
		{5D273260-69B2-49ED-8B82-21E0BC9D0778}.Debug|x64.Build.0 = Debug|x64
		{5D273260-69B2-49ED-8B82-21E0BC9D0778}.Debug|x86.ActiveCfg = Debug|Any CPU
		{5D273260-69B2-49ED-8B82-21E0BC9D0778}.Development|Any CPU.ActiveCfg = Debug|Any CPU
		{5D273260-69B2-49ED-8B82-21E0BC9D0778}.Development|Any CPU.Build.0 = Debug|Any CPU
		{5D273260-69B2-49ED-8B82-21E0BC9D0778}.Development|Mixed Platforms.ActiveCfg = Debug|Any CPU
		{5D273260-69B2-49ED-8B82-21E0BC9D0778}.Development|Mixed Platforms.Build.0 = Debug|Any CPU
		{5D273260-69B2-49ED-8B82-21E0BC9D0778}.Development|Win32.ActiveCfg = Debug|Any CPU
		{5D273260-69B2-49ED-8B82-21E0BC9D0778}.Development|x64.ActiveCfg = Debug|x64
		{5D273260-69B2-49ED-8B82-21E0BC9D0778}.Development|x64.Build.0 = Debug|x64
		{5D273260-69B2-49ED-8B82-21E0BC9D0778}.Development|x86.ActiveCfg = Debug|Any CPU
		{5D273260-69B2-49ED-8B82-21E0BC9D0778}.Release|Any CPU.ActiveCfg = Release|Any CPU
		{5D273260-69B2-49ED-8B82-21E0BC9D0778}.Release|Any CPU.Build.0 = Release|Any CPU
		{5D273260-69B2-49ED-8B82-21E0BC9D0778}.Release|Mixed Platforms.ActiveCfg = Release|Any CPU
		{5D273260-69B2-49ED-8B82-21E0BC9D0778}.Release|Mixed Platforms.Build.0 = Release|Any CPU
		{5D273260-69B2-49ED-8B82-21E0BC9D0778}.Release|Win32.ActiveCfg = Release|Any CPU
		{5D273260-69B2-49ED-8B82-21E0BC9D0778}.Release|x64.ActiveCfg = Release|x64
		{5D273260-69B2-49ED-8B82-21E0BC9D0778}.Release|x64.Build.0 = Release|x64
		{5D273260-69B2-49ED-8B82-21E0BC9D0778}.Release|x86.ActiveCfg = Release|Any CPU
		{9DDFE474-0A4C-492C-82B2-C0A850217774}.Debug|Any CPU.ActiveCfg = Debug|Any CPU
		{9DDFE474-0A4C-492C-82B2-C0A850217774}.Debug|Any CPU.Build.0 = Debug|Any CPU
		{9DDFE474-0A4C-492C-82B2-C0A850217774}.Debug|Mixed Platforms.ActiveCfg = Debug|Any CPU
		{9DDFE474-0A4C-492C-82B2-C0A850217774}.Debug|Mixed Platforms.Build.0 = Debug|Any CPU
		{9DDFE474-0A4C-492C-82B2-C0A850217774}.Debug|Win32.ActiveCfg = Debug|Any CPU
		{9DDFE474-0A4C-492C-82B2-C0A850217774}.Debug|x64.ActiveCfg = Debug|x64
		{9DDFE474-0A4C-492C-82B2-C0A850217774}.Debug|x64.Build.0 = Debug|x64
		{9DDFE474-0A4C-492C-82B2-C0A850217774}.Debug|x86.ActiveCfg = Debug|Any CPU
		{9DDFE474-0A4C-492C-82B2-C0A850217774}.Development|Any CPU.ActiveCfg = Debug|Any CPU
		{9DDFE474-0A4C-492C-82B2-C0A850217774}.Development|Any CPU.Build.0 = Debug|Any CPU
		{9DDFE474-0A4C-492C-82B2-C0A850217774}.Development|Mixed Platforms.ActiveCfg = Debug|Any CPU
		{9DDFE474-0A4C-492C-82B2-C0A850217774}.Development|Mixed Platforms.Build.0 = Debug|Any CPU
		{9DDFE474-0A4C-492C-82B2-C0A850217774}.Development|Win32.ActiveCfg = Debug|Any CPU
		{9DDFE474-0A4C-492C-82B2-C0A850217774}.Development|x64.ActiveCfg = Debug|x64
		{9DDFE474-0A4C-492C-82B2-C0A850217774}.Development|x64.Build.0 = Debug|x64
		{9DDFE474-0A4C-492C-82B2-C0A850217774}.Development|x86.ActiveCfg = Debug|Any CPU
		{9DDFE474-0A4C-492C-82B2-C0A850217774}.Release|Any CPU.ActiveCfg = Release|Any CPU
		{9DDFE474-0A4C-492C-82B2-C0A850217774}.Release|Any CPU.Build.0 = Release|Any CPU
		{9DDFE474-0A4C-492C-82B2-C0A850217774}.Release|Mixed Platforms.ActiveCfg = Release|Any CPU
		{9DDFE474-0A4C-492C-82B2-C0A850217774}.Release|Mixed Platforms.Build.0 = Release|Any CPU
		{9DDFE474-0A4C-492C-82B2-C0A850217774}.Release|Win32.ActiveCfg = Release|Any CPU
		{9DDFE474-0A4C-492C-82B2-C0A850217774}.Release|x64.ActiveCfg = Release|x64
		{9DDFE474-0A4C-492C-82B2-C0A850217774}.Release|x86.ActiveCfg = Release|Any CPU
		{EA325EEA-CB1E-4517-974B-7205C8420198}.Debug|Any CPU.ActiveCfg = Debug|Any CPU
		{EA325EEA-CB1E-4517-974B-7205C8420198}.Debug|Any CPU.Build.0 = Debug|Any CPU
		{EA325EEA-CB1E-4517-974B-7205C8420198}.Debug|Mixed Platforms.ActiveCfg = Debug|Any CPU
		{EA325EEA-CB1E-4517-974B-7205C8420198}.Debug|Mixed Platforms.Build.0 = Debug|Any CPU
		{EA325EEA-CB1E-4517-974B-7205C8420198}.Debug|Win32.ActiveCfg = Debug|Any CPU
		{EA325EEA-CB1E-4517-974B-7205C8420198}.Debug|x64.ActiveCfg = Debug|x64
		{EA325EEA-CB1E-4517-974B-7205C8420198}.Debug|x64.Build.0 = Debug|x64
		{EA325EEA-CB1E-4517-974B-7205C8420198}.Debug|x86.ActiveCfg = Debug|Any CPU
		{EA325EEA-CB1E-4517-974B-7205C8420198}.Development|Any CPU.ActiveCfg = Debug|Any CPU
		{EA325EEA-CB1E-4517-974B-7205C8420198}.Development|Any CPU.Build.0 = Debug|Any CPU
		{EA325EEA-CB1E-4517-974B-7205C8420198}.Development|Mixed Platforms.ActiveCfg = Debug|Any CPU
		{EA325EEA-CB1E-4517-974B-7205C8420198}.Development|Mixed Platforms.Build.0 = Debug|Any CPU
		{EA325EEA-CB1E-4517-974B-7205C8420198}.Development|Win32.ActiveCfg = Debug|Any CPU
		{EA325EEA-CB1E-4517-974B-7205C8420198}.Development|x64.ActiveCfg = Debug|x64
		{EA325EEA-CB1E-4517-974B-7205C8420198}.Development|x64.Build.0 = Debug|x64
		{EA325EEA-CB1E-4517-974B-7205C8420198}.Development|x86.ActiveCfg = Debug|Any CPU
		{EA325EEA-CB1E-4517-974B-7205C8420198}.Release|Any CPU.ActiveCfg = Release|Any CPU
		{EA325EEA-CB1E-4517-974B-7205C8420198}.Release|Any CPU.Build.0 = Release|Any CPU
		{EA325EEA-CB1E-4517-974B-7205C8420198}.Release|Mixed Platforms.ActiveCfg = Release|Any CPU
		{EA325EEA-CB1E-4517-974B-7205C8420198}.Release|Mixed Platforms.Build.0 = Release|Any CPU
		{EA325EEA-CB1E-4517-974B-7205C8420198}.Release|Win32.ActiveCfg = Release|Any CPU
		{EA325EEA-CB1E-4517-974B-7205C8420198}.Release|x64.ActiveCfg = Release|x64
		{EA325EEA-CB1E-4517-974B-7205C8420198}.Release|x64.Build.0 = Release|x64
		{EA325EEA-CB1E-4517-974B-7205C8420198}.Release|x86.ActiveCfg = Release|Any CPU
		{3E09373E-33C7-4119-9FC9-068A141668E1}.Debug|Any CPU.ActiveCfg = Debug|Any CPU
		{3E09373E-33C7-4119-9FC9-068A141668E1}.Debug|Any CPU.Build.0 = Debug|Any CPU
		{3E09373E-33C7-4119-9FC9-068A141668E1}.Debug|Mixed Platforms.ActiveCfg = Debug|Any CPU
		{3E09373E-33C7-4119-9FC9-068A141668E1}.Debug|Win32.ActiveCfg = Debug|Any CPU
		{3E09373E-33C7-4119-9FC9-068A141668E1}.Debug|x64.ActiveCfg = Debug|x64
		{3E09373E-33C7-4119-9FC9-068A141668E1}.Debug|x64.Build.0 = Debug|x64
		{3E09373E-33C7-4119-9FC9-068A141668E1}.Debug|x86.ActiveCfg = Debug|Any CPU
		{3E09373E-33C7-4119-9FC9-068A141668E1}.Development|Any CPU.ActiveCfg = Debug|Any CPU
		{3E09373E-33C7-4119-9FC9-068A141668E1}.Development|Any CPU.Build.0 = Debug|Any CPU
		{3E09373E-33C7-4119-9FC9-068A141668E1}.Development|Mixed Platforms.ActiveCfg = Debug|Any CPU
		{3E09373E-33C7-4119-9FC9-068A141668E1}.Development|Mixed Platforms.Build.0 = Debug|Any CPU
		{3E09373E-33C7-4119-9FC9-068A141668E1}.Development|Win32.ActiveCfg = Debug|Any CPU
		{3E09373E-33C7-4119-9FC9-068A141668E1}.Development|x64.ActiveCfg = Debug|x64
		{3E09373E-33C7-4119-9FC9-068A141668E1}.Development|x64.Build.0 = Debug|x64
		{3E09373E-33C7-4119-9FC9-068A141668E1}.Development|x86.ActiveCfg = Debug|Any CPU
		{3E09373E-33C7-4119-9FC9-068A141668E1}.Release|Any CPU.ActiveCfg = Release|Any CPU
		{3E09373E-33C7-4119-9FC9-068A141668E1}.Release|Any CPU.Build.0 = Release|Any CPU
		{3E09373E-33C7-4119-9FC9-068A141668E1}.Release|Mixed Platforms.ActiveCfg = Release|Any CPU
		{3E09373E-33C7-4119-9FC9-068A141668E1}.Release|Win32.ActiveCfg = Release|Any CPU
		{3E09373E-33C7-4119-9FC9-068A141668E1}.Release|x64.ActiveCfg = Release|x64
		{3E09373E-33C7-4119-9FC9-068A141668E1}.Release|x86.ActiveCfg = Release|Any CPU
		{C58CB0F1-E7D4-4445-8414-CA9662E24E4E}.Debug|Any CPU.ActiveCfg = Debug|Any CPU
		{C58CB0F1-E7D4-4445-8414-CA9662E24E4E}.Debug|Any CPU.Build.0 = Debug|Any CPU
		{C58CB0F1-E7D4-4445-8414-CA9662E24E4E}.Debug|Mixed Platforms.ActiveCfg = Debug|Any CPU
		{C58CB0F1-E7D4-4445-8414-CA9662E24E4E}.Debug|Win32.ActiveCfg = Debug|Any CPU
		{C58CB0F1-E7D4-4445-8414-CA9662E24E4E}.Debug|x64.ActiveCfg = Debug|x64
		{C58CB0F1-E7D4-4445-8414-CA9662E24E4E}.Debug|x64.Build.0 = Debug|x64
		{C58CB0F1-E7D4-4445-8414-CA9662E24E4E}.Debug|x86.ActiveCfg = Debug|Any CPU
		{C58CB0F1-E7D4-4445-8414-CA9662E24E4E}.Development|Any CPU.ActiveCfg = Debug|Any CPU
		{C58CB0F1-E7D4-4445-8414-CA9662E24E4E}.Development|Any CPU.Build.0 = Debug|Any CPU
		{C58CB0F1-E7D4-4445-8414-CA9662E24E4E}.Development|Mixed Platforms.ActiveCfg = Debug|Any CPU
		{C58CB0F1-E7D4-4445-8414-CA9662E24E4E}.Development|Mixed Platforms.Build.0 = Debug|Any CPU
		{C58CB0F1-E7D4-4445-8414-CA9662E24E4E}.Development|Win32.ActiveCfg = Debug|Any CPU
		{C58CB0F1-E7D4-4445-8414-CA9662E24E4E}.Development|x64.ActiveCfg = Debug|x64
		{C58CB0F1-E7D4-4445-8414-CA9662E24E4E}.Development|x64.Build.0 = Debug|x64
		{C58CB0F1-E7D4-4445-8414-CA9662E24E4E}.Development|x86.ActiveCfg = Debug|Any CPU
		{C58CB0F1-E7D4-4445-8414-CA9662E24E4E}.Release|Any CPU.ActiveCfg = Release|Any CPU
		{C58CB0F1-E7D4-4445-8414-CA9662E24E4E}.Release|Any CPU.Build.0 = Release|Any CPU
		{C58CB0F1-E7D4-4445-8414-CA9662E24E4E}.Release|Mixed Platforms.ActiveCfg = Release|Any CPU
		{C58CB0F1-E7D4-4445-8414-CA9662E24E4E}.Release|Win32.ActiveCfg = Release|Any CPU
		{C58CB0F1-E7D4-4445-8414-CA9662E24E4E}.Release|x64.ActiveCfg = Release|x64
		{C58CB0F1-E7D4-4445-8414-CA9662E24E4E}.Release|x86.ActiveCfg = Release|Any CPU
		{7B6ECA13-1C53-4F4F-9EB5-877D5A7E6356}.Debug|Any CPU.ActiveCfg = Debug|Any CPU
		{7B6ECA13-1C53-4F4F-9EB5-877D5A7E6356}.Debug|Mixed Platforms.ActiveCfg = Debug|Any CPU
		{7B6ECA13-1C53-4F4F-9EB5-877D5A7E6356}.Debug|Win32.ActiveCfg = Debug|Any CPU
		{7B6ECA13-1C53-4F4F-9EB5-877D5A7E6356}.Debug|x64.ActiveCfg = Debug|x64
		{7B6ECA13-1C53-4F4F-9EB5-877D5A7E6356}.Debug|x86.ActiveCfg = Debug|Any CPU
		{7B6ECA13-1C53-4F4F-9EB5-877D5A7E6356}.Development|Any CPU.ActiveCfg = Debug|Any CPU
		{7B6ECA13-1C53-4F4F-9EB5-877D5A7E6356}.Development|Any CPU.Build.0 = Debug|Any CPU
		{7B6ECA13-1C53-4F4F-9EB5-877D5A7E6356}.Development|Mixed Platforms.ActiveCfg = Debug|Any CPU
		{7B6ECA13-1C53-4F4F-9EB5-877D5A7E6356}.Development|Mixed Platforms.Build.0 = Debug|Any CPU
		{7B6ECA13-1C53-4F4F-9EB5-877D5A7E6356}.Development|Win32.ActiveCfg = Debug|Any CPU
		{7B6ECA13-1C53-4F4F-9EB5-877D5A7E6356}.Development|x64.ActiveCfg = Debug|x64
		{7B6ECA13-1C53-4F4F-9EB5-877D5A7E6356}.Development|x64.Build.0 = Debug|x64
		{7B6ECA13-1C53-4F4F-9EB5-877D5A7E6356}.Development|x86.ActiveCfg = Debug|Any CPU
		{7B6ECA13-1C53-4F4F-9EB5-877D5A7E6356}.Release|Any CPU.ActiveCfg = Release|Any CPU
		{7B6ECA13-1C53-4F4F-9EB5-877D5A7E6356}.Release|Mixed Platforms.ActiveCfg = Release|Any CPU
		{7B6ECA13-1C53-4F4F-9EB5-877D5A7E6356}.Release|Win32.ActiveCfg = Release|Any CPU
		{7B6ECA13-1C53-4F4F-9EB5-877D5A7E6356}.Release|x64.ActiveCfg = Release|x64
		{7B6ECA13-1C53-4F4F-9EB5-877D5A7E6356}.Release|x86.ActiveCfg = Release|Any CPU
		{CE1A029C-63C1-4B26-BAD9-C62D64DC089E}.Debug|Any CPU.ActiveCfg = Debug|Any CPU
		{CE1A029C-63C1-4B26-BAD9-C62D64DC089E}.Debug|Mixed Platforms.ActiveCfg = Debug|Any CPU
		{CE1A029C-63C1-4B26-BAD9-C62D64DC089E}.Debug|Win32.ActiveCfg = Debug|Any CPU
		{CE1A029C-63C1-4B26-BAD9-C62D64DC089E}.Debug|x64.ActiveCfg = Debug|x64
		{CE1A029C-63C1-4B26-BAD9-C62D64DC089E}.Debug|x86.ActiveCfg = Debug|Any CPU
		{CE1A029C-63C1-4B26-BAD9-C62D64DC089E}.Development|Any CPU.ActiveCfg = Debug|Any CPU
		{CE1A029C-63C1-4B26-BAD9-C62D64DC089E}.Development|Any CPU.Build.0 = Debug|Any CPU
		{CE1A029C-63C1-4B26-BAD9-C62D64DC089E}.Development|Mixed Platforms.ActiveCfg = Debug|Any CPU
		{CE1A029C-63C1-4B26-BAD9-C62D64DC089E}.Development|Mixed Platforms.Build.0 = Debug|Any CPU
		{CE1A029C-63C1-4B26-BAD9-C62D64DC089E}.Development|Win32.ActiveCfg = Debug|Any CPU
		{CE1A029C-63C1-4B26-BAD9-C62D64DC089E}.Development|x64.ActiveCfg = Debug|x64
		{CE1A029C-63C1-4B26-BAD9-C62D64DC089E}.Development|x64.Build.0 = Debug|x64
		{CE1A029C-63C1-4B26-BAD9-C62D64DC089E}.Development|x86.ActiveCfg = Debug|Any CPU
		{CE1A029C-63C1-4B26-BAD9-C62D64DC089E}.Release|Any CPU.ActiveCfg = Release|Any CPU
		{CE1A029C-63C1-4B26-BAD9-C62D64DC089E}.Release|Mixed Platforms.ActiveCfg = Release|Any CPU
		{CE1A029C-63C1-4B26-BAD9-C62D64DC089E}.Release|Win32.ActiveCfg = Release|Any CPU
		{CE1A029C-63C1-4B26-BAD9-C62D64DC089E}.Release|x64.ActiveCfg = Release|x64
		{CE1A029C-63C1-4B26-BAD9-C62D64DC089E}.Release|x86.ActiveCfg = Release|Any CPU
		{BDCA67F1-8B38-4F12-9149-D93D7C23CB26}.Debug|Any CPU.ActiveCfg = Debug|Any CPU
		{BDCA67F1-8B38-4F12-9149-D93D7C23CB26}.Debug|Any CPU.Build.0 = Debug|Any CPU
		{BDCA67F1-8B38-4F12-9149-D93D7C23CB26}.Debug|Mixed Platforms.ActiveCfg = Debug|Any CPU
		{BDCA67F1-8B38-4F12-9149-D93D7C23CB26}.Debug|Mixed Platforms.Build.0 = Debug|Any CPU
		{BDCA67F1-8B38-4F12-9149-D93D7C23CB26}.Debug|Win32.ActiveCfg = Debug|Any CPU
		{BDCA67F1-8B38-4F12-9149-D93D7C23CB26}.Debug|x64.ActiveCfg = Debug|x64
		{BDCA67F1-8B38-4F12-9149-D93D7C23CB26}.Debug|x64.Build.0 = Debug|x64
		{BDCA67F1-8B38-4F12-9149-D93D7C23CB26}.Debug|x86.ActiveCfg = Debug|Any CPU
		{BDCA67F1-8B38-4F12-9149-D93D7C23CB26}.Development|Any CPU.ActiveCfg = Debug|Any CPU
		{BDCA67F1-8B38-4F12-9149-D93D7C23CB26}.Development|Any CPU.Build.0 = Debug|Any CPU
		{BDCA67F1-8B38-4F12-9149-D93D7C23CB26}.Development|Mixed Platforms.ActiveCfg = Debug|Any CPU
		{BDCA67F1-8B38-4F12-9149-D93D7C23CB26}.Development|Mixed Platforms.Build.0 = Debug|Any CPU
		{BDCA67F1-8B38-4F12-9149-D93D7C23CB26}.Development|Win32.ActiveCfg = Debug|Any CPU
		{BDCA67F1-8B38-4F12-9149-D93D7C23CB26}.Development|x64.ActiveCfg = Debug|x64
		{BDCA67F1-8B38-4F12-9149-D93D7C23CB26}.Development|x64.Build.0 = Debug|x64
		{BDCA67F1-8B38-4F12-9149-D93D7C23CB26}.Development|x86.ActiveCfg = Debug|Any CPU
		{BDCA67F1-8B38-4F12-9149-D93D7C23CB26}.Release|Any CPU.ActiveCfg = Release|Any CPU
		{BDCA67F1-8B38-4F12-9149-D93D7C23CB26}.Release|Any CPU.Build.0 = Release|Any CPU
		{BDCA67F1-8B38-4F12-9149-D93D7C23CB26}.Release|Mixed Platforms.ActiveCfg = Release|Any CPU
		{BDCA67F1-8B38-4F12-9149-D93D7C23CB26}.Release|Mixed Platforms.Build.0 = Release|Any CPU
		{BDCA67F1-8B38-4F12-9149-D93D7C23CB26}.Release|Win32.ActiveCfg = Release|Any CPU
		{BDCA67F1-8B38-4F12-9149-D93D7C23CB26}.Release|x64.ActiveCfg = Release|x64
		{BDCA67F1-8B38-4F12-9149-D93D7C23CB26}.Release|x64.Build.0 = Release|x64
		{BDCA67F1-8B38-4F12-9149-D93D7C23CB26}.Release|x86.ActiveCfg = Release|Any CPU
		{D4C765AF-AC85-472D-9549-5D682015A124}.Debug|Any CPU.ActiveCfg = Debug|Any CPU
		{D4C765AF-AC85-472D-9549-5D682015A124}.Debug|Any CPU.Build.0 = Debug|Any CPU
		{D4C765AF-AC85-472D-9549-5D682015A124}.Debug|Mixed Platforms.ActiveCfg = Debug|Any CPU
		{D4C765AF-AC85-472D-9549-5D682015A124}.Debug|Mixed Platforms.Build.0 = Debug|Any CPU
		{D4C765AF-AC85-472D-9549-5D682015A124}.Debug|Win32.ActiveCfg = Debug|Any CPU
		{D4C765AF-AC85-472D-9549-5D682015A124}.Debug|x64.ActiveCfg = Debug|x64
		{D4C765AF-AC85-472D-9549-5D682015A124}.Debug|x64.Build.0 = Debug|x64
		{D4C765AF-AC85-472D-9549-5D682015A124}.Debug|x86.ActiveCfg = Debug|Any CPU
		{D4C765AF-AC85-472D-9549-5D682015A124}.Development|Any CPU.ActiveCfg = Debug|Any CPU
		{D4C765AF-AC85-472D-9549-5D682015A124}.Development|Any CPU.Build.0 = Debug|Any CPU
		{D4C765AF-AC85-472D-9549-5D682015A124}.Development|Mixed Platforms.ActiveCfg = Debug|Any CPU
		{D4C765AF-AC85-472D-9549-5D682015A124}.Development|Mixed Platforms.Build.0 = Debug|Any CPU
		{D4C765AF-AC85-472D-9549-5D682015A124}.Development|Win32.ActiveCfg = Debug|Any CPU
		{D4C765AF-AC85-472D-9549-5D682015A124}.Development|x64.ActiveCfg = Debug|x64
		{D4C765AF-AC85-472D-9549-5D682015A124}.Development|x64.Build.0 = Debug|x64
		{D4C765AF-AC85-472D-9549-5D682015A124}.Development|x86.ActiveCfg = Debug|Any CPU
		{D4C765AF-AC85-472D-9549-5D682015A124}.Release|Any CPU.ActiveCfg = Release|Any CPU
		{D4C765AF-AC85-472D-9549-5D682015A124}.Release|Any CPU.Build.0 = Release|Any CPU
		{D4C765AF-AC85-472D-9549-5D682015A124}.Release|Mixed Platforms.ActiveCfg = Release|Any CPU
		{D4C765AF-AC85-472D-9549-5D682015A124}.Release|Mixed Platforms.Build.0 = Release|Any CPU
		{D4C765AF-AC85-472D-9549-5D682015A124}.Release|Win32.ActiveCfg = Release|Any CPU
		{D4C765AF-AC85-472D-9549-5D682015A124}.Release|x64.ActiveCfg = Release|x64
		{D4C765AF-AC85-472D-9549-5D682015A124}.Release|x64.Build.0 = Release|x64
		{D4C765AF-AC85-472D-9549-5D682015A124}.Release|x86.ActiveCfg = Release|Any CPU
		{C32F57FC-32D0-4853-8145-2645A559BF6B}.Debug|Any CPU.ActiveCfg = Debug|Any CPU
		{C32F57FC-32D0-4853-8145-2645A559BF6B}.Debug|Any CPU.Build.0 = Debug|Any CPU
		{C32F57FC-32D0-4853-8145-2645A559BF6B}.Debug|Mixed Platforms.ActiveCfg = Debug|Any CPU
		{C32F57FC-32D0-4853-8145-2645A559BF6B}.Debug|Mixed Platforms.Build.0 = Debug|Any CPU
		{C32F57FC-32D0-4853-8145-2645A559BF6B}.Debug|Win32.ActiveCfg = Debug|Any CPU
		{C32F57FC-32D0-4853-8145-2645A559BF6B}.Debug|x64.ActiveCfg = Debug|x64
		{C32F57FC-32D0-4853-8145-2645A559BF6B}.Debug|x64.Build.0 = Debug|x64
		{C32F57FC-32D0-4853-8145-2645A559BF6B}.Debug|x86.ActiveCfg = Debug|Any CPU
		{C32F57FC-32D0-4853-8145-2645A559BF6B}.Development|Any CPU.ActiveCfg = Debug|Any CPU
		{C32F57FC-32D0-4853-8145-2645A559BF6B}.Development|Any CPU.Build.0 = Debug|Any CPU
		{C32F57FC-32D0-4853-8145-2645A559BF6B}.Development|Mixed Platforms.ActiveCfg = Debug|Any CPU
		{C32F57FC-32D0-4853-8145-2645A559BF6B}.Development|Mixed Platforms.Build.0 = Debug|Any CPU
		{C32F57FC-32D0-4853-8145-2645A559BF6B}.Development|Win32.ActiveCfg = Debug|Any CPU
		{C32F57FC-32D0-4853-8145-2645A559BF6B}.Development|x64.ActiveCfg = Debug|x64
		{C32F57FC-32D0-4853-8145-2645A559BF6B}.Development|x64.Build.0 = Debug|x64
		{C32F57FC-32D0-4853-8145-2645A559BF6B}.Development|x86.ActiveCfg = Debug|Any CPU
		{C32F57FC-32D0-4853-8145-2645A559BF6B}.Release|Any CPU.ActiveCfg = Release|Any CPU
		{C32F57FC-32D0-4853-8145-2645A559BF6B}.Release|Any CPU.Build.0 = Release|Any CPU
		{C32F57FC-32D0-4853-8145-2645A559BF6B}.Release|Mixed Platforms.ActiveCfg = Release|Any CPU
		{C32F57FC-32D0-4853-8145-2645A559BF6B}.Release|Mixed Platforms.Build.0 = Release|Any CPU
		{C32F57FC-32D0-4853-8145-2645A559BF6B}.Release|Win32.ActiveCfg = Release|Any CPU
		{C32F57FC-32D0-4853-8145-2645A559BF6B}.Release|x64.ActiveCfg = Release|x64
		{C32F57FC-32D0-4853-8145-2645A559BF6B}.Release|x64.Build.0 = Release|x64
		{C32F57FC-32D0-4853-8145-2645A559BF6B}.Release|x86.ActiveCfg = Release|Any CPU
		{DB7629E7-BB5C-4197-89D3-A9EB0E5D4E0A}.Debug|Any CPU.ActiveCfg = Debug|Any CPU
		{DB7629E7-BB5C-4197-89D3-A9EB0E5D4E0A}.Debug|Any CPU.Build.0 = Debug|Any CPU
		{DB7629E7-BB5C-4197-89D3-A9EB0E5D4E0A}.Debug|Mixed Platforms.ActiveCfg = Debug|Any CPU
		{DB7629E7-BB5C-4197-89D3-A9EB0E5D4E0A}.Debug|Mixed Platforms.Build.0 = Debug|Any CPU
		{DB7629E7-BB5C-4197-89D3-A9EB0E5D4E0A}.Debug|Win32.ActiveCfg = Debug|Any CPU
		{DB7629E7-BB5C-4197-89D3-A9EB0E5D4E0A}.Debug|x64.ActiveCfg = Debug|x64
		{DB7629E7-BB5C-4197-89D3-A9EB0E5D4E0A}.Debug|x64.Build.0 = Debug|x64
		{DB7629E7-BB5C-4197-89D3-A9EB0E5D4E0A}.Debug|x86.ActiveCfg = Debug|Any CPU
		{DB7629E7-BB5C-4197-89D3-A9EB0E5D4E0A}.Development|Any CPU.ActiveCfg = Debug|Any CPU
		{DB7629E7-BB5C-4197-89D3-A9EB0E5D4E0A}.Development|Any CPU.Build.0 = Debug|Any CPU
		{DB7629E7-BB5C-4197-89D3-A9EB0E5D4E0A}.Development|Mixed Platforms.ActiveCfg = Debug|Any CPU
		{DB7629E7-BB5C-4197-89D3-A9EB0E5D4E0A}.Development|Mixed Platforms.Build.0 = Debug|Any CPU
		{DB7629E7-BB5C-4197-89D3-A9EB0E5D4E0A}.Development|Win32.ActiveCfg = Debug|Any CPU
		{DB7629E7-BB5C-4197-89D3-A9EB0E5D4E0A}.Development|x64.ActiveCfg = Debug|x64
		{DB7629E7-BB5C-4197-89D3-A9EB0E5D4E0A}.Development|x64.Build.0 = Debug|x64
		{DB7629E7-BB5C-4197-89D3-A9EB0E5D4E0A}.Development|x86.ActiveCfg = Debug|Any CPU
		{DB7629E7-BB5C-4197-89D3-A9EB0E5D4E0A}.Release|Any CPU.ActiveCfg = Release|Any CPU
		{DB7629E7-BB5C-4197-89D3-A9EB0E5D4E0A}.Release|Any CPU.Build.0 = Release|Any CPU
		{DB7629E7-BB5C-4197-89D3-A9EB0E5D4E0A}.Release|Mixed Platforms.ActiveCfg = Release|Any CPU
		{DB7629E7-BB5C-4197-89D3-A9EB0E5D4E0A}.Release|Mixed Platforms.Build.0 = Release|Any CPU
		{DB7629E7-BB5C-4197-89D3-A9EB0E5D4E0A}.Release|Win32.ActiveCfg = Release|Any CPU
		{DB7629E7-BB5C-4197-89D3-A9EB0E5D4E0A}.Release|x64.ActiveCfg = Release|x64
		{DB7629E7-BB5C-4197-89D3-A9EB0E5D4E0A}.Release|x64.Build.0 = Release|x64
		{DB7629E7-BB5C-4197-89D3-A9EB0E5D4E0A}.Release|x86.ActiveCfg = Release|Any CPU
		{4AEA9ACD-3C74-4B59-8628-99C708A2F4BD}.Debug|Any CPU.ActiveCfg = Debug|Any CPU
		{4AEA9ACD-3C74-4B59-8628-99C708A2F4BD}.Debug|Any CPU.Build.0 = Debug|Any CPU
		{4AEA9ACD-3C74-4B59-8628-99C708A2F4BD}.Debug|Mixed Platforms.ActiveCfg = Debug|Any CPU
		{4AEA9ACD-3C74-4B59-8628-99C708A2F4BD}.Debug|Mixed Platforms.Build.0 = Debug|Any CPU
		{4AEA9ACD-3C74-4B59-8628-99C708A2F4BD}.Debug|Win32.ActiveCfg = Debug|Any CPU
		{4AEA9ACD-3C74-4B59-8628-99C708A2F4BD}.Debug|x64.ActiveCfg = Debug|x64
		{4AEA9ACD-3C74-4B59-8628-99C708A2F4BD}.Debug|x64.Build.0 = Debug|x64
		{4AEA9ACD-3C74-4B59-8628-99C708A2F4BD}.Debug|x86.ActiveCfg = Debug|Any CPU
		{4AEA9ACD-3C74-4B59-8628-99C708A2F4BD}.Development|Any CPU.ActiveCfg = Debug|Any CPU
		{4AEA9ACD-3C74-4B59-8628-99C708A2F4BD}.Development|Any CPU.Build.0 = Debug|Any CPU
		{4AEA9ACD-3C74-4B59-8628-99C708A2F4BD}.Development|Mixed Platforms.ActiveCfg = Debug|Any CPU
		{4AEA9ACD-3C74-4B59-8628-99C708A2F4BD}.Development|Mixed Platforms.Build.0 = Debug|Any CPU
		{4AEA9ACD-3C74-4B59-8628-99C708A2F4BD}.Development|Win32.ActiveCfg = Debug|Any CPU
		{4AEA9ACD-3C74-4B59-8628-99C708A2F4BD}.Development|x64.ActiveCfg = Debug|x64
		{4AEA9ACD-3C74-4B59-8628-99C708A2F4BD}.Development|x64.Build.0 = Debug|x64
		{4AEA9ACD-3C74-4B59-8628-99C708A2F4BD}.Development|x86.ActiveCfg = Debug|Any CPU
		{4AEA9ACD-3C74-4B59-8628-99C708A2F4BD}.Release|Any CPU.ActiveCfg = Release|Any CPU
		{4AEA9ACD-3C74-4B59-8628-99C708A2F4BD}.Release|Any CPU.Build.0 = Release|Any CPU
		{4AEA9ACD-3C74-4B59-8628-99C708A2F4BD}.Release|Mixed Platforms.ActiveCfg = Release|Any CPU
		{4AEA9ACD-3C74-4B59-8628-99C708A2F4BD}.Release|Mixed Platforms.Build.0 = Release|Any CPU
		{4AEA9ACD-3C74-4B59-8628-99C708A2F4BD}.Release|Win32.ActiveCfg = Release|Any CPU
		{4AEA9ACD-3C74-4B59-8628-99C708A2F4BD}.Release|x64.ActiveCfg = Release|x64
		{4AEA9ACD-3C74-4B59-8628-99C708A2F4BD}.Release|x64.Build.0 = Release|x64
		{4AEA9ACD-3C74-4B59-8628-99C708A2F4BD}.Release|x86.ActiveCfg = Release|Any CPU
		{9C213D37-3249-453F-BA30-460255EA955D}.Debug|Any CPU.ActiveCfg = Debug|Any CPU
		{9C213D37-3249-453F-BA30-460255EA955D}.Debug|Any CPU.Build.0 = Debug|Any CPU
		{9C213D37-3249-453F-BA30-460255EA955D}.Debug|Mixed Platforms.ActiveCfg = Debug|Any CPU
		{9C213D37-3249-453F-BA30-460255EA955D}.Debug|Mixed Platforms.Build.0 = Debug|Any CPU
		{9C213D37-3249-453F-BA30-460255EA955D}.Debug|Win32.ActiveCfg = Debug|Any CPU
		{9C213D37-3249-453F-BA30-460255EA955D}.Debug|x64.ActiveCfg = Debug|x64
		{9C213D37-3249-453F-BA30-460255EA955D}.Debug|x64.Build.0 = Debug|x64
		{9C213D37-3249-453F-BA30-460255EA955D}.Debug|x86.ActiveCfg = Debug|Any CPU
		{9C213D37-3249-453F-BA30-460255EA955D}.Development|Any CPU.ActiveCfg = Debug|Any CPU
		{9C213D37-3249-453F-BA30-460255EA955D}.Development|Any CPU.Build.0 = Debug|Any CPU
		{9C213D37-3249-453F-BA30-460255EA955D}.Development|Mixed Platforms.ActiveCfg = Debug|Any CPU
		{9C213D37-3249-453F-BA30-460255EA955D}.Development|Mixed Platforms.Build.0 = Debug|Any CPU
		{9C213D37-3249-453F-BA30-460255EA955D}.Development|Win32.ActiveCfg = Debug|Any CPU
		{9C213D37-3249-453F-BA30-460255EA955D}.Development|x64.ActiveCfg = Debug|x64
		{9C213D37-3249-453F-BA30-460255EA955D}.Development|x64.Build.0 = Debug|x64
		{9C213D37-3249-453F-BA30-460255EA955D}.Development|x86.ActiveCfg = Debug|Any CPU
		{9C213D37-3249-453F-BA30-460255EA955D}.Release|Any CPU.ActiveCfg = Release|Any CPU
		{9C213D37-3249-453F-BA30-460255EA955D}.Release|Any CPU.Build.0 = Release|Any CPU
		{9C213D37-3249-453F-BA30-460255EA955D}.Release|Mixed Platforms.ActiveCfg = Release|Any CPU
		{9C213D37-3249-453F-BA30-460255EA955D}.Release|Mixed Platforms.Build.0 = Release|Any CPU
		{9C213D37-3249-453F-BA30-460255EA955D}.Release|Win32.ActiveCfg = Release|Any CPU
		{9C213D37-3249-453F-BA30-460255EA955D}.Release|x64.ActiveCfg = Release|x64
		{9C213D37-3249-453F-BA30-460255EA955D}.Release|x86.ActiveCfg = Release|Any CPU
		{9FE417F8-022C-40E7-9574-BA7014339B6D}.Debug|Any CPU.ActiveCfg = Debug|Any CPU
		{9FE417F8-022C-40E7-9574-BA7014339B6D}.Debug|Any CPU.Build.0 = Debug|Any CPU
		{9FE417F8-022C-40E7-9574-BA7014339B6D}.Debug|Mixed Platforms.ActiveCfg = Debug|Any CPU
		{9FE417F8-022C-40E7-9574-BA7014339B6D}.Debug|Mixed Platforms.Build.0 = Debug|Any CPU
		{9FE417F8-022C-40E7-9574-BA7014339B6D}.Debug|Win32.ActiveCfg = Debug|Any CPU
		{9FE417F8-022C-40E7-9574-BA7014339B6D}.Debug|x64.ActiveCfg = Debug|x64
		{9FE417F8-022C-40E7-9574-BA7014339B6D}.Debug|x64.Build.0 = Debug|x64
		{9FE417F8-022C-40E7-9574-BA7014339B6D}.Debug|x86.ActiveCfg = Debug|Any CPU
		{9FE417F8-022C-40E7-9574-BA7014339B6D}.Development|Any CPU.ActiveCfg = Debug|Any CPU
		{9FE417F8-022C-40E7-9574-BA7014339B6D}.Development|Any CPU.Build.0 = Debug|Any CPU
		{9FE417F8-022C-40E7-9574-BA7014339B6D}.Development|Mixed Platforms.ActiveCfg = Debug|Any CPU
		{9FE417F8-022C-40E7-9574-BA7014339B6D}.Development|Mixed Platforms.Build.0 = Debug|Any CPU
		{9FE417F8-022C-40E7-9574-BA7014339B6D}.Development|Win32.ActiveCfg = Debug|Any CPU
		{9FE417F8-022C-40E7-9574-BA7014339B6D}.Development|x64.ActiveCfg = Debug|x64
		{9FE417F8-022C-40E7-9574-BA7014339B6D}.Development|x64.Build.0 = Debug|x64
		{9FE417F8-022C-40E7-9574-BA7014339B6D}.Development|x86.ActiveCfg = Debug|Any CPU
		{9FE417F8-022C-40E7-9574-BA7014339B6D}.Release|Any CPU.ActiveCfg = Release|Any CPU
		{9FE417F8-022C-40E7-9574-BA7014339B6D}.Release|Any CPU.Build.0 = Release|Any CPU
		{9FE417F8-022C-40E7-9574-BA7014339B6D}.Release|Mixed Platforms.ActiveCfg = Release|Any CPU
		{9FE417F8-022C-40E7-9574-BA7014339B6D}.Release|Mixed Platforms.Build.0 = Release|Any CPU
		{9FE417F8-022C-40E7-9574-BA7014339B6D}.Release|Win32.ActiveCfg = Release|Any CPU
		{9FE417F8-022C-40E7-9574-BA7014339B6D}.Release|x64.ActiveCfg = Release|x64
		{9FE417F8-022C-40E7-9574-BA7014339B6D}.Release|x86.ActiveCfg = Release|Any CPU
		{3E2A2F70-2A98-4645-86AA-B3D8C5D35D58}.Debug|Any CPU.ActiveCfg = Debug|Any CPU
		{3E2A2F70-2A98-4645-86AA-B3D8C5D35D58}.Debug|Any CPU.Build.0 = Debug|Any CPU
		{3E2A2F70-2A98-4645-86AA-B3D8C5D35D58}.Debug|Mixed Platforms.ActiveCfg = Debug|Any CPU
		{3E2A2F70-2A98-4645-86AA-B3D8C5D35D58}.Debug|Mixed Platforms.Build.0 = Debug|Any CPU
		{3E2A2F70-2A98-4645-86AA-B3D8C5D35D58}.Debug|Win32.ActiveCfg = Debug|Any CPU
		{3E2A2F70-2A98-4645-86AA-B3D8C5D35D58}.Debug|x64.ActiveCfg = Debug|x64
		{3E2A2F70-2A98-4645-86AA-B3D8C5D35D58}.Debug|x64.Build.0 = Debug|x64
		{3E2A2F70-2A98-4645-86AA-B3D8C5D35D58}.Debug|x86.ActiveCfg = Debug|Any CPU
		{3E2A2F70-2A98-4645-86AA-B3D8C5D35D58}.Development|Any CPU.ActiveCfg = Debug|Any CPU
		{3E2A2F70-2A98-4645-86AA-B3D8C5D35D58}.Development|Any CPU.Build.0 = Debug|Any CPU
		{3E2A2F70-2A98-4645-86AA-B3D8C5D35D58}.Development|Mixed Platforms.ActiveCfg = Debug|Any CPU
		{3E2A2F70-2A98-4645-86AA-B3D8C5D35D58}.Development|Mixed Platforms.Build.0 = Debug|Any CPU
		{3E2A2F70-2A98-4645-86AA-B3D8C5D35D58}.Development|Win32.ActiveCfg = Debug|Any CPU
		{3E2A2F70-2A98-4645-86AA-B3D8C5D35D58}.Development|x64.ActiveCfg = Debug|x64
		{3E2A2F70-2A98-4645-86AA-B3D8C5D35D58}.Development|x64.Build.0 = Debug|x64
		{3E2A2F70-2A98-4645-86AA-B3D8C5D35D58}.Development|x86.ActiveCfg = Debug|Any CPU
		{3E2A2F70-2A98-4645-86AA-B3D8C5D35D58}.Release|Any CPU.ActiveCfg = Release|Any CPU
		{3E2A2F70-2A98-4645-86AA-B3D8C5D35D58}.Release|Any CPU.Build.0 = Release|Any CPU
		{3E2A2F70-2A98-4645-86AA-B3D8C5D35D58}.Release|Mixed Platforms.ActiveCfg = Release|Any CPU
		{3E2A2F70-2A98-4645-86AA-B3D8C5D35D58}.Release|Mixed Platforms.Build.0 = Release|Any CPU
		{3E2A2F70-2A98-4645-86AA-B3D8C5D35D58}.Release|Win32.ActiveCfg = Release|Any CPU
		{3E2A2F70-2A98-4645-86AA-B3D8C5D35D58}.Release|x64.ActiveCfg = Release|x64
		{3E2A2F70-2A98-4645-86AA-B3D8C5D35D58}.Release|x86.ActiveCfg = Release|Any CPU
		{5579F5EC-3490-4C36-B2C1-BED348951F06}.Debug|Any CPU.ActiveCfg = Debug|Any CPU
		{5579F5EC-3490-4C36-B2C1-BED348951F06}.Debug|Any CPU.Build.0 = Debug|Any CPU
		{5579F5EC-3490-4C36-B2C1-BED348951F06}.Debug|Mixed Platforms.ActiveCfg = Debug|Any CPU
		{5579F5EC-3490-4C36-B2C1-BED348951F06}.Debug|Mixed Platforms.Build.0 = Debug|Any CPU
		{5579F5EC-3490-4C36-B2C1-BED348951F06}.Debug|Win32.ActiveCfg = Debug|Any CPU
		{5579F5EC-3490-4C36-B2C1-BED348951F06}.Debug|x64.ActiveCfg = Debug|x64
		{5579F5EC-3490-4C36-B2C1-BED348951F06}.Debug|x64.Build.0 = Debug|x64
		{5579F5EC-3490-4C36-B2C1-BED348951F06}.Debug|x86.ActiveCfg = Debug|Any CPU
		{5579F5EC-3490-4C36-B2C1-BED348951F06}.Development|Any CPU.ActiveCfg = Debug|Any CPU
		{5579F5EC-3490-4C36-B2C1-BED348951F06}.Development|Any CPU.Build.0 = Debug|Any CPU
		{5579F5EC-3490-4C36-B2C1-BED348951F06}.Development|Mixed Platforms.ActiveCfg = Debug|Any CPU
		{5579F5EC-3490-4C36-B2C1-BED348951F06}.Development|Mixed Platforms.Build.0 = Debug|Any CPU
		{5579F5EC-3490-4C36-B2C1-BED348951F06}.Development|Win32.ActiveCfg = Debug|Any CPU
		{5579F5EC-3490-4C36-B2C1-BED348951F06}.Development|x64.ActiveCfg = Debug|x64
		{5579F5EC-3490-4C36-B2C1-BED348951F06}.Development|x64.Build.0 = Debug|x64
		{5579F5EC-3490-4C36-B2C1-BED348951F06}.Development|x86.ActiveCfg = Debug|Any CPU
		{5579F5EC-3490-4C36-B2C1-BED348951F06}.Release|Any CPU.ActiveCfg = Release|Any CPU
		{5579F5EC-3490-4C36-B2C1-BED348951F06}.Release|Any CPU.Build.0 = Release|Any CPU
		{5579F5EC-3490-4C36-B2C1-BED348951F06}.Release|Mixed Platforms.ActiveCfg = Release|Any CPU
		{5579F5EC-3490-4C36-B2C1-BED348951F06}.Release|Mixed Platforms.Build.0 = Release|Any CPU
		{5579F5EC-3490-4C36-B2C1-BED348951F06}.Release|Win32.ActiveCfg = Release|Any CPU
		{5579F5EC-3490-4C36-B2C1-BED348951F06}.Release|x64.ActiveCfg = Release|x64
		{5579F5EC-3490-4C36-B2C1-BED348951F06}.Release|x86.ActiveCfg = Release|Any CPU
		{0541F780-7CF5-4DFA-AF3A-7F05005CDEFD}.Debug|Any CPU.ActiveCfg = Debug|Any CPU
		{0541F780-7CF5-4DFA-AF3A-7F05005CDEFD}.Debug|Any CPU.Build.0 = Debug|Any CPU
		{0541F780-7CF5-4DFA-AF3A-7F05005CDEFD}.Debug|Mixed Platforms.ActiveCfg = Debug|Any CPU
		{0541F780-7CF5-4DFA-AF3A-7F05005CDEFD}.Debug|Mixed Platforms.Build.0 = Debug|Any CPU
		{0541F780-7CF5-4DFA-AF3A-7F05005CDEFD}.Debug|Win32.ActiveCfg = Debug|Any CPU
		{0541F780-7CF5-4DFA-AF3A-7F05005CDEFD}.Debug|x64.ActiveCfg = Debug|x64
		{0541F780-7CF5-4DFA-AF3A-7F05005CDEFD}.Debug|x64.Build.0 = Debug|x64
		{0541F780-7CF5-4DFA-AF3A-7F05005CDEFD}.Debug|x86.ActiveCfg = Debug|Any CPU
		{0541F780-7CF5-4DFA-AF3A-7F05005CDEFD}.Development|Any CPU.ActiveCfg = Debug|Any CPU
		{0541F780-7CF5-4DFA-AF3A-7F05005CDEFD}.Development|Any CPU.Build.0 = Debug|Any CPU
		{0541F780-7CF5-4DFA-AF3A-7F05005CDEFD}.Development|Mixed Platforms.ActiveCfg = Debug|Any CPU
		{0541F780-7CF5-4DFA-AF3A-7F05005CDEFD}.Development|Mixed Platforms.Build.0 = Debug|Any CPU
		{0541F780-7CF5-4DFA-AF3A-7F05005CDEFD}.Development|Win32.ActiveCfg = Debug|Any CPU
		{0541F780-7CF5-4DFA-AF3A-7F05005CDEFD}.Development|x64.ActiveCfg = Debug|x64
		{0541F780-7CF5-4DFA-AF3A-7F05005CDEFD}.Development|x64.Build.0 = Debug|x64
		{0541F780-7CF5-4DFA-AF3A-7F05005CDEFD}.Development|x86.ActiveCfg = Debug|Any CPU
		{0541F780-7CF5-4DFA-AF3A-7F05005CDEFD}.Release|Any CPU.ActiveCfg = Release|Any CPU
		{0541F780-7CF5-4DFA-AF3A-7F05005CDEFD}.Release|Any CPU.Build.0 = Release|Any CPU
		{0541F780-7CF5-4DFA-AF3A-7F05005CDEFD}.Release|Mixed Platforms.ActiveCfg = Release|Any CPU
		{0541F780-7CF5-4DFA-AF3A-7F05005CDEFD}.Release|Mixed Platforms.Build.0 = Release|Any CPU
		{0541F780-7CF5-4DFA-AF3A-7F05005CDEFD}.Release|Win32.ActiveCfg = Release|Any CPU
		{0541F780-7CF5-4DFA-AF3A-7F05005CDEFD}.Release|x64.ActiveCfg = Release|x64
		{0541F780-7CF5-4DFA-AF3A-7F05005CDEFD}.Release|x86.ActiveCfg = Release|Any CPU
		{67AF087D-606E-44F4-9396-74BF2AB160E2}.Debug|Any CPU.ActiveCfg = Debug|Any CPU
		{67AF087D-606E-44F4-9396-74BF2AB160E2}.Debug|Any CPU.Build.0 = Debug|Any CPU
		{67AF087D-606E-44F4-9396-74BF2AB160E2}.Debug|Mixed Platforms.ActiveCfg = Debug|Any CPU
		{67AF087D-606E-44F4-9396-74BF2AB160E2}.Debug|Mixed Platforms.Build.0 = Debug|Any CPU
		{67AF087D-606E-44F4-9396-74BF2AB160E2}.Debug|Win32.ActiveCfg = Debug|Any CPU
		{67AF087D-606E-44F4-9396-74BF2AB160E2}.Debug|x64.ActiveCfg = Debug|x64
		{67AF087D-606E-44F4-9396-74BF2AB160E2}.Debug|x64.Build.0 = Debug|x64
		{67AF087D-606E-44F4-9396-74BF2AB160E2}.Debug|x86.ActiveCfg = Debug|Any CPU
		{67AF087D-606E-44F4-9396-74BF2AB160E2}.Development|Any CPU.ActiveCfg = Debug|Any CPU
		{67AF087D-606E-44F4-9396-74BF2AB160E2}.Development|Any CPU.Build.0 = Debug|Any CPU
		{67AF087D-606E-44F4-9396-74BF2AB160E2}.Development|Mixed Platforms.ActiveCfg = Debug|Any CPU
		{67AF087D-606E-44F4-9396-74BF2AB160E2}.Development|Mixed Platforms.Build.0 = Debug|Any CPU
		{67AF087D-606E-44F4-9396-74BF2AB160E2}.Development|Win32.ActiveCfg = Debug|Any CPU
		{67AF087D-606E-44F4-9396-74BF2AB160E2}.Development|x64.ActiveCfg = Debug|x64
		{67AF087D-606E-44F4-9396-74BF2AB160E2}.Development|x64.Build.0 = Debug|x64
		{67AF087D-606E-44F4-9396-74BF2AB160E2}.Development|x86.ActiveCfg = Debug|Any CPU
		{67AF087D-606E-44F4-9396-74BF2AB160E2}.Release|Any CPU.ActiveCfg = Release|Any CPU
		{67AF087D-606E-44F4-9396-74BF2AB160E2}.Release|Any CPU.Build.0 = Release|Any CPU
		{67AF087D-606E-44F4-9396-74BF2AB160E2}.Release|Mixed Platforms.ActiveCfg = Release|Any CPU
		{67AF087D-606E-44F4-9396-74BF2AB160E2}.Release|Mixed Platforms.Build.0 = Release|Any CPU
		{67AF087D-606E-44F4-9396-74BF2AB160E2}.Release|Win32.ActiveCfg = Release|Any CPU
		{67AF087D-606E-44F4-9396-74BF2AB160E2}.Release|x64.ActiveCfg = Release|x64
		{67AF087D-606E-44F4-9396-74BF2AB160E2}.Release|x86.ActiveCfg = Release|Any CPU
		{1DBAA0AA-A210-44F2-AFD5-BC4E219BC40F}.Debug|Any CPU.ActiveCfg = Debug|Any CPU
		{1DBAA0AA-A210-44F2-AFD5-BC4E219BC40F}.Debug|Any CPU.Build.0 = Debug|Any CPU
		{1DBAA0AA-A210-44F2-AFD5-BC4E219BC40F}.Debug|Mixed Platforms.ActiveCfg = Debug|Any CPU
		{1DBAA0AA-A210-44F2-AFD5-BC4E219BC40F}.Debug|Mixed Platforms.Build.0 = Debug|Any CPU
		{1DBAA0AA-A210-44F2-AFD5-BC4E219BC40F}.Debug|Win32.ActiveCfg = Debug|Any CPU
		{1DBAA0AA-A210-44F2-AFD5-BC4E219BC40F}.Debug|x64.ActiveCfg = Debug|x64
		{1DBAA0AA-A210-44F2-AFD5-BC4E219BC40F}.Debug|x64.Build.0 = Debug|x64
		{1DBAA0AA-A210-44F2-AFD5-BC4E219BC40F}.Debug|x86.ActiveCfg = Debug|Any CPU
		{1DBAA0AA-A210-44F2-AFD5-BC4E219BC40F}.Development|Any CPU.ActiveCfg = Debug|Any CPU
		{1DBAA0AA-A210-44F2-AFD5-BC4E219BC40F}.Development|Any CPU.Build.0 = Debug|Any CPU
		{1DBAA0AA-A210-44F2-AFD5-BC4E219BC40F}.Development|Mixed Platforms.ActiveCfg = Debug|x86
		{1DBAA0AA-A210-44F2-AFD5-BC4E219BC40F}.Development|Mixed Platforms.Build.0 = Debug|x86
		{1DBAA0AA-A210-44F2-AFD5-BC4E219BC40F}.Development|Win32.ActiveCfg = Debug|x86
		{1DBAA0AA-A210-44F2-AFD5-BC4E219BC40F}.Development|Win32.Build.0 = Debug|x86
		{1DBAA0AA-A210-44F2-AFD5-BC4E219BC40F}.Development|x64.ActiveCfg = Debug|x64
		{1DBAA0AA-A210-44F2-AFD5-BC4E219BC40F}.Development|x64.Build.0 = Debug|x64
		{1DBAA0AA-A210-44F2-AFD5-BC4E219BC40F}.Development|x86.ActiveCfg = Debug|x86
		{1DBAA0AA-A210-44F2-AFD5-BC4E219BC40F}.Development|x86.Build.0 = Debug|x86
		{1DBAA0AA-A210-44F2-AFD5-BC4E219BC40F}.Release|Any CPU.ActiveCfg = Release|Any CPU
		{1DBAA0AA-A210-44F2-AFD5-BC4E219BC40F}.Release|Any CPU.Build.0 = Release|Any CPU
		{1DBAA0AA-A210-44F2-AFD5-BC4E219BC40F}.Release|Mixed Platforms.ActiveCfg = Release|Any CPU
		{1DBAA0AA-A210-44F2-AFD5-BC4E219BC40F}.Release|Mixed Platforms.Build.0 = Release|Any CPU
		{1DBAA0AA-A210-44F2-AFD5-BC4E219BC40F}.Release|Win32.ActiveCfg = Release|Any CPU
		{1DBAA0AA-A210-44F2-AFD5-BC4E219BC40F}.Release|x64.ActiveCfg = Release|x64
		{1DBAA0AA-A210-44F2-AFD5-BC4E219BC40F}.Release|x86.ActiveCfg = Release|Any CPU
		{BEA130EC-3920-42F3-AD18-A72231881DBD}.Debug|Any CPU.ActiveCfg = Debug|Any CPU
		{BEA130EC-3920-42F3-AD18-A72231881DBD}.Debug|Any CPU.Build.0 = Debug|Any CPU
		{BEA130EC-3920-42F3-AD18-A72231881DBD}.Debug|Mixed Platforms.ActiveCfg = Debug|Any CPU
		{BEA130EC-3920-42F3-AD18-A72231881DBD}.Debug|Mixed Platforms.Build.0 = Debug|Any CPU
		{BEA130EC-3920-42F3-AD18-A72231881DBD}.Debug|Win32.ActiveCfg = Debug|Any CPU
		{BEA130EC-3920-42F3-AD18-A72231881DBD}.Debug|x64.ActiveCfg = Debug|x64
		{BEA130EC-3920-42F3-AD18-A72231881DBD}.Debug|x64.Build.0 = Debug|x64
		{BEA130EC-3920-42F3-AD18-A72231881DBD}.Debug|x86.ActiveCfg = Debug|Any CPU
		{BEA130EC-3920-42F3-AD18-A72231881DBD}.Development|Any CPU.ActiveCfg = Debug|Any CPU
		{BEA130EC-3920-42F3-AD18-A72231881DBD}.Development|Any CPU.Build.0 = Debug|Any CPU
		{BEA130EC-3920-42F3-AD18-A72231881DBD}.Development|Mixed Platforms.ActiveCfg = Debug|Any CPU
		{BEA130EC-3920-42F3-AD18-A72231881DBD}.Development|Mixed Platforms.Build.0 = Debug|Any CPU
		{BEA130EC-3920-42F3-AD18-A72231881DBD}.Development|Win32.ActiveCfg = Debug|Any CPU
		{BEA130EC-3920-42F3-AD18-A72231881DBD}.Development|x64.ActiveCfg = Debug|x64
		{BEA130EC-3920-42F3-AD18-A72231881DBD}.Development|x64.Build.0 = Debug|x64
		{BEA130EC-3920-42F3-AD18-A72231881DBD}.Development|x86.ActiveCfg = Debug|Any CPU
		{BEA130EC-3920-42F3-AD18-A72231881DBD}.Release|Any CPU.ActiveCfg = Release|Any CPU
		{BEA130EC-3920-42F3-AD18-A72231881DBD}.Release|Any CPU.Build.0 = Release|Any CPU
		{BEA130EC-3920-42F3-AD18-A72231881DBD}.Release|Mixed Platforms.ActiveCfg = Release|Any CPU
		{BEA130EC-3920-42F3-AD18-A72231881DBD}.Release|Mixed Platforms.Build.0 = Release|Any CPU
		{BEA130EC-3920-42F3-AD18-A72231881DBD}.Release|Win32.ActiveCfg = Release|Any CPU
		{BEA130EC-3920-42F3-AD18-A72231881DBD}.Release|x64.ActiveCfg = Release|x64
		{BEA130EC-3920-42F3-AD18-A72231881DBD}.Release|x86.ActiveCfg = Release|Any CPU
		{D460989F-C801-44DA-B74F-E5187D99F446}.Debug|Any CPU.ActiveCfg = Debug|Any CPU
		{D460989F-C801-44DA-B74F-E5187D99F446}.Debug|Any CPU.Build.0 = Debug|Any CPU
		{D460989F-C801-44DA-B74F-E5187D99F446}.Debug|Mixed Platforms.ActiveCfg = Debug|Any CPU
		{D460989F-C801-44DA-B74F-E5187D99F446}.Debug|Mixed Platforms.Build.0 = Debug|Any CPU
		{D460989F-C801-44DA-B74F-E5187D99F446}.Debug|Win32.ActiveCfg = Debug|Any CPU
		{D460989F-C801-44DA-B74F-E5187D99F446}.Debug|x64.ActiveCfg = Debug|x64
		{D460989F-C801-44DA-B74F-E5187D99F446}.Debug|x64.Build.0 = Debug|x64
		{D460989F-C801-44DA-B74F-E5187D99F446}.Debug|x86.ActiveCfg = Debug|Any CPU
		{D460989F-C801-44DA-B74F-E5187D99F446}.Development|Any CPU.ActiveCfg = Debug|Any CPU
		{D460989F-C801-44DA-B74F-E5187D99F446}.Development|Any CPU.Build.0 = Debug|Any CPU
		{D460989F-C801-44DA-B74F-E5187D99F446}.Development|Mixed Platforms.ActiveCfg = Debug|Any CPU
		{D460989F-C801-44DA-B74F-E5187D99F446}.Development|Mixed Platforms.Build.0 = Debug|Any CPU
		{D460989F-C801-44DA-B74F-E5187D99F446}.Development|Win32.ActiveCfg = Debug|Any CPU
		{D460989F-C801-44DA-B74F-E5187D99F446}.Development|x64.ActiveCfg = Debug|x64
		{D460989F-C801-44DA-B74F-E5187D99F446}.Development|x64.Build.0 = Debug|x64
		{D460989F-C801-44DA-B74F-E5187D99F446}.Development|x86.ActiveCfg = Debug|Any CPU
		{D460989F-C801-44DA-B74F-E5187D99F446}.Release|Any CPU.ActiveCfg = Release|Any CPU
		{D460989F-C801-44DA-B74F-E5187D99F446}.Release|Any CPU.Build.0 = Release|Any CPU
		{D460989F-C801-44DA-B74F-E5187D99F446}.Release|Mixed Platforms.ActiveCfg = Release|Any CPU
		{D460989F-C801-44DA-B74F-E5187D99F446}.Release|Mixed Platforms.Build.0 = Release|Any CPU
		{D460989F-C801-44DA-B74F-E5187D99F446}.Release|Win32.ActiveCfg = Release|Any CPU
		{D460989F-C801-44DA-B74F-E5187D99F446}.Release|x64.ActiveCfg = Release|x64
		{D460989F-C801-44DA-B74F-E5187D99F446}.Release|x86.ActiveCfg = Release|Any CPU
		{387979CB-4468-4EDD-A6CD-38E3303CFC92}.Debug|Any CPU.ActiveCfg = Debug|Any CPU
		{387979CB-4468-4EDD-A6CD-38E3303CFC92}.Debug|Any CPU.Build.0 = Debug|Any CPU
		{387979CB-4468-4EDD-A6CD-38E3303CFC92}.Debug|Mixed Platforms.ActiveCfg = Debug|Any CPU
		{387979CB-4468-4EDD-A6CD-38E3303CFC92}.Debug|Mixed Platforms.Build.0 = Debug|Any CPU
		{387979CB-4468-4EDD-A6CD-38E3303CFC92}.Debug|Win32.ActiveCfg = Debug|Any CPU
		{387979CB-4468-4EDD-A6CD-38E3303CFC92}.Debug|x64.ActiveCfg = Debug|x64
		{387979CB-4468-4EDD-A6CD-38E3303CFC92}.Debug|x64.Build.0 = Debug|x64
		{387979CB-4468-4EDD-A6CD-38E3303CFC92}.Debug|x86.ActiveCfg = Debug|Any CPU
		{387979CB-4468-4EDD-A6CD-38E3303CFC92}.Development|Any CPU.ActiveCfg = Debug|Any CPU
		{387979CB-4468-4EDD-A6CD-38E3303CFC92}.Development|Any CPU.Build.0 = Debug|Any CPU
		{387979CB-4468-4EDD-A6CD-38E3303CFC92}.Development|Mixed Platforms.ActiveCfg = Debug|Any CPU
		{387979CB-4468-4EDD-A6CD-38E3303CFC92}.Development|Mixed Platforms.Build.0 = Debug|Any CPU
		{387979CB-4468-4EDD-A6CD-38E3303CFC92}.Development|Win32.ActiveCfg = Debug|Any CPU
		{387979CB-4468-4EDD-A6CD-38E3303CFC92}.Development|x64.ActiveCfg = Debug|x64
		{387979CB-4468-4EDD-A6CD-38E3303CFC92}.Development|x64.Build.0 = Debug|x64
		{387979CB-4468-4EDD-A6CD-38E3303CFC92}.Development|x86.ActiveCfg = Debug|Any CPU
		{387979CB-4468-4EDD-A6CD-38E3303CFC92}.Release|Any CPU.ActiveCfg = Release|Any CPU
		{387979CB-4468-4EDD-A6CD-38E3303CFC92}.Release|Any CPU.Build.0 = Release|Any CPU
		{387979CB-4468-4EDD-A6CD-38E3303CFC92}.Release|Mixed Platforms.ActiveCfg = Release|Any CPU
		{387979CB-4468-4EDD-A6CD-38E3303CFC92}.Release|Mixed Platforms.Build.0 = Release|Any CPU
		{387979CB-4468-4EDD-A6CD-38E3303CFC92}.Release|Win32.ActiveCfg = Release|Any CPU
		{387979CB-4468-4EDD-A6CD-38E3303CFC92}.Release|x64.ActiveCfg = Release|x64
		{387979CB-4468-4EDD-A6CD-38E3303CFC92}.Release|x86.ActiveCfg = Release|Any CPU
		{36B5C6E2-7E39-4144-9A59-F43ABB4B2463}.Debug|Any CPU.ActiveCfg = Debug|Any CPU
		{36B5C6E2-7E39-4144-9A59-F43ABB4B2463}.Debug|Any CPU.Build.0 = Debug|Any CPU
		{36B5C6E2-7E39-4144-9A59-F43ABB4B2463}.Debug|Any CPU.Deploy.0 = Debug|Any CPU
		{36B5C6E2-7E39-4144-9A59-F43ABB4B2463}.Debug|Mixed Platforms.ActiveCfg = Debug|Any CPU
		{36B5C6E2-7E39-4144-9A59-F43ABB4B2463}.Debug|Mixed Platforms.Build.0 = Debug|Any CPU
		{36B5C6E2-7E39-4144-9A59-F43ABB4B2463}.Debug|Mixed Platforms.Deploy.0 = Debug|Any CPU
		{36B5C6E2-7E39-4144-9A59-F43ABB4B2463}.Debug|Win32.ActiveCfg = Debug|Any CPU
		{36B5C6E2-7E39-4144-9A59-F43ABB4B2463}.Debug|x64.ActiveCfg = Debug|x64
		{36B5C6E2-7E39-4144-9A59-F43ABB4B2463}.Debug|x64.Build.0 = Debug|x64
		{36B5C6E2-7E39-4144-9A59-F43ABB4B2463}.Debug|x86.ActiveCfg = Debug|Any CPU
		{36B5C6E2-7E39-4144-9A59-F43ABB4B2463}.Development|Any CPU.ActiveCfg = Debug|Any CPU
		{36B5C6E2-7E39-4144-9A59-F43ABB4B2463}.Development|Any CPU.Build.0 = Debug|Any CPU
		{36B5C6E2-7E39-4144-9A59-F43ABB4B2463}.Development|Any CPU.Deploy.0 = Debug|Any CPU
		{36B5C6E2-7E39-4144-9A59-F43ABB4B2463}.Development|Mixed Platforms.ActiveCfg = Debug|Any CPU
		{36B5C6E2-7E39-4144-9A59-F43ABB4B2463}.Development|Mixed Platforms.Build.0 = Debug|Any CPU
		{36B5C6E2-7E39-4144-9A59-F43ABB4B2463}.Development|Mixed Platforms.Deploy.0 = Debug|Any CPU
		{36B5C6E2-7E39-4144-9A59-F43ABB4B2463}.Development|Win32.ActiveCfg = Debug|Any CPU
		{36B5C6E2-7E39-4144-9A59-F43ABB4B2463}.Development|x64.ActiveCfg = Debug|Any CPU
		{36B5C6E2-7E39-4144-9A59-F43ABB4B2463}.Development|x86.ActiveCfg = Debug|Any CPU
		{36B5C6E2-7E39-4144-9A59-F43ABB4B2463}.Release|Any CPU.ActiveCfg = Release|Any CPU
		{36B5C6E2-7E39-4144-9A59-F43ABB4B2463}.Release|Any CPU.Build.0 = Release|Any CPU
		{36B5C6E2-7E39-4144-9A59-F43ABB4B2463}.Release|Any CPU.Deploy.0 = Release|Any CPU
		{36B5C6E2-7E39-4144-9A59-F43ABB4B2463}.Release|Mixed Platforms.ActiveCfg = Release|Any CPU
		{36B5C6E2-7E39-4144-9A59-F43ABB4B2463}.Release|Mixed Platforms.Build.0 = Release|Any CPU
		{36B5C6E2-7E39-4144-9A59-F43ABB4B2463}.Release|Mixed Platforms.Deploy.0 = Release|Any CPU
		{36B5C6E2-7E39-4144-9A59-F43ABB4B2463}.Release|Win32.ActiveCfg = Release|Any CPU
		{36B5C6E2-7E39-4144-9A59-F43ABB4B2463}.Release|x64.ActiveCfg = Release|x64
		{36B5C6E2-7E39-4144-9A59-F43ABB4B2463}.Release|x64.Build.0 = Release|x64
		{36B5C6E2-7E39-4144-9A59-F43ABB4B2463}.Release|x86.ActiveCfg = Release|Any CPU
		{6BBF1A65-3D72-4F26-807B-82689E2AA90E}.Debug|Any CPU.ActiveCfg = Debug|Any CPU
		{6BBF1A65-3D72-4F26-807B-82689E2AA90E}.Debug|Any CPU.Build.0 = Debug|Any CPU
		{6BBF1A65-3D72-4F26-807B-82689E2AA90E}.Debug|Mixed Platforms.ActiveCfg = Debug|Any CPU
		{6BBF1A65-3D72-4F26-807B-82689E2AA90E}.Debug|Mixed Platforms.Build.0 = Debug|Any CPU
		{6BBF1A65-3D72-4F26-807B-82689E2AA90E}.Debug|Win32.ActiveCfg = Debug|Any CPU
		{6BBF1A65-3D72-4F26-807B-82689E2AA90E}.Debug|x64.ActiveCfg = Debug|x64
		{6BBF1A65-3D72-4F26-807B-82689E2AA90E}.Debug|x64.Build.0 = Debug|x64
		{6BBF1A65-3D72-4F26-807B-82689E2AA90E}.Debug|x86.ActiveCfg = Debug|Any CPU
		{6BBF1A65-3D72-4F26-807B-82689E2AA90E}.Development|Any CPU.ActiveCfg = Debug|Any CPU
		{6BBF1A65-3D72-4F26-807B-82689E2AA90E}.Development|Any CPU.Build.0 = Debug|Any CPU
		{6BBF1A65-3D72-4F26-807B-82689E2AA90E}.Development|Mixed Platforms.ActiveCfg = Debug|Any CPU
		{6BBF1A65-3D72-4F26-807B-82689E2AA90E}.Development|Mixed Platforms.Build.0 = Debug|Any CPU
		{6BBF1A65-3D72-4F26-807B-82689E2AA90E}.Development|Win32.ActiveCfg = Debug|Any CPU
		{6BBF1A65-3D72-4F26-807B-82689E2AA90E}.Development|x64.ActiveCfg = Debug|x64
		{6BBF1A65-3D72-4F26-807B-82689E2AA90E}.Development|x64.Build.0 = Debug|x64
		{6BBF1A65-3D72-4F26-807B-82689E2AA90E}.Development|x86.ActiveCfg = Debug|Any CPU
		{6BBF1A65-3D72-4F26-807B-82689E2AA90E}.Release|Any CPU.ActiveCfg = Release|Any CPU
		{6BBF1A65-3D72-4F26-807B-82689E2AA90E}.Release|Any CPU.Build.0 = Release|Any CPU
		{6BBF1A65-3D72-4F26-807B-82689E2AA90E}.Release|Mixed Platforms.ActiveCfg = Release|Any CPU
		{6BBF1A65-3D72-4F26-807B-82689E2AA90E}.Release|Mixed Platforms.Build.0 = Release|Any CPU
		{6BBF1A65-3D72-4F26-807B-82689E2AA90E}.Release|Win32.ActiveCfg = Release|Any CPU
		{6BBF1A65-3D72-4F26-807B-82689E2AA90E}.Release|x64.ActiveCfg = Release|x64
		{6BBF1A65-3D72-4F26-807B-82689E2AA90E}.Release|x86.ActiveCfg = Release|Any CPU
		{49B766A1-58E9-4943-A597-1572C4A30030}.Debug|Any CPU.ActiveCfg = Debug|Any CPU
		{49B766A1-58E9-4943-A597-1572C4A30030}.Debug|Any CPU.Build.0 = Debug|Any CPU
		{49B766A1-58E9-4943-A597-1572C4A30030}.Debug|Mixed Platforms.ActiveCfg = Debug|Any CPU
		{49B766A1-58E9-4943-A597-1572C4A30030}.Debug|Mixed Platforms.Build.0 = Debug|Any CPU
		{49B766A1-58E9-4943-A597-1572C4A30030}.Debug|Win32.ActiveCfg = Debug|Any CPU
		{49B766A1-58E9-4943-A597-1572C4A30030}.Debug|x64.ActiveCfg = Debug|x64
		{49B766A1-58E9-4943-A597-1572C4A30030}.Debug|x64.Build.0 = Debug|x64
		{49B766A1-58E9-4943-A597-1572C4A30030}.Debug|x86.ActiveCfg = Debug|Any CPU
		{49B766A1-58E9-4943-A597-1572C4A30030}.Development|Any CPU.ActiveCfg = Debug|Any CPU
		{49B766A1-58E9-4943-A597-1572C4A30030}.Development|Any CPU.Build.0 = Debug|Any CPU
		{49B766A1-58E9-4943-A597-1572C4A30030}.Development|Mixed Platforms.ActiveCfg = Debug|Any CPU
		{49B766A1-58E9-4943-A597-1572C4A30030}.Development|Mixed Platforms.Build.0 = Debug|Any CPU
		{49B766A1-58E9-4943-A597-1572C4A30030}.Development|Win32.ActiveCfg = Debug|Any CPU
		{49B766A1-58E9-4943-A597-1572C4A30030}.Development|x64.ActiveCfg = Debug|x64
		{49B766A1-58E9-4943-A597-1572C4A30030}.Development|x64.Build.0 = Debug|x64
		{49B766A1-58E9-4943-A597-1572C4A30030}.Development|x86.ActiveCfg = Debug|Any CPU
		{49B766A1-58E9-4943-A597-1572C4A30030}.Release|Any CPU.ActiveCfg = Release|Any CPU
		{49B766A1-58E9-4943-A597-1572C4A30030}.Release|Any CPU.Build.0 = Release|Any CPU
		{49B766A1-58E9-4943-A597-1572C4A30030}.Release|Mixed Platforms.ActiveCfg = Release|Any CPU
		{49B766A1-58E9-4943-A597-1572C4A30030}.Release|Mixed Platforms.Build.0 = Release|Any CPU
		{49B766A1-58E9-4943-A597-1572C4A30030}.Release|Win32.ActiveCfg = Release|Any CPU
		{49B766A1-58E9-4943-A597-1572C4A30030}.Release|x64.ActiveCfg = Release|x64
		{49B766A1-58E9-4943-A597-1572C4A30030}.Release|x86.ActiveCfg = Release|Any CPU
		{44513510-2207-420A-AA54-3BC1E0D122F3}.Debug|Any CPU.ActiveCfg = Debug|Any CPU
		{44513510-2207-420A-AA54-3BC1E0D122F3}.Debug|Any CPU.Build.0 = Debug|Any CPU
		{44513510-2207-420A-AA54-3BC1E0D122F3}.Debug|Mixed Platforms.ActiveCfg = Debug|Any CPU
		{44513510-2207-420A-AA54-3BC1E0D122F3}.Debug|Mixed Platforms.Build.0 = Debug|Any CPU
		{44513510-2207-420A-AA54-3BC1E0D122F3}.Debug|Win32.ActiveCfg = Debug|Any CPU
		{44513510-2207-420A-AA54-3BC1E0D122F3}.Debug|Win32.Build.0 = Debug|Any CPU
		{44513510-2207-420A-AA54-3BC1E0D122F3}.Debug|x64.ActiveCfg = Debug|x64
		{44513510-2207-420A-AA54-3BC1E0D122F3}.Debug|x64.Build.0 = Debug|x64
		{44513510-2207-420A-AA54-3BC1E0D122F3}.Debug|x86.ActiveCfg = Debug|Any CPU
		{44513510-2207-420A-AA54-3BC1E0D122F3}.Debug|x86.Build.0 = Debug|Any CPU
		{44513510-2207-420A-AA54-3BC1E0D122F3}.Development|Any CPU.ActiveCfg = Debug|Any CPU
		{44513510-2207-420A-AA54-3BC1E0D122F3}.Development|Any CPU.Build.0 = Debug|Any CPU
		{44513510-2207-420A-AA54-3BC1E0D122F3}.Development|Mixed Platforms.ActiveCfg = Debug|Any CPU
		{44513510-2207-420A-AA54-3BC1E0D122F3}.Development|Mixed Platforms.Build.0 = Debug|Any CPU
		{44513510-2207-420A-AA54-3BC1E0D122F3}.Development|Win32.ActiveCfg = Debug|Any CPU
		{44513510-2207-420A-AA54-3BC1E0D122F3}.Development|Win32.Build.0 = Debug|Any CPU
		{44513510-2207-420A-AA54-3BC1E0D122F3}.Development|x64.ActiveCfg = Debug|Any CPU
		{44513510-2207-420A-AA54-3BC1E0D122F3}.Development|x64.Build.0 = Debug|Any CPU
		{44513510-2207-420A-AA54-3BC1E0D122F3}.Development|x86.ActiveCfg = Debug|Any CPU
		{44513510-2207-420A-AA54-3BC1E0D122F3}.Development|x86.Build.0 = Debug|Any CPU
		{44513510-2207-420A-AA54-3BC1E0D122F3}.Release|Any CPU.ActiveCfg = Release|Any CPU
		{44513510-2207-420A-AA54-3BC1E0D122F3}.Release|Any CPU.Build.0 = Release|Any CPU
		{44513510-2207-420A-AA54-3BC1E0D122F3}.Release|Mixed Platforms.ActiveCfg = Release|Any CPU
		{44513510-2207-420A-AA54-3BC1E0D122F3}.Release|Mixed Platforms.Build.0 = Release|Any CPU
		{44513510-2207-420A-AA54-3BC1E0D122F3}.Release|Win32.ActiveCfg = Release|Any CPU
		{44513510-2207-420A-AA54-3BC1E0D122F3}.Release|Win32.Build.0 = Release|Any CPU
		{44513510-2207-420A-AA54-3BC1E0D122F3}.Release|x64.ActiveCfg = Release|x64
		{44513510-2207-420A-AA54-3BC1E0D122F3}.Release|x64.Build.0 = Release|x64
		{44513510-2207-420A-AA54-3BC1E0D122F3}.Release|x86.ActiveCfg = Release|Any CPU
		{44513510-2207-420A-AA54-3BC1E0D122F3}.Release|x86.Build.0 = Release|Any CPU
	EndGlobalSection
	GlobalSection(SolutionProperties) = preSolution
		HideSolutionNode = FALSE
	EndGlobalSection
	GlobalSection(NestedProjects) = preSolution
		{5D273260-69B2-49ED-8B82-21E0BC9D0778} = {2C5EBDCB-D9AA-4A5B-B6DF-E52974B8BD2C}
		{9DDFE474-0A4C-492C-82B2-C0A850217774} = {2C5EBDCB-D9AA-4A5B-B6DF-E52974B8BD2C}
		{EA325EEA-CB1E-4517-974B-7205C8420198} = {2C5EBDCB-D9AA-4A5B-B6DF-E52974B8BD2C}
		{3E09373E-33C7-4119-9FC9-068A141668E1} = {C18F4048-EE40-400A-9283-3F419EB04BF2}
		{C58CB0F1-E7D4-4445-8414-CA9662E24E4E} = {F198125A-8AA1-4258-9545-6C6C50EAD439}
		{7B6ECA13-1C53-4F4F-9EB5-877D5A7E6356} = {C18F4048-EE40-400A-9283-3F419EB04BF2}
		{CE1A029C-63C1-4B26-BAD9-C62D64DC089E} = {C18F4048-EE40-400A-9283-3F419EB04BF2}
		{D4C765AF-AC85-472D-9549-5D682015A124} = {2C5EBDCB-D9AA-4A5B-B6DF-E52974B8BD2C}
		{C32F57FC-32D0-4853-8145-2645A559BF6B} = {2C5EBDCB-D9AA-4A5B-B6DF-E52974B8BD2C}
		{3B9034D2-15EB-48E7-A5EC-46351458B117} = {5EFB5109-C1EE-4DC6-ACB9-4C16C129D796}
		{640ABD90-29B0-4CEF-99B5-68B0FA9FAC09} = {5EFB5109-C1EE-4DC6-ACB9-4C16C129D796}
		{150B212C-FB52-4A96-8A5C-9B00477875C6} = {5EFB5109-C1EE-4DC6-ACB9-4C16C129D796}
		{40F3E529-C9BC-4C90-BC5B-EFB93E93E3D3} = {5EFB5109-C1EE-4DC6-ACB9-4C16C129D796}
		{E0FD0250-8740-4501-BDCB-13AED3D208CE} = {5EFB5109-C1EE-4DC6-ACB9-4C16C129D796}
		{F198125A-8AA1-4258-9545-6C6C50EAD439} = {C18F4048-EE40-400A-9283-3F419EB04BF2}
		{4AEA9ACD-3C74-4B59-8628-99C708A2F4BD} = {2C5EBDCB-D9AA-4A5B-B6DF-E52974B8BD2C}
		{9C213D37-3249-453F-BA30-460255EA955D} = {DC06D7E3-73A5-415B-8937-E66C64AD7C05}
		{9FE417F8-022C-40E7-9574-BA7014339B6D} = {DC06D7E3-73A5-415B-8937-E66C64AD7C05}
		{56A080A0-CDFF-4888-AC1E-B40F0438929D} = {5EFB5109-C1EE-4DC6-ACB9-4C16C129D796}
		{3E2A2F70-2A98-4645-86AA-B3D8C5D35D58} = {DC06D7E3-73A5-415B-8937-E66C64AD7C05}
		{5579F5EC-3490-4C36-B2C1-BED348951F06} = {DC06D7E3-73A5-415B-8937-E66C64AD7C05}
		{0541F780-7CF5-4DFA-AF3A-7F05005CDEFD} = {DC06D7E3-73A5-415B-8937-E66C64AD7C05}
		{67AF087D-606E-44F4-9396-74BF2AB160E2} = {DC06D7E3-73A5-415B-8937-E66C64AD7C05}
		{1DBAA0AA-A210-44F2-AFD5-BC4E219BC40F} = {DC06D7E3-73A5-415B-8937-E66C64AD7C05}
		{BEA130EC-3920-42F3-AD18-A72231881DBD} = {DC06D7E3-73A5-415B-8937-E66C64AD7C05}
		{D460989F-C801-44DA-B74F-E5187D99F446} = {DC06D7E3-73A5-415B-8937-E66C64AD7C05}
		{387979CB-4468-4EDD-A6CD-38E3303CFC92} = {2579FDB4-410B-488A-986A-FCD52A161761}
		{36B5C6E2-7E39-4144-9A59-F43ABB4B2463} = {2579FDB4-410B-488A-986A-FCD52A161761}
		{6BBF1A65-3D72-4F26-807B-82689E2AA90E} = {DC06D7E3-73A5-415B-8937-E66C64AD7C05}
		{49B766A1-58E9-4943-A597-1572C4A30030} = {DC06D7E3-73A5-415B-8937-E66C64AD7C05}
		{44513510-2207-420A-AA54-3BC1E0D122F3} = {2C5EBDCB-D9AA-4A5B-B6DF-E52974B8BD2C}
	EndGlobalSection
	GlobalSection(TeamFoundationVersionControl) = preSolution
		SccNumberOfProjects = 30
		SccEnterpriseProvider = {4CA58AB2-18FA-4F8D-95D4-32DDF27D184C}
		SccTeamFoundationServer = https://infovision.visualstudio.com/
		SccProjectUniqueName0 = ApproxReductBoosting\\ApproxReductBoosting.csproj
		SccProjectTopLevelParentUniqueName0 = NRough.sln
		SccProjectName0 = ApproxReductBoosting
		SccLocalPath0 = ApproxReductBoosting
		SccProjectUniqueName1 = ApproxReductBoostingCV\\ApproxReductBoostingCV.csproj
		SccProjectTopLevelParentUniqueName1 = NRough.sln
		SccProjectName1 = ApproxReductBoostingCV
		SccLocalPath1 = ApproxReductBoostingCV
		SccProjectUniqueName2 = ExceptionRulesTest\\ExceptionRulesTest.csproj
		SccProjectTopLevelParentUniqueName2 = NRough.sln
		SccProjectName2 = ExceptionRulesTest
		SccLocalPath2 = ExceptionRulesTest
		SccProjectUniqueName3 = DisesorTest\\DisesorTest.csproj
		SccProjectTopLevelParentUniqueName3 = NRough.sln
		SccProjectName3 = DisesorTest
		SccLocalPath3 = DisesorTest
		SccProjectUniqueName4 = DisesorTuning\\DisesorTuning.csproj
		SccProjectTopLevelParentUniqueName4 = NRough.sln
		SccProjectName4 = DisesorTuning
		SccLocalPath4 = DisesorTuning
		SccProjectUniqueName5 = ExceptionRulesTiming\\ExceptionRulesTiming.csproj
		SccProjectTopLevelParentUniqueName5 = NRough.sln
		SccProjectName5 = ExceptionRulesTiming
		SccLocalPath5 = ExceptionRulesTiming
		SccProjectUniqueName6 = VotingVsRuleInduction\\VotingVsRuleInduction.csproj
		SccProjectTopLevelParentUniqueName6 = NRough.sln
		SccProjectName6 = VotingVsRuleInduction
		SccLocalPath6 = VotingVsRuleInduction
		SccProjectUniqueName7 = DermoReducts\\DermoReducts.csproj
		SccProjectTopLevelParentUniqueName7 = NRough.sln
		SccProjectName7 = DermoReducts
		SccLocalPath7 = DermoReducts
		SccProjectUniqueName8 = MajorityGeneralizedDecisionTest\\MajorityGeneralizedDecisionTest.csproj
		SccProjectTopLevelParentUniqueName8 = NRough.sln
		SccProjectName8 = MajorityGeneralizedDecisionTest
		SccLocalPath8 = MajorityGeneralizedDecisionTest
		SccProjectUniqueName9 = LoadSQLRoughsetDB\\LoadSQLRoughsetDB.csproj
		SccProjectTopLevelParentUniqueName9 = NRough.sln
		SccProjectName9 = LoadSQLRoughsetDB
		SccLocalPath9 = LoadSQLRoughsetDB
		SccProjectUniqueName10 = RoughDB\\RoughDB.sqlproj
		SccProjectTopLevelParentUniqueName10 = NRough.sln
		SccProjectName10 = RoughDB
		SccLocalPath10 = RoughDB
		SccProjectUniqueName11 = MRIExceptions\\MRIExceptions.csproj
		SccProjectTopLevelParentUniqueName11 = NRough.sln
		SccProjectName11 = MRIExceptions
		SccLocalPath11 = MRIExceptions
		SccProjectUniqueName12 = DecisionForestTest\\DecisionForestTest.csproj
		SccProjectTopLevelParentUniqueName12 = NRough.sln
		SccProjectName12 = DecisionForestTest
		SccLocalPath12 = DecisionForestTest
		SccProjectUniqueName13 = NRough.Math\\NRough.Math.csproj
		SccProjectName13 = NRough.Math
		SccLocalPath13 = NRough.Math
		SccProjectUniqueName14 = NRough.Core\\NRough.Core.csproj
		SccProjectName14 = NRough.Core
		SccLocalPath14 = NRough.Core
		SccProjectUniqueName15 = NRough.Data\\NRough.Data.csproj
		SccProjectName15 = NRough.Data
		SccLocalPath15 = NRough.Data
		SccProjectUniqueName16 = NRough.MachineLearning\\NRough.MachineLearning.csproj
		SccProjectName16 = NRough.MachineLearning
		SccLocalPath16 = NRough.MachineLearning
		SccProjectUniqueName17 = Infovision.Datamining.Experimenter\\NRough.MachineLearning.Experimenter.csproj
		SccProjectName17 = Infovision.Datamining.Experimenter
		SccLocalPath17 = Infovision.Datamining.Experimenter
		SccProjectUniqueName18 = Infovision.UnitTest.Runner\\NRough.UnitTest.Runner.csproj
		SccProjectTopLevelParentUniqueName18 = NRough.sln
		SccProjectName18 = Infovision.UnitTest.Runner
		SccLocalPath18 = Infovision.UnitTest.Runner
		SccProjectUniqueName19 = Infovision.MRI\\NRough.MRI.csproj
		SccProjectTopLevelParentUniqueName19 = NRough.sln
		SccProjectName19 = Infovision.MRI
		SccLocalPath19 = Infovision.MRI
		SccProjectUniqueName20 = Infovision.MRI.DAL\\NRough.MRI.DAL.csproj
		SccProjectTopLevelParentUniqueName20 = NRough.sln
		SccProjectName20 = Infovision.MRI.DAL
		SccLocalPath20 = Infovision.MRI.DAL
		SccProjectUniqueName21 = infovision.MRIFeatureExtractor\\NRough.MRI.UI.csproj
		SccProjectTopLevelParentUniqueName21 = NRough.sln
		SccProjectName21 = infovision.MRIFeatureExtractor
		SccLocalPath21 = infovision.MRIFeatureExtractor
		SccProjectUniqueName22 = Infovision.MRI.UnitTests\\NRough.MRI.Tests.csproj
		SccProjectTopLevelParentUniqueName22 = NRough.sln
		SccProjectName22 = Infovision.MRI.UnitTests
		SccLocalPath22 = Infovision.MRI.UnitTests
		SccProjectUniqueName23 = NRough.Tests.Core\\NRough.Tests.Core.csproj
		SccProjectTopLevelParentUniqueName23 = NRough.sln
		SccProjectName23 =  NRough.Tests.Core
		SccLocalPath23 =  NRough.Tests.Core
		SccProjectUniqueName24 = NRough.Tests.Data\\NRough.Tests.Data.csproj
		SccProjectTopLevelParentUniqueName24 = NRough.sln
		SccProjectName24 = NRough.Tests.Data
		SccLocalPath24 = NRough.Tests.Data
		SccProjectUniqueName25 = Infovision.Datamining.Experimenter.Test\\NRough.Tests.MachineLearning.Experimenter.csproj
		SccProjectTopLevelParentUniqueName25 = NRough.sln
		SccProjectName25 = Infovision.Datamining.Experimenter.Test
		SccLocalPath25 = Infovision.Datamining.Experimenter.Test
		SccProjectUniqueName26 = NRough.Tests.MachineLearning\\NRough.Tests.MachineLearning.csproj
		SccProjectTopLevelParentUniqueName26 = NRough.sln
		SccProjectName26 = NRough.Tests.MachineLearning
		SccLocalPath26 = NRough.Tests.MachineLearning
		SccProjectUniqueName27 = NRough.Tests.Math\\NRough.Tests.Math.csproj
		SccProjectTopLevelParentUniqueName27 = NRough.sln
		SccProjectName27 = NRough.Tests.Math
		SccLocalPath27 = NRough.Tests.Math
		SccProjectUniqueName28 = Infovision.TestAssembly\\NRough.Tests.TestAssembly.csproj
		SccProjectTopLevelParentUniqueName28 = NRough.sln
		SccProjectName28 = Infovision.TestAssembly
		SccLocalPath28 = Infovision.TestAssembly
		SccLocalPath29 = .
	EndGlobalSection
EndGlobal
